<?xml version="1.0" encoding="utf-8"?>
<Project ToolsVersion="4.0" xmlns="http://schemas.microsoft.com/developer/msbuild/2003">
  <ItemGroup>
    <Filter Include="Source">
      <UniqueIdentifier>{6014eada-5c10-4df3-9ed1-09c7ead0b16f}</UniqueIdentifier>
      <Extensions>*.cpp, *.c</Extensions>
    </Filter>
    <Filter Include="Include">
      <UniqueIdentifier>{6a7fa03e-b028-4351-aee3-93f633258c48}</UniqueIdentifier>
      <Extensions>*.hpp, *.h</Extensions>
    </Filter>
  </ItemGroup>
  <ItemGroup>
    <ClCompile Include="Param.cpp">
      <Filter>Source</Filter>
    </ClCompile>
    <ClCompile Include="main.cpp">
      <Filter>Source</Filter>
    </ClCompile>
    <ClCompile Include="version.cpp">
      <Filter>Source</Filter>
    </ClCompile>
  </ItemGroup>
  <ItemGroup>
    <ClInclude Include="Param.hpp">
      <Filter>Include</Filter>
    </ClInclude>
    <ClInclude Include="version.hpp">
      <Filter>Include</Filter>
    </ClInclude>
  </ItemGroup>
  <ItemGroup>
    <CustomBuild Include="breakablesmaker.sc" />
  </ItemGroup>
</Project>