<?xml version="1.0" encoding="utf-8"?>
<Project ToolsVersion="4.0" xmlns="http://schemas.microsoft.com/developer/msbuild/2003">
  <ItemGroup>
    <Filter Include="Source">
      <UniqueIdentifier>{3f67359b-1585-444d-90c9-ebe5bba21128}</UniqueIdentifier>
      <Extensions>*.cpp, *.c</Extensions>
    </Filter>
    <Filter Include="Include">
      <UniqueIdentifier>{c34cd44c-7b57-40a4-bd6e-fc33674a9207}</UniqueIdentifier>
      <Extensions>*.hpp, *.h</Extensions>
    </Filter>
  </ItemGroup>
  <ItemGroup>
    <ClCompile Include="Param.cpp">
      <Filter>Source</Filter>
    </ClCompile>
    <ClCompile Include="main.cpp">
      <Filter>Source</Filter>
    </ClCompile>
    <ClCompile Include="version.cpp">
      <Filter>Source</Filter>
    </ClCompile>
  </ItemGroup>
  <ItemGroup>
    <ClInclude Include="Param.hpp">
      <Filter>Include</Filter>
    </ClInclude>
    <ClInclude Include="version.hpp">
      <Filter>Include</Filter>
    </ClInclude>
  </ItemGroup>
  <ItemGroup>
    <CustomBuild Include="chunkGroup.sc" />
  </ItemGroup>
</Project>