<?xml version="1.0" encoding="utf-8"?>
<Project ToolsVersion="4.0" xmlns="http://schemas.microsoft.com/developer/msbuild/2003">
  <ItemGroup>
    <Filter Include="Source">
      <UniqueIdentifier>{a9b9a2cb-d574-4516-8029-79a508803cf5}</UniqueIdentifier>
      <Extensions>*.cpp, *.c</Extensions>
    </Filter>
    <Filter Include="Include">
      <UniqueIdentifier>{c0818f53-4ab2-4f6a-a14a-199bbdd8ac06}</UniqueIdentifier>
      <Extensions>*.hpp, *.h</Extensions>
    </Filter>
  </ItemGroup>
  <ItemGroup>
    <ClCompile Include="Param.cpp">
      <Filter>Source</Filter>
    </ClCompile>
    <ClCompile Include="main.cpp">
      <Filter>Source</Filter>
    </ClCompile>
    <ClCompile Include="version.cpp">
      <Filter>Source</Filter>
    </ClCompile>
  </ItemGroup>
  <ItemGroup>
    <ClInclude Include="Param.hpp">
      <Filter>Include</Filter>
    </ClInclude>
    <ClInclude Include="version.hpp">
      <Filter>Include</Filter>
    </ClInclude>
  </ItemGroup>
  <ItemGroup>
    <CustomBuild Include="p3dsort.sc" />
  </ItemGroup>
</Project>