Microsoft Visual Studio Solution File, Format Version 7.00
Project("{8BC9CEB8-8B4A-11D0-8D11-00A0C91BC942}") = "FileServer", "FileServer.vcproj", "{D1BF145A-AA07-4F9E-9384-A68E2055D5DE}"
EndProject
Project("{8BC9CEB8-8B4A-11D0-8D11-00A0C91BC942}") = "radcore", "..\..\build\win32\radcore.vcproj", "{0901EC98-8844-477C-95BA-FF5E5DAE21D8}"
EndProject
Global
	GlobalSection(SolutionConfiguration) = preSolution
		ConfigName.0 = Debug
		ConfigName.1 = Release
		ConfigName.2 = Tune
	EndGlobalSection
	GlobalSection(ProjectDependencies) = postSolution
		{D1BF145A-AA07-4F9E-9384-A68E2055D5DE}.0 = {0901EC98-8844-477C-95BA-FF5E5DAE21D8}
	EndGlobalSection
	GlobalSection(ProjectConfiguration) = postSolution
		{D1BF145A-AA07-4F9E-9384-A68E2055D5DE}.Debug.ActiveCfg = Debug|Win32
		{D1BF145A-AA07-4F9E-9384-A68E2055D5DE}.Debug.Build.0 = Debug|Win32
		{D1BF145A-AA07-4F9E-9384-A68E2055D5DE}.Release.ActiveCfg = Release|Win32
		{D1BF145A-AA07-4F9E-9384-A68E2055D5DE}.Release.Build.0 = Release|Win32
		{D1BF145A-AA07-4F9E-9384-A68E2055D5DE}.Tune.ActiveCfg = Debug|Win32
		{D1BF145A-AA07-4F9E-9384-A68E2055D5DE}.Tune.Build.0 = Debug|Win32
		{0901EC98-8844-477C-95BA-FF5E5DAE21D8}.Debug.ActiveCfg = Debug|Win32
		{0901EC98-8844-477C-95BA-FF5E5DAE21D8}.Debug.Build.0 = Debug|Win32
		{0901EC98-8844-477C-95BA-FF5E5DAE21D8}.Release.ActiveCfg = Release|Win32
		{0901EC98-8844-477C-95BA-FF5E5DAE21D8}.Release.Build.0 = Release|Win32
		{0901EC98-8844-477C-95BA-FF5E5DAE21D8}.Tune.ActiveCfg = Tune|Win32
		{0901EC98-8844-477C-95BA-FF5E5DAE21D8}.Tune.Build.0 = Tune|Win32
	EndGlobalSection
	GlobalSection(ExtensibilityGlobals) = postSolution
	EndGlobalSection
	GlobalSection(ExtensibilityAddIns) = postSolution
	EndGlobalSection
EndGlobal
