<?xml version="1.0" encoding="utf-8"?>
<Project ToolsVersion="4.0" xmlns="http://schemas.microsoft.com/developer/msbuild/2003">
  <ItemGroup>
    <Filter Include="Source">
      <UniqueIdentifier>{c476c89d-bcbf-4af6-9b5c-2211589f5f8a}</UniqueIdentifier>
      <Extensions>*.cpp, *.c</Extensions>
    </Filter>
    <Filter Include="Include">
      <UniqueIdentifier>{44573c65-1063-4d7b-ae1a-4c203f836ceb}</UniqueIdentifier>
      <Extensions>*.hpp, *.h</Extensions>
    </Filter>
    <Filter Include="Culling">
      <UniqueIdentifier>{f518fa89-3e4f-4426-b095-617c007da21f}</UniqueIdentifier>
    </Filter>
  </ItemGroup>
  <ItemGroup>
    <ClCompile Include="Param.cpp">
      <Filter>Source</Filter>
    </ClCompile>
    <ClCompile Include="main.cpp">
      <Filter>Source</Filter>
    </ClCompile>
    <ClCompile Include="version.cpp">
      <Filter>Source</Filter>
    </ClCompile>
    <ClCompile Include="Culling\BoxPts.cpp">
      <Filter>Culling</Filter>
    </ClCompile>
    <ClCompile Include="Culling\Cell.cpp">
      <Filter>Culling</Filter>
    </ClCompile>
    <ClCompile Include="Culling\CellBlock.cpp">
      <Filter>Culling</Filter>
    </ClCompile>
    <ClCompile Include="Culling\CoordSubList.cpp">
      <Filter>Culling</Filter>
    </ClCompile>
    <ClCompile Include="Culling\CullData.cpp">
      <Filter>Culling</Filter>
    </ClCompile>
    <ClCompile Include="Culling\HexahedronP.cpp">
      <Filter>Culling</Filter>
    </ClCompile>
    <ClCompile Include="Culling\ISpatialProxy.cpp">
      <Filter>Culling</Filter>
    </ClCompile>
    <ClCompile Include="Culling\OctTreeData.cpp">
      <Filter>Culling</Filter>
    </ClCompile>
    <ClCompile Include="Culling\OctTreeNode.cpp">
      <Filter>Culling</Filter>
    </ClCompile>
    <ClCompile Include="Culling\SphereSP.cpp">
      <Filter>Culling</Filter>
    </ClCompile>
    <ClCompile Include="Culling\VectorLib.cpp">
      <Filter>Culling</Filter>
    </ClCompile>
  </ItemGroup>
  <ItemGroup>
    <ClInclude Include="Param.hpp">
      <Filter>Include</Filter>
    </ClInclude>
    <ClInclude Include="version.hpp">
      <Filter>Include</Filter>
    </ClInclude>
    <ClInclude Include="Culling\BlockCoord.h">
      <Filter>Culling</Filter>
    </ClInclude>
    <ClInclude Include="Culling\Bounds.h">
      <Filter>Culling</Filter>
    </ClInclude>
    <ClInclude Include="Culling\BoxPts.h">
      <Filter>Culling</Filter>
    </ClInclude>
    <ClInclude Include="Culling\Cell.h">
      <Filter>Culling</Filter>
    </ClInclude>
    <ClInclude Include="Culling\CellBlock.h">
      <Filter>Culling</Filter>
    </ClInclude>
    <ClInclude Include="Culling\ContiguousBinNode.h">
      <Filter>Culling</Filter>
    </ClInclude>
    <ClInclude Include="Culling\CoordSubList.h">
      <Filter>Culling</Filter>
    </ClInclude>
    <ClInclude Include="Culling\CullData.h">
      <Filter>Culling</Filter>
    </ClInclude>
    <ClInclude Include="Culling\FixedArray.h">
      <Filter>Culling</Filter>
    </ClInclude>
    <ClInclude Include="Culling\FloatFuncs.h">
      <Filter>Culling</Filter>
    </ClInclude>
    <ClInclude Include="Culling\HexahedronP.h">
      <Filter>Culling</Filter>
    </ClInclude>
    <ClInclude Include="Culling\ISpatialProxy.h">
      <Filter>Culling</Filter>
    </ClInclude>
    <ClInclude Include="Culling\Matrix3f.h">
      <Filter>Culling</Filter>
    </ClInclude>
    <ClInclude Include="Culling\OctTreeConst.h">
      <Filter>Culling</Filter>
    </ClInclude>
    <ClInclude Include="Culling\OctTreeData.h">
      <Filter>Culling</Filter>
    </ClInclude>
    <ClInclude Include="Culling\OctTreeNode.h">
      <Filter>Culling</Filter>
    </ClInclude>
    <ClInclude Include="Culling\OctTreeParams.h">
      <Filter>Culling</Filter>
    </ClInclude>
    <ClInclude Include="Culling\Plane3f.h">
      <Filter>Culling</Filter>
    </ClInclude>
    <ClInclude Include="Culling\Point3f.h">
      <Filter>Culling</Filter>
    </ClInclude>
    <ClInclude Include="Culling\ReserveArray.h">
      <Filter>Culling</Filter>
    </ClInclude>
    <ClInclude Include="Culling\ScratchArray.h">
      <Filter>Culling</Filter>
    </ClInclude>
    <ClInclude Include="Culling\SpatialNode.h">
      <Filter>Culling</Filter>
    </ClInclude>
    <ClInclude Include="Culling\SpatialTree.h">
      <Filter>Culling</Filter>
    </ClInclude>
    <ClInclude Include="Culling\SpatialTreeFactory.h">
      <Filter>Culling</Filter>
    </ClInclude>
    <ClInclude Include="Culling\SpatialTreeIter.h">
      <Filter>Culling</Filter>
    </ClInclude>
    <ClInclude Include="Culling\SphereSP.h">
      <Filter>Culling</Filter>
    </ClInclude>
    <ClInclude Include="Culling\UseArray.h">
      <Filter>Culling</Filter>
    </ClInclude>
    <ClInclude Include="Culling\Vector3f.h">
      <Filter>Culling</Filter>
    </ClInclude>
    <ClInclude Include="Culling\Vector3i.h">
      <Filter>Culling</Filter>
    </ClInclude>
    <ClInclude Include="Culling\VectorLib.h">
      <Filter>Culling</Filter>
    </ClInclude>
    <ClInclude Include="Culling\srrRenderTypes.h">
      <Filter>Culling</Filter>
    </ClInclude>
  </ItemGroup>
  <ItemGroup>
    <CustomBuild Include="p3dgendsg.sc" />
  </ItemGroup>
</Project>