Microsoft Visual Studio Solution File, Format Version 7.00
Project("{8BC9CEB8-8B4A-11D0-8D11-00A0C91BC942}") = "PEAddr2LineExe", "exe\PEAddr2LineExe.vcproj", "{FDE960FE-9FD3-4CDF-9EE1-59208B952F2E}"
EndProject
Project("{8BC9CEB8-8B4A-11D0-8D11-00A0C91BC942}") = "PEAddr2LineLib", "lib\PEAddr2LineLib.vcproj", "{1BD9B331-E5AE-4BFA-ABC2-EDEEBC042E70}"
EndProject
Global
	GlobalSection(SourceCodeControl) = preSolution
		SccNumberOfProjects = 2
		SccProjectUniqueName0 = exe\\PEAddr2LineExe.vcproj
		SccProjectName0 = PEAddr2LineExe
		SccLocalPath0 = .
		SccProvider0 = MSSCCI:Perforce\u0020SCM
		CanCheckoutShared = true
		SccProjectFilePathRelativizedFromConnection0 = exe\\
		SccProjectUniqueName1 = lib\\PEAddr2LineLib.vcproj
		SccProjectName1 = PEAddr2LineLib
		SccLocalPath1 = lib
		SccProvider1 = MSSCCI:Perforce\u0020SCM
		CanCheckoutShared = true
	EndGlobalSection
	GlobalSection(SolutionConfiguration) = preSolution
		ConfigName.0 = Debug
		ConfigName.1 = Release
		ConfigName.2 = Tune
	EndGlobalSection
	GlobalSection(ProjectDependencies) = postSolution
		{FDE960FE-9FD3-4CDF-9EE1-59208B952F2E}.0 = {1BD9B331-E5AE-4BFA-ABC2-EDEEBC042E70}
	EndGlobalSection
	GlobalSection(ProjectConfiguration) = postSolution
		{FDE960FE-9FD3-4CDF-9EE1-59208B952F2E}.Debug.ActiveCfg = Debug|Win32
		{FDE960FE-9FD3-4CDF-9EE1-59208B952F2E}.Debug.Build.0 = Debug|Win32
		{FDE960FE-9FD3-4CDF-9EE1-59208B952F2E}.Release.ActiveCfg = Release|Win32
		{FDE960FE-9FD3-4CDF-9EE1-59208B952F2E}.Release.Build.0 = Release|Win32
		{FDE960FE-9FD3-4CDF-9EE1-59208B952F2E}.Tune.ActiveCfg = Debug|Win32
		{FDE960FE-9FD3-4CDF-9EE1-59208B952F2E}.Tune.Build.0 = Debug|Win32
		{1BD9B331-E5AE-4BFA-ABC2-EDEEBC042E70}.Debug.ActiveCfg = Debug|Win32
		{1BD9B331-E5AE-4BFA-ABC2-EDEEBC042E70}.Debug.Build.0 = Debug|Win32
		{1BD9B331-E5AE-4BFA-ABC2-EDEEBC042E70}.Release.ActiveCfg = Release|Win32
		{1BD9B331-E5AE-4BFA-ABC2-EDEEBC042E70}.Release.Build.0 = Release|Win32
		{1BD9B331-E5AE-4BFA-ABC2-EDEEBC042E70}.Tune.ActiveCfg = Tune|Win32
		{1BD9B331-E5AE-4BFA-ABC2-EDEEBC042E70}.Tune.Build.0 = Tune|Win32
	EndGlobalSection
	GlobalSection(ExtensibilityGlobals) = postSolution
	EndGlobalSection
	GlobalSection(ExtensibilityAddIns) = postSolution
	EndGlobalSection
EndGlobal
