Microsoft Visual Studio Solution File, Format Version 7.00
Project("{8BC9CEB8-8B4A-11D0-8D11-00A0C91BC942}") = "WatchServer", "WatchServer.vcproj", "{71F3A29C-6DCD-4B03-BBAC-5AB09F6B3AA0}"
EndProject
Project("{8BC9CEB8-8B4A-11D0-8D11-00A0C91BC942}") = "radcore", "..\..\build\win32\radcore.vcproj", "{FC6CD23E-B1CC-4191-90FC-2CFBC0629805}"
EndProject
Project("{8BC9CEB8-8B4A-11D0-8D11-00A0C91BC942}") = "guikit", "..\guikit\build\guikit.vcproj", "{C96461C9-900A-478D-9912-BAE386CED92A}"
EndProject
Project("{8BC9CEB8-8B4A-11D0-8D11-00A0C91BC942}") = "radcoreapi", "..\radcoreapi\radcoreapi.vcproj", "{83583D86-9060-4387-BE99-631C52909EE3}"
EndProject
Global
	GlobalSection(SourceCodeControl) = preSolution
		SccNumberOfProjects = 2
		SccProjectUniqueName0 = WatchServer.vcproj
		SccProjectName0 = WatchServer
		SccLocalPath0 = .
		SccProvider0 = MSSCCI:Perforce\u0020SCM
		CanCheckoutShared = true
		SccProjectUniqueName1 = ..\\..\\build\\win32\\radcore.vcproj
		SccProjectName1 = radcore
		SccLocalPath1 = ..\\..
		SccProvider1 = MSSCCI:Perforce\u0020SCM
		CanCheckoutShared = true
		SccProjectFilePathRelativizedFromConnection1 = build\\win32\\
	EndGlobalSection
	GlobalSection(SolutionConfiguration) = preSolution
		ConfigName.0 = Debug
		ConfigName.1 = Release
		ConfigName.2 = Tune
	EndGlobalSection
	GlobalSection(ProjectDependencies) = postSolution
		{71F3A29C-6DCD-4B03-BBAC-5AB09F6B3AA0}.0 = {83583D86-9060-4387-BE99-631C52909EE3}
		{71F3A29C-6DCD-4B03-BBAC-5AB09F6B3AA0}.1 = {C96461C9-900A-478D-9912-BAE386CED92A}
		{C96461C9-900A-478D-9912-BAE386CED92A}.0 = {83583D86-9060-4387-BE99-631C52909EE3}
		{83583D86-9060-4387-BE99-631C52909EE3}.0 = {FC6CD23E-B1CC-4191-90FC-2CFBC0629805}
	EndGlobalSection
	GlobalSection(ProjectConfiguration) = postSolution
		{71F3A29C-6DCD-4B03-BBAC-5AB09F6B3AA0}.Debug.ActiveCfg = Debug|Win32
		{71F3A29C-6DCD-4B03-BBAC-5AB09F6B3AA0}.Debug.Build.0 = Debug|Win32
		{71F3A29C-6DCD-4B03-BBAC-5AB09F6B3AA0}.Release.ActiveCfg = Release|Win32
		{71F3A29C-6DCD-4B03-BBAC-5AB09F6B3AA0}.Release.Build.0 = Release|Win32
		{71F3A29C-6DCD-4B03-BBAC-5AB09F6B3AA0}.Tune.ActiveCfg = Tune|Win32
		{71F3A29C-6DCD-4B03-BBAC-5AB09F6B3AA0}.Tune.Build.0 = Tune|Win32
		{FC6CD23E-B1CC-4191-90FC-2CFBC0629805}.Debug.ActiveCfg = Debug|Win32
		{FC6CD23E-B1CC-4191-90FC-2CFBC0629805}.Debug.Build.0 = Debug|Win32
		{FC6CD23E-B1CC-4191-90FC-2CFBC0629805}.Release.ActiveCfg = Release|Win32
		{FC6CD23E-B1CC-4191-90FC-2CFBC0629805}.Release.Build.0 = Release|Win32
		{FC6CD23E-B1CC-4191-90FC-2CFBC0629805}.Tune.ActiveCfg = Tune|Win32
		{FC6CD23E-B1CC-4191-90FC-2CFBC0629805}.Tune.Build.0 = Tune|Win32
		{C96461C9-900A-478D-9912-BAE386CED92A}.Debug.ActiveCfg = Debug|Win32
		{C96461C9-900A-478D-9912-BAE386CED92A}.Debug.Build.0 = Debug|Win32
		{C96461C9-900A-478D-9912-BAE386CED92A}.Release.ActiveCfg = Release|Win32
		{C96461C9-900A-478D-9912-BAE386CED92A}.Release.Build.0 = Release|Win32
		{C96461C9-900A-478D-9912-BAE386CED92A}.Tune.ActiveCfg = Tune|Win32
		{C96461C9-900A-478D-9912-BAE386CED92A}.Tune.Build.0 = Tune|Win32
		{83583D86-9060-4387-BE99-631C52909EE3}.Debug.ActiveCfg = Debug|Win32
		{83583D86-9060-4387-BE99-631C52909EE3}.Debug.Build.0 = Debug|Win32
		{83583D86-9060-4387-BE99-631C52909EE3}.Release.ActiveCfg = Release|Win32
		{83583D86-9060-4387-BE99-631C52909EE3}.Release.Build.0 = Release|Win32
		{83583D86-9060-4387-BE99-631C52909EE3}.Tune.ActiveCfg = Tune|Win32
		{83583D86-9060-4387-BE99-631C52909EE3}.Tune.Build.0 = Tune|Win32
	EndGlobalSection
	GlobalSection(ExtensibilityGlobals) = postSolution
	EndGlobalSection
	GlobalSection(ExtensibilityAddIns) = postSolution
	EndGlobalSection
EndGlobal
