<?xml version="1.0" encoding="utf-8"?>
<Project ToolsVersion="4.0" xmlns="http://schemas.microsoft.com/developer/msbuild/2003">
  <ItemGroup>
    <Filter Include="inc">
      <UniqueIdentifier>{3a3edc69-c3e4-4799-9226-e8058cb6f2a9}</UniqueIdentifier>
      <Extensions>*.h,*.hpp</Extensions>
    </Filter>
    <Filter Include="src">
      <UniqueIdentifier>{846d2056-ae47-448b-ae72-89bb1f4ad574}</UniqueIdentifier>
      <Extensions>*.c,*.cpp</Extensions>
    </Filter>
    <Filter Include="chunk16inc">
      <UniqueIdentifier>{51115ce6-3c25-46cf-b38a-c6c57a79e08b}</UniqueIdentifier>
      <Extensions>*.h,*.hpp</Extensions>
    </Filter>
    <Filter Include="chunk16inc\chunkinc">
      <UniqueIdentifier>{0edf1f1b-79a3-4c5b-9fc1-e0ffa14f584c}</UniqueIdentifier>
    </Filter>
    <Filter Include="chunk16src">
      <UniqueIdentifier>{124a9354-11ec-4c9f-987f-fe5caa6311ff}</UniqueIdentifier>
      <Extensions>*.cpp,*.c</Extensions>
    </Filter>
    <Filter Include="chunk16src\chunksrc">
      <UniqueIdentifier>{3d197423-1f7c-4f96-8c0f-67f2b3e76239}</UniqueIdentifier>
    </Filter>
    <Filter Include="chunks16">
      <UniqueIdentifier>{70075493-edc6-46a3-a7cb-d95ecb166b5d}</UniqueIdentifier>
      <Extensions>*.sc</Extensions>
    </Filter>
    <Filter Include="chunks16\chunks">
      <UniqueIdentifier>{b6a2d929-a9fa-4864-8942-c2297e96090d}</UniqueIdentifier>
    </Filter>
    <Filter Include="constants">
      <UniqueIdentifier>{0d6a8922-ce40-4073-a0f3-607b9d21d41e}</UniqueIdentifier>
    </Filter>
    <Filter Include="libinc">
      <UniqueIdentifier>{454095a0-ceec-4a50-adaa-78682a7a214c}</UniqueIdentifier>
      <Extensions>*.hpp</Extensions>
    </Filter>
  </ItemGroup>
  <ItemGroup>
    <ClInclude Include="inc\ChunkManip.hpp">
      <Filter>inc</Filter>
    </ClInclude>
    <ClInclude Include="inc\DataManip.hpp">
      <Filter>inc</Filter>
    </ClInclude>
    <ClInclude Include="inc\dospath.hpp">
      <Filter>inc</Filter>
    </ClInclude>
    <ClInclude Include="inc\getopt.h">
      <Filter>inc</Filter>
    </ClInclude>
    <ClInclude Include="inc\glob.hpp">
      <Filter>inc</Filter>
    </ClInclude>
    <ClInclude Include="inc\greyscale.hpp">
      <Filter>inc</Filter>
    </ClInclude>
    <ClInclude Include="inc\hash.hpp">
      <Filter>inc</Filter>
    </ClInclude>
    <ClInclude Include="inc\lzr.hpp">
      <Filter>inc</Filter>
    </ClInclude>
    <ClInclude Include="inc\lzrf.hpp">
      <Filter>inc</Filter>
    </ClInclude>
    <ClInclude Include="..\pddi\ps2\packet.hpp">
      <Filter>inc</Filter>
    </ClInclude>
    <ClInclude Include="inc\porc.hpp">
      <Filter>inc</Filter>
    </ClInclude>
    <ClInclude Include="..\pddi\ps2\ps2prim.hpp">
      <Filter>inc</Filter>
    </ClInclude>
    <ClInclude Include="..\pddi\ps2\quad-vu\regmap.h">
      <Filter>inc</Filter>
    </ClInclude>
    <ClInclude Include="inc\simdata.hpp">
      <Filter>inc</Filter>
    </ClInclude>
    <ClInclude Include="inc\tlAdjEdgeList.hpp">
      <Filter>inc</Filter>
    </ClInclude>
    <ClInclude Include="inc\tlAdjFaceList.hpp">
      <Filter>inc</Filter>
    </ClInclude>
    <ClInclude Include="inc\tlAnimatedObject.hpp">
      <Filter>inc</Filter>
    </ClInclude>
    <ClInclude Include="inc\tlAnimation.hpp">
      <Filter>inc</Filter>
    </ClInclude>
    <ClInclude Include="inc\tlBSPTree.hpp">
      <Filter>inc</Filter>
    </ClInclude>
    <ClInclude Include="inc\tlBillboardObject.hpp">
      <Filter>inc</Filter>
    </ClInclude>
    <ClInclude Include="inc\tlBillboardObjectAnim.hpp">
      <Filter>inc</Filter>
    </ClInclude>
    <ClInclude Include="inc\tlBox.hpp">
      <Filter>inc</Filter>
    </ClInclude>
    <ClInclude Include="inc\tlBuffer.hpp">
      <Filter>inc</Filter>
    </ClInclude>
    <ClInclude Include="inc\tlByteStream.hpp">
      <Filter>inc</Filter>
    </ClInclude>
    <ClInclude Include="inc\tlCameraAnim.hpp">
      <Filter>inc</Filter>
    </ClInclude>
    <ClInclude Include="inc\tlChannel.hpp">
      <Filter>inc</Filter>
    </ClInclude>
    <ClInclude Include="inc\tlChunk16.hpp">
      <Filter>inc</Filter>
    </ClInclude>
    <ClInclude Include="inc\tlCollisionObject.hpp">
      <Filter>inc</Filter>
    </ClInclude>
    <ClInclude Include="inc\tlColour.hpp">
      <Filter>inc</Filter>
    </ClInclude>
    <ClInclude Include="inc\tlCompositeDrawable.hpp">
      <Filter>inc</Filter>
    </ClInclude>
    <ClInclude Include="inc\tlCompressedByteStream.hpp">
      <Filter>inc</Filter>
    </ClInclude>
    <ClInclude Include="inc\tlDataChunk.hpp">
      <Filter>inc</Filter>
    </ClInclude>
    <ClInclude Include="inc\tlEdge.hpp">
      <Filter>inc</Filter>
    </ClInclude>
    <ClInclude Include="inc\tlEntity.hpp">
      <Filter>inc</Filter>
    </ClInclude>
    <ClInclude Include="inc\tlEventAnimation.hpp">
      <Filter>inc</Filter>
    </ClInclude>
    <ClInclude Include="inc\tlExportInfo.hpp">
      <Filter>inc</Filter>
    </ClInclude>
    <ClInclude Include="inc\tlExpression.hpp">
      <Filter>inc</Filter>
    </ClInclude>
    <ClInclude Include="inc\tlExpressionAnim.hpp">
      <Filter>inc</Filter>
    </ClInclude>
    <ClInclude Include="inc\tlExpressionOffsets.hpp">
      <Filter>inc</Filter>
    </ClInclude>
    <ClInclude Include="inc\tlFile.hpp">
      <Filter>inc</Filter>
    </ClInclude>
    <ClInclude Include="inc\tlFileByteStream.hpp">
      <Filter>inc</Filter>
    </ClInclude>
    <ClInclude Include="inc\tlFlexibleJoint.hpp">
      <Filter>inc</Filter>
    </ClInclude>
    <ClInclude Include="inc\tlFlexibleObject.hpp">
      <Filter>inc</Filter>
    </ClInclude>
    <ClInclude Include="inc\tlFont.hpp">
      <Filter>inc</Filter>
    </ClInclude>
    <ClInclude Include="inc\tlFourCC.hpp">
      <Filter>inc</Filter>
    </ClInclude>
    <ClInclude Include="inc\tlFrameController.hpp">
      <Filter>inc</Filter>
    </ClInclude>
    <ClInclude Include="inc\tlGCComponentQuantizer.hpp">
      <Filter>inc</Filter>
    </ClInclude>
    <ClInclude Include="inc\tlGCPrimBuffer.hpp">
      <Filter>inc</Filter>
    </ClInclude>
    <ClInclude Include="inc\tlGameAttr.hpp">
      <Filter>inc</Filter>
    </ClInclude>
    <ClInclude Include="inc\tlHashList.hpp">
      <Filter>inc</Filter>
    </ClInclude>
    <ClInclude Include="inc\tlHashTable.hpp">
      <Filter>inc</Filter>
    </ClInclude>
    <ClInclude Include="inc\tlHeightField.hpp">
      <Filter>inc</Filter>
    </ClInclude>
    <ClInclude Include="inc\tlHistory.hpp">
      <Filter>inc</Filter>
    </ClInclude>
    <ClInclude Include="inc\tlImage.hpp">
      <Filter>inc</Filter>
    </ClInclude>
    <ClInclude Include="inc\tlImageQuantizer.hpp">
      <Filter>inc</Filter>
    </ClInclude>
    <ClInclude Include="inc\tlIndexedSkinVertex.hpp">
      <Filter>inc</Filter>
    </ClInclude>
    <ClInclude Include="inc\tlIndexedVertex.hpp">
      <Filter>inc</Filter>
    </ClInclude>
    <ClInclude Include="inc\tlIterator.hpp">
      <Filter>inc</Filter>
    </ClInclude>
    <ClInclude Include="inc\tlKeyDefs.hpp">
      <Filter>inc</Filter>
    </ClInclude>
    <ClInclude Include="inc\tlLight.hpp">
      <Filter>inc</Filter>
    </ClInclude>
    <ClInclude Include="inc\tlLightAnim.hpp">
      <Filter>inc</Filter>
    </ClInclude>
    <ClInclude Include="inc\tlLightGroup.hpp">
      <Filter>inc</Filter>
    </ClInclude>
    <ClInclude Include="inc\tlLightmap.hpp">
      <Filter>inc</Filter>
    </ClInclude>
    <ClInclude Include="inc\tlLoadManager.hpp">
      <Filter>inc</Filter>
    </ClInclude>
    <ClInclude Include="inc\tlLocator.hpp">
      <Filter>inc</Filter>
    </ClInclude>
    <ClInclude Include="inc\tlMatrix.hpp">
      <Filter>inc</Filter>
    </ClInclude>
    <ClInclude Include="inc\tlMemByteStream.hpp">
      <Filter>inc</Filter>
    </ClInclude>
    <ClInclude Include="inc\tlMultiController.hpp">
      <Filter>inc</Filter>
    </ClInclude>
    <ClInclude Include="inc\tlOffsetList.hpp">
      <Filter>inc</Filter>
    </ClInclude>
    <ClInclude Include="inc\tlOffsetSkinVertex.hpp">
      <Filter>inc</Filter>
    </ClInclude>
    <ClInclude Include="inc\tlOpticEffect.hpp">
      <Filter>inc</Filter>
    </ClInclude>
    <ClInclude Include="inc\tlPDDI.hpp">
      <Filter>inc</Filter>
    </ClInclude>
    <ClInclude Include="inc\tlPS2PrimBuffer.hpp">
      <Filter>inc</Filter>
    </ClInclude>
    <ClInclude Include="inc\tlParticleSystem.hpp">
      <Filter>inc</Filter>
    </ClInclude>
    <ClInclude Include="inc\tlPhotonMap.hpp">
      <Filter>inc</Filter>
    </ClInclude>
    <ClInclude Include="inc\tlPhysicsObject.hpp">
      <Filter>inc</Filter>
    </ClInclude>
    <ClInclude Include="inc\tlPlane.hpp">
      <Filter>inc</Filter>
    </ClInclude>
    <ClInclude Include="inc\tlPoint.hpp">
      <Filter>inc</Filter>
    </ClInclude>
    <ClInclude Include="inc\tlPose.hpp">
      <Filter>inc</Filter>
    </ClInclude>
    <ClInclude Include="inc\tlPoseAnim.hpp">
      <Filter>inc</Filter>
    </ClInclude>
    <ClInclude Include="inc\tlPrimBuffer.hpp">
      <Filter>inc</Filter>
    </ClInclude>
    <ClInclude Include="inc\tlPrimGroup.hpp">
      <Filter>inc</Filter>
    </ClInclude>
    <ClInclude Include="inc\tlPrimGroupMesh.hpp">
      <Filter>inc</Filter>
    </ClInclude>
    <ClInclude Include="inc\tlQuat.hpp">
      <Filter>inc</Filter>
    </ClInclude>
    <ClInclude Include="inc\tlRC.hpp">
      <Filter>inc</Filter>
    </ClInclude>
    <ClInclude Include="inc\tlRay.hpp">
      <Filter>inc</Filter>
    </ClInclude>
    <ClInclude Include="inc\tlSafeEntityCaster.hpp">
      <Filter>inc</Filter>
    </ClInclude>
    <ClInclude Include="inc\tlScenegraph.hpp">
      <Filter>inc</Filter>
    </ClInclude>
    <ClInclude Include="inc\tlScenegraphTransformAnim.hpp">
      <Filter>inc</Filter>
    </ClInclude>
    <ClInclude Include="inc\tlSegment.hpp">
      <Filter>inc</Filter>
    </ClInclude>
    <ClInclude Include="inc\tlShader.hpp">
      <Filter>inc</Filter>
    </ClInclude>
    <ClInclude Include="inc\tlShaderAnim.hpp">
      <Filter>inc</Filter>
    </ClInclude>
    <ClInclude Include="inc\tlSimpleShader.hpp">
      <Filter>inc</Filter>
    </ClInclude>
    <ClInclude Include="inc\tlSkeleton.hpp">
      <Filter>inc</Filter>
    </ClInclude>
    <ClInclude Include="inc\tlSkin.hpp">
      <Filter>inc</Filter>
    </ClInclude>
    <ClInclude Include="inc\tlSkinVertex.hpp">
      <Filter>inc</Filter>
    </ClInclude>
    <ClInclude Include="inc\tlSphere.hpp">
      <Filter>inc</Filter>
    </ClInclude>
    <ClInclude Include="inc\tlSprite.hpp">
      <Filter>inc</Filter>
    </ClInclude>
    <ClInclude Include="inc\tlString.hpp">
      <Filter>inc</Filter>
    </ClInclude>
    <ClInclude Include="inc\tlStringTable.hpp">
      <Filter>inc</Filter>
    </ClInclude>
    <ClInclude Include="inc\tlTable.hpp">
      <Filter>inc</Filter>
    </ClInclude>
    <ClInclude Include="inc\tlTarga.hpp">
      <Filter>inc</Filter>
    </ClInclude>
    <ClInclude Include="inc\tlTextDataParser.hpp">
      <Filter>inc</Filter>
    </ClInclude>
    <ClInclude Include="inc\tlTexture.hpp">
      <Filter>inc</Filter>
    </ClInclude>
    <ClInclude Include="inc\tlTextureAnim.hpp">
      <Filter>inc</Filter>
    </ClInclude>
    <ClInclude Include="inc\tlTranAnimKeys.hpp">
      <Filter>inc</Filter>
    </ClInclude>
    <ClInclude Include="inc\tlTriMesh.hpp">
      <Filter>inc</Filter>
    </ClInclude>
    <ClInclude Include="inc\tlTriMeshIntersect.hpp">
      <Filter>inc</Filter>
    </ClInclude>
    <ClInclude Include="inc\tlTriangle.hpp">
      <Filter>inc</Filter>
    </ClInclude>
    <ClInclude Include="inc\tlTriangleFactory.hpp">
      <Filter>inc</Filter>
    </ClInclude>
    <ClInclude Include="inc\tlTriangleIntersect.hpp">
      <Filter>inc</Filter>
    </ClInclude>
    <ClInclude Include="inc\tlTriangleIntersectFactory.hpp">
      <Filter>inc</Filter>
    </ClInclude>
    <ClInclude Include="inc\tlTsEdge.hpp">
      <Filter>inc</Filter>
    </ClInclude>
    <ClInclude Include="inc\tlTsTriangle.hpp">
      <Filter>inc</Filter>
    </ClInclude>
    <ClInclude Include="inc\tlTsTriangleToTriStripConverter.hpp">
      <Filter>inc</Filter>
    </ClInclude>
    <ClInclude Include="inc\tlTsVertexCache.h">
      <Filter>inc</Filter>
    </ClInclude>
    <ClInclude Include="inc\tlTsVertexConnectivity.hpp">
      <Filter>inc</Filter>
    </ClInclude>
    <ClInclude Include="inc\tlTypes.hpp">
      <Filter>inc</Filter>
    </ClInclude>
    <ClInclude Include="inc\tlUV.hpp">
      <Filter>inc</Filter>
    </ClInclude>
    <ClInclude Include="inc\tlVertex.hpp">
      <Filter>inc</Filter>
    </ClInclude>
    <ClInclude Include="inc\tlVertexAnim.hpp">
      <Filter>inc</Filter>
    </ClInclude>
    <ClInclude Include="inc\tlVertexAnimKey.hpp">
      <Filter>inc</Filter>
    </ClInclude>
    <ClInclude Include="inc\tlVisAnim.hpp">
      <Filter>inc</Filter>
    </ClInclude>
    <ClInclude Include="inc\tlXBOXPrimBuffer.hpp">
      <Filter>inc</Filter>
    </ClInclude>
    <ClInclude Include="inc\tlcamera.hpp">
      <Filter>inc</Filter>
    </ClInclude>
    <ClInclude Include="inc\tlentitytable.hpp">
      <Filter>inc</Filter>
    </ClInclude>
    <ClInclude Include="inc\tlinventory.hpp">
      <Filter>inc</Filter>
    </ClInclude>
    <ClInclude Include="inc\toollib.hpp">
      <Filter>inc</Filter>
    </ClInclude>
    <ClInclude Include="chunks16\inc\tlCameraAnimChunk16.hpp">
      <Filter>chunk16inc</Filter>
    </ClInclude>
    <ClInclude Include="chunks16\inc\tlCameraChunk16.hpp">
      <Filter>chunk16inc</Filter>
    </ClInclude>
    <ClInclude Include="chunks16\inc\tlCompositeDrawableChunk16.hpp">
      <Filter>chunk16inc</Filter>
    </ClInclude>
    <ClInclude Include="chunks16\inc\tlEntityChannelChunk16.hpp">
      <Filter>chunk16inc</Filter>
    </ClInclude>
    <ClInclude Include="chunks16\inc\tlExportInfoChunk16.hpp">
      <Filter>chunk16inc</Filter>
    </ClInclude>
    <ClInclude Include="chunks16\inc\tlExpressionAnimChunk16.hpp">
      <Filter>chunk16inc</Filter>
    </ClInclude>
    <ClInclude Include="chunks16\inc\tlFrameControllerChunk16.hpp">
      <Filter>chunk16inc</Filter>
    </ClInclude>
    <ClInclude Include="chunks16\inc\tlHistoryChunk16.hpp">
      <Filter>chunk16inc</Filter>
    </ClInclude>
    <ClInclude Include="chunks16\inc\tlLightAnimChunk16.hpp">
      <Filter>chunk16inc</Filter>
    </ClInclude>
    <ClInclude Include="chunks16\inc\tlLightGroupChunk16.hpp">
      <Filter>chunk16inc</Filter>
    </ClInclude>
    <ClInclude Include="chunks16\inc\tlMultiControllerChunk16.hpp">
      <Filter>chunk16inc</Filter>
    </ClInclude>
    <ClInclude Include="chunks16\inc\tlPoseAnimChunk16.hpp">
      <Filter>chunk16inc</Filter>
    </ClInclude>
    <ClInclude Include="chunks16\inc\tlScenegraphTransformAnimChunk16.hpp">
      <Filter>chunk16inc</Filter>
    </ClInclude>
    <ClInclude Include="chunks16\inc\tlSkeletonChunk16.hpp">
      <Filter>chunk16inc</Filter>
    </ClInclude>
    <ClInclude Include="chunks16\inc\tlTextureAnimChunk16.hpp">
      <Filter>chunk16inc</Filter>
    </ClInclude>
    <ClInclude Include="chunks16\inc\tlVertexAnimChunk16.hpp">
      <Filter>chunk16inc</Filter>
    </ClInclude>
    <ClInclude Include="chunks16\inc\tlVertexOffsetExpressionChunk16.hpp">
      <Filter>chunk16inc</Filter>
    </ClInclude>
    <ClInclude Include="chunks16\inc\tlVisibilityAnimChunk16.hpp">
      <Filter>chunk16inc</Filter>
    </ClInclude>
    <ClInclude Include="chunks16\inc\tlAnimCollDSGChunk.hpp">
      <Filter>chunk16inc\chunkinc</Filter>
    </ClInclude>
    <ClInclude Include="chunks16\inc\tlAnimDSGChunk.hpp">
      <Filter>chunk16inc\chunkinc</Filter>
    </ClInclude>
    <ClInclude Include="chunks16\inc\tlAnimDSGWrapper.hpp">
      <Filter>chunk16inc\chunkinc</Filter>
    </ClInclude>
    <ClInclude Include="chunks16\inc\tlAnimObjDSGWrapperChunk.hpp">
      <Filter>chunk16inc\chunkinc</Filter>
    </ClInclude>
    <ClInclude Include="chunks16\inc\tlAnimatedObjectChunk.hpp">
      <Filter>chunk16inc\chunkinc</Filter>
    </ClInclude>
    <ClInclude Include="chunks16\inc\tlAnimationChunk.hpp">
      <Filter>chunk16inc\chunkinc</Filter>
    </ClInclude>
    <ClInclude Include="chunks16\inc\tlAttributeTableChunk.hpp">
      <Filter>chunk16inc\chunkinc</Filter>
    </ClInclude>
    <ClInclude Include="chunks16\inc\tlBBoxChunk.hpp">
      <Filter>chunk16inc\chunkinc</Filter>
    </ClInclude>
    <ClInclude Include="chunks16\inc\tlBSphereChunk.hpp">
      <Filter>chunk16inc\chunkinc</Filter>
    </ClInclude>
    <ClInclude Include="chunks16\inc\tlBillboardObjectChunk.hpp">
      <Filter>chunk16inc\chunkinc</Filter>
    </ClInclude>
    <ClInclude Include="chunks16\inc\tlBreakableObjectChunk.hpp">
      <Filter>chunk16inc\chunkinc</Filter>
    </ClInclude>
    <ClInclude Include="chunks16\inc\tlChannelChunk.hpp">
      <Filter>chunk16inc\chunkinc</Filter>
    </ClInclude>
    <ClInclude Include="chunks16\inc\tlCollisionObjectChunk.hpp">
      <Filter>chunk16inc\chunkinc</Filter>
    </ClInclude>
    <ClInclude Include="chunks16\inc\tlDynaPhysDSGChunk.hpp">
      <Filter>chunk16inc\chunkinc</Filter>
    </ClInclude>
    <ClInclude Include="chunks16\inc\tlEntityDSGChunk.hpp">
      <Filter>chunk16inc\chunkinc</Filter>
    </ClInclude>
    <ClInclude Include="chunks16\inc\tlExpressionChunk.hpp">
      <Filter>chunk16inc\chunkinc</Filter>
    </ClInclude>
    <ClInclude Include="chunks16\inc\tlExtraMatrixChunk.hpp">
      <Filter>chunk16inc\chunkinc</Filter>
    </ClInclude>
    <ClInclude Include="chunks16\inc\tlFenceDSGChunk.hpp">
      <Filter>chunk16inc\chunkinc</Filter>
    </ClInclude>
    <ClInclude Include="chunks16\inc\tlFencelineChunk.hpp">
      <Filter>chunk16inc\chunkinc</Filter>
    </ClInclude>
    <ClInclude Include="chunks16\inc\tlFlexibleJointChunk.hpp">
      <Filter>chunk16inc\chunkinc</Filter>
    </ClInclude>
    <ClInclude Include="chunks16\inc\tlFlexibleObjectChunk.hpp">
      <Filter>chunk16inc\chunkinc</Filter>
    </ClInclude>
    <ClInclude Include="chunks16\inc\tlFollowCamDataChunk.hpp">
      <Filter>chunk16inc\chunkinc</Filter>
    </ClInclude>
    <ClInclude Include="chunks16\inc\tlFontChunk.hpp">
      <Filter>chunk16inc\chunkinc</Filter>
    </ClInclude>
    <ClInclude Include="chunks16\inc\tlFrameControllerChunk.hpp">
      <Filter>chunk16inc\chunkinc</Filter>
    </ClInclude>
    <ClInclude Include="chunks16\inc\tlGameAttrChunk.hpp">
      <Filter>chunk16inc\chunkinc</Filter>
    </ClInclude>
    <ClInclude Include="chunks16\inc\tlImageChunk.hpp">
      <Filter>chunk16inc\chunkinc</Filter>
    </ClInclude>
    <ClInclude Include="chunks16\inc\tlInstAnimDynaPhysDSGChunk.hpp">
      <Filter>chunk16inc\chunkinc</Filter>
    </ClInclude>
    <ClInclude Include="chunks16\inc\tlInstParticleSystemChunk.hpp">
      <Filter>chunk16inc\chunkinc</Filter>
    </ClInclude>
    <ClInclude Include="chunks16\inc\tlInstaEntityDSGChunk.hpp">
      <Filter>chunk16inc\chunkinc</Filter>
    </ClInclude>
    <ClInclude Include="chunks16\inc\tlInstaStaticPhysDSGChunk.hpp">
      <Filter>chunk16inc\chunkinc</Filter>
    </ClInclude>
    <ClInclude Include="chunks16\inc\tlInstancesChunk.hpp">
      <Filter>chunk16inc\chunkinc</Filter>
    </ClInclude>
    <ClInclude Include="chunks16\inc\tlIntersectDSGChunk.hpp">
      <Filter>chunk16inc\chunkinc</Filter>
    </ClInclude>
    <ClInclude Include="chunks16\inc\tlIntersectionChunk.hpp">
      <Filter>chunk16inc\chunkinc</Filter>
    </ClInclude>
    <ClInclude Include="chunks16\inc\tlLensFlareDSGChunk.hpp">
      <Filter>chunk16inc\chunkinc</Filter>
    </ClInclude>
    <ClInclude Include="chunks16\inc\tlLightChunk.hpp">
      <Filter>chunk16inc\chunkinc</Filter>
    </ClInclude>
    <ClInclude Include="chunks16\inc\tlLocatorChunk.hpp">
      <Filter>chunk16inc\chunkinc</Filter>
    </ClInclude>
    <ClInclude Include="chunks16\inc\tlMemorySectionChunk.hpp">
      <Filter>chunk16inc\chunkinc</Filter>
    </ClInclude>
    <ClInclude Include="chunks16\inc\tlMeshChunk.hpp">
      <Filter>chunk16inc\chunkinc</Filter>
    </ClInclude>
    <ClInclude Include="chunks16\inc\tlObjectAttributeChunk.hpp">
      <Filter>chunk16inc\chunkinc</Filter>
    </ClInclude>
    <ClInclude Include="chunks16\inc\tlOpticEffectChunk.hpp">
      <Filter>chunk16inc\chunkinc</Filter>
    </ClInclude>
    <ClInclude Include="chunks16\inc\tlParticleSystemChunk.hpp">
      <Filter>chunk16inc\chunkinc</Filter>
    </ClInclude>
    <ClInclude Include="..\..\..\game\libs\pure3d\toollib\chunks16\inc\tlPedpathChunk.hpp">
      <Filter>chunk16inc\chunkinc</Filter>
    </ClInclude>
    <ClInclude Include="chunks16\inc\tlPhotonMapChunk.hpp">
      <Filter>chunk16inc\chunkinc</Filter>
    </ClInclude>
    <ClInclude Include="chunks16\inc\tlPhysWrapperChunk.hpp">
      <Filter>chunk16inc\chunkinc</Filter>
    </ClInclude>
    <ClInclude Include="chunks16\inc\tlPhysicsObjectChunk.hpp">
      <Filter>chunk16inc\chunkinc</Filter>
    </ClInclude>
    <ClInclude Include="chunks16\inc\tlPrimGroupChunk.hpp">
      <Filter>chunk16inc\chunkinc</Filter>
    </ClInclude>
    <ClInclude Include="chunks16\inc\tlRoadChunk.hpp">
      <Filter>chunk16inc\chunkinc</Filter>
    </ClInclude>
    <ClInclude Include="chunks16\inc\tlRoadSegmentChunk.hpp">
      <Filter>chunk16inc\chunkinc</Filter>
    </ClInclude>
    <ClInclude Include="chunks16\inc\tlRoadSegmentDataChunk.hpp">
      <Filter>chunk16inc\chunkinc</Filter>
    </ClInclude>
    <ClInclude Include="chunks16\inc\tlScenegraphChunk.hpp">
      <Filter>chunk16inc\chunkinc</Filter>
    </ClInclude>
    <ClInclude Include="chunks16\inc\tlScroobyProjectChunk.hpp">
      <Filter>chunk16inc\chunkinc</Filter>
    </ClInclude>
    <ClInclude Include="chunks16\inc\tlSetChunk.hpp">
      <Filter>chunk16inc\chunkinc</Filter>
    </ClInclude>
    <ClInclude Include="chunks16\inc\tlShaderChunk.hpp">
      <Filter>chunk16inc\chunkinc</Filter>
    </ClInclude>
    <ClInclude Include="chunks16\inc\tlShadowSkinChunk.hpp">
      <Filter>chunk16inc\chunkinc</Filter>
    </ClInclude>
    <ClInclude Include="chunks16\inc\tlSkinChunk.hpp">
      <Filter>chunk16inc\chunkinc</Filter>
    </ClInclude>
    <ClInclude Include="chunks16\inc\tlSmartPropChunk.hpp">
      <Filter>chunk16inc\chunkinc</Filter>
    </ClInclude>
    <ClInclude Include="chunks16\inc\tlSpriteChunk.hpp">
      <Filter>chunk16inc\chunkinc</Filter>
    </ClInclude>
    <ClInclude Include="chunks16\inc\tlStaticPhysDSGChunk.hpp">
      <Filter>chunk16inc\chunkinc</Filter>
    </ClInclude>
    <ClInclude Include="chunks16\inc\tlTerrainTypeChunk.hpp">
      <Filter>chunk16inc\chunkinc</Filter>
    </ClInclude>
    <ClInclude Include="chunks16\inc\tlTextureChunk.hpp">
      <Filter>chunk16inc\chunkinc</Filter>
    </ClInclude>
    <ClInclude Include="chunks16\inc\tlTreeDSGChunk.hpp">
      <Filter>chunk16inc\chunkinc</Filter>
    </ClInclude>
    <ClInclude Include="chunks16\inc\tlWBLocatorChunk.hpp">
      <Filter>chunk16inc\chunkinc</Filter>
    </ClInclude>
    <ClInclude Include="chunks16\inc\tlWBRailCamChunk.hpp">
      <Filter>chunk16inc\chunkinc</Filter>
    </ClInclude>
    <ClInclude Include="chunks16\inc\tlWBSplineChunk.hpp">
      <Filter>chunk16inc\chunkinc</Filter>
    </ClInclude>
    <ClInclude Include="chunks16\inc\tlWBTriggerVolumeChunk.hpp">
      <Filter>chunk16inc\chunkinc</Filter>
    </ClInclude>
    <ClInclude Include="chunks16\inc\tlWalkerCamDataChunk.hpp">
      <Filter>chunk16inc\chunkinc</Filter>
    </ClInclude>
    <ClInclude Include="chunks16\inc\tlWallChunk.hpp">
      <Filter>chunk16inc\chunkinc</Filter>
    </ClInclude>
    <ClInclude Include="chunks16\inc\tlWorldSphereDSGChunk.hpp">
      <Filter>chunk16inc\chunkinc</Filter>
    </ClInclude>
    <ClInclude Include="..\constants\atenum.hpp">
      <Filter>constants</Filter>
    </ClInclude>
    <ClInclude Include="..\constants\chunkids.hpp">
      <Filter>constants</Filter>
    </ClInclude>
    <ClInclude Include="..\constants\chunks.h">
      <Filter>constants</Filter>
    </ClInclude>
    <ClInclude Include="..\constants\psenum.hpp">
      <Filter>constants</Filter>
    </ClInclude>
    <ClInclude Include="..\lib\libpng\png.h">
      <Filter>libinc</Filter>
    </ClInclude>
    <ClInclude Include="..\lib\libpng\pngconf.h">
      <Filter>libinc</Filter>
    </ClInclude>
    <ClInclude Include="..\lib\zlib\zconf.h">
      <Filter>libinc</Filter>
    </ClInclude>
    <ClInclude Include="..\lib\zlib\zlib.h">
      <Filter>libinc</Filter>
    </ClInclude>
    <ClInclude Include="..\..\constants\version.hpp" />
  </ItemGroup>
  <ItemGroup>
    <ClCompile Include="src\dospath.cpp">
      <Filter>src</Filter>
    </ClCompile>
    <ClCompile Include="src\getopt.c">
      <Filter>src</Filter>
    </ClCompile>
    <ClCompile Include="src\getopt1.c">
      <Filter>src</Filter>
    </ClCompile>
    <ClCompile Include="src\glob.cpp">
      <Filter>src</Filter>
    </ClCompile>
    <ClCompile Include="src\greyscale.cpp">
      <Filter>src</Filter>
    </ClCompile>
    <ClCompile Include="src\hash.cpp">
      <Filter>src</Filter>
    </ClCompile>
    <ClCompile Include="src\lzr.cpp">
      <Filter>src</Filter>
    </ClCompile>
    <ClCompile Include="src\lzrf.cpp">
      <Filter>src</Filter>
    </ClCompile>
    <ClCompile Include="..\pddi\ps2\packet.cpp">
      <Filter>src</Filter>
    </ClCompile>
    <ClCompile Include="src\porc.cpp">
      <Filter>src</Filter>
    </ClCompile>
    <ClCompile Include="..\pddi\ps2\ps2prim.cpp">
      <Filter>src</Filter>
    </ClCompile>
    <ClCompile Include="src\tlAdjEdgeList.cpp">
      <Filter>src</Filter>
    </ClCompile>
    <ClCompile Include="src\tlAdjFaceList.cpp">
      <Filter>src</Filter>
    </ClCompile>
    <ClCompile Include="src\tlAnimatedObject.cpp">
      <Filter>src</Filter>
    </ClCompile>
    <ClCompile Include="src\tlAnimation.cpp">
      <Filter>src</Filter>
    </ClCompile>
    <ClCompile Include="src\tlBSPTree.cpp">
      <Filter>src</Filter>
    </ClCompile>
    <ClCompile Include="src\tlBillboardObject.cpp">
      <Filter>src</Filter>
    </ClCompile>
    <ClCompile Include="src\tlBillboardObjectAnim.cpp">
      <Filter>src</Filter>
    </ClCompile>
    <ClCompile Include="src\tlBox.cpp">
      <Filter>src</Filter>
    </ClCompile>
    <ClCompile Include="src\tlBuffer.cpp">
      <Filter>src</Filter>
    </ClCompile>
    <ClCompile Include="src\tlByteStream.cpp">
      <Filter>src</Filter>
    </ClCompile>
    <ClCompile Include="src\tlCamera.cpp">
      <Filter>src</Filter>
    </ClCompile>
    <ClCompile Include="src\tlCameraAnim.cpp">
      <Filter>src</Filter>
    </ClCompile>
    <ClCompile Include="src\tlChannel.cpp">
      <Filter>src</Filter>
    </ClCompile>
    <ClCompile Include="src\tlChunk16.cpp">
      <Filter>src</Filter>
    </ClCompile>
    <ClCompile Include="src\tlCollisionObject.cpp">
      <Filter>src</Filter>
    </ClCompile>
    <ClCompile Include="src\tlColour.cpp">
      <Filter>src</Filter>
    </ClCompile>
    <ClCompile Include="src\tlCompositeDrawable.cpp">
      <Filter>src</Filter>
    </ClCompile>
    <ClCompile Include="src\tlCompressedByteStream.cpp">
      <Filter>src</Filter>
    </ClCompile>
    <ClCompile Include="src\tlDataChunk.cpp">
      <Filter>src</Filter>
    </ClCompile>
    <ClCompile Include="src\tlEdge.cpp">
      <Filter>src</Filter>
    </ClCompile>
    <ClCompile Include="src\tlEntity.cpp">
      <Filter>src</Filter>
    </ClCompile>
    <ClCompile Include="src\tlEntityTable.cpp">
      <Filter>src</Filter>
    </ClCompile>
    <ClCompile Include="src\tlEventAnimation.cpp">
      <Filter>src</Filter>
    </ClCompile>
    <ClCompile Include="src\tlExportInfo.cpp">
      <Filter>src</Filter>
    </ClCompile>
    <ClCompile Include="src\tlExpression.cpp">
      <Filter>src</Filter>
    </ClCompile>
    <ClCompile Include="src\tlExpressionAnim.cpp">
      <Filter>src</Filter>
    </ClCompile>
    <ClCompile Include="src\tlExpressionOffsets.cpp">
      <Filter>src</Filter>
    </ClCompile>
    <ClCompile Include="src\tlFile.cpp">
      <Filter>src</Filter>
    </ClCompile>
    <ClCompile Include="src\tlFileByteStream.cpp">
      <Filter>src</Filter>
    </ClCompile>
    <ClCompile Include="src\tlFlexibleJoint.cpp">
      <Filter>src</Filter>
    </ClCompile>
    <ClCompile Include="src\tlFlexibleObject.cpp">
      <Filter>src</Filter>
    </ClCompile>
    <ClCompile Include="src\tlFont.cpp">
      <Filter>src</Filter>
    </ClCompile>
    <ClCompile Include="src\tlFourCC.cpp">
      <Filter>src</Filter>
    </ClCompile>
    <ClCompile Include="src\tlFrameController.cpp">
      <Filter>src</Filter>
    </ClCompile>
    <ClCompile Include="src\tlGCComponentQuantizer.cpp">
      <Filter>src</Filter>
    </ClCompile>
    <ClCompile Include="src\tlGCPrimBuffer.cpp">
      <Filter>src</Filter>
    </ClCompile>
    <ClCompile Include="src\tlGameAttr.cpp">
      <Filter>src</Filter>
    </ClCompile>
    <ClCompile Include="src\tlHashTable.cpp">
      <Filter>src</Filter>
    </ClCompile>
    <ClCompile Include="src\tlHeightField.cpp">
      <Filter>src</Filter>
    </ClCompile>
    <ClCompile Include="src\tlHistory.cpp">
      <Filter>src</Filter>
    </ClCompile>
    <ClCompile Include="src\tlImage.cpp">
      <Filter>src</Filter>
    </ClCompile>
    <ClCompile Include="src\tlImageQuantizer.cpp">
      <Filter>src</Filter>
    </ClCompile>
    <ClCompile Include="src\tlIndexedSkinVertex.cpp">
      <Filter>src</Filter>
    </ClCompile>
    <ClCompile Include="src\tlIndexedVertex.cpp">
      <Filter>src</Filter>
    </ClCompile>
    <ClCompile Include="src\tlInventory.cpp">
      <Filter>src</Filter>
    </ClCompile>
    <ClCompile Include="src\tlLight.cpp">
      <Filter>src</Filter>
    </ClCompile>
    <ClCompile Include="src\tlLightAnim.cpp">
      <Filter>src</Filter>
    </ClCompile>
    <ClCompile Include="src\tlLightGroup.cpp">
      <Filter>src</Filter>
    </ClCompile>
    <ClCompile Include="src\tlLightmap.cpp">
      <Filter>src</Filter>
    </ClCompile>
    <ClCompile Include="src\tlLoadManager.cpp">
      <Filter>src</Filter>
    </ClCompile>
    <ClCompile Include="src\tlLocator.cpp">
      <Filter>src</Filter>
    </ClCompile>
    <ClCompile Include="src\tlMatrix.cpp">
      <Filter>src</Filter>
    </ClCompile>
    <ClCompile Include="src\tlMemByteStream.cpp">
      <Filter>src</Filter>
    </ClCompile>
    <ClCompile Include="src\tlMultiController.cpp">
      <Filter>src</Filter>
    </ClCompile>
    <ClCompile Include="src\tlOffsetList.cpp">
      <Filter>src</Filter>
    </ClCompile>
    <ClCompile Include="src\tlOffsetSkinVertex.cpp">
      <Filter>src</Filter>
    </ClCompile>
    <ClCompile Include="src\tlOpticEffect.cpp">
      <Filter>src</Filter>
    </ClCompile>
    <ClCompile Include="src\tlPS2PrimBuffer.cpp">
      <Filter>src</Filter>
    </ClCompile>
    <ClCompile Include="src\tlParticleSystem.cpp">
      <Filter>src</Filter>
    </ClCompile>
    <ClCompile Include="src\tlPhotonMap.cpp">
      <Filter>src</Filter>
    </ClCompile>
    <ClCompile Include="src\tlPhysicsObject.cpp">
      <Filter>src</Filter>
    </ClCompile>
    <ClCompile Include="src\tlPlane.cpp">
      <Filter>src</Filter>
    </ClCompile>
    <ClCompile Include="src\tlPoint.cpp">
      <Filter>src</Filter>
    </ClCompile>
    <ClCompile Include="src\tlPose.cpp">
      <Filter>src</Filter>
    </ClCompile>
    <ClCompile Include="src\tlPoseAnim.cpp">
      <Filter>src</Filter>
    </ClCompile>
    <ClCompile Include="src\tlPrimGroup.cpp">
      <Filter>src</Filter>
    </ClCompile>
    <ClCompile Include="src\tlPrimGroupMesh.cpp">
      <Filter>src</Filter>
    </ClCompile>
    <ClCompile Include="src\tlQuat.cpp">
      <Filter>src</Filter>
    </ClCompile>
    <ClCompile Include="src\tlRay.cpp">
      <Filter>src</Filter>
    </ClCompile>
    <ClCompile Include="src\tlScenegraph.cpp">
      <Filter>src</Filter>
    </ClCompile>
    <ClCompile Include="src\tlScenegraphTransformAnim.cpp">
      <Filter>src</Filter>
    </ClCompile>
    <ClCompile Include="src\tlSegment.cpp">
      <Filter>src</Filter>
    </ClCompile>
    <ClCompile Include="src\tlShader.cpp">
      <Filter>src</Filter>
    </ClCompile>
    <ClCompile Include="src\tlShaderAnim.cpp">
      <Filter>src</Filter>
    </ClCompile>
    <ClCompile Include="src\tlSimpleShader.cpp">
      <Filter>src</Filter>
    </ClCompile>
    <ClCompile Include="src\tlSkeleton.cpp">
      <Filter>src</Filter>
    </ClCompile>
    <ClCompile Include="src\tlSkin.cpp">
      <Filter>src</Filter>
    </ClCompile>
    <ClCompile Include="src\tlSkinVertex.cpp">
      <Filter>src</Filter>
    </ClCompile>
    <ClCompile Include="src\tlSphere.cpp">
      <Filter>src</Filter>
    </ClCompile>
    <ClCompile Include="src\tlSprite.cpp">
      <Filter>src</Filter>
    </ClCompile>
    <ClCompile Include="src\tlString.cpp">
      <Filter>src</Filter>
    </ClCompile>
    <ClCompile Include="src\tlStringTable.cpp">
      <Filter>src</Filter>
    </ClCompile>
    <ClCompile Include="src\tlTable.cpp">
      <Filter>src</Filter>
    </ClCompile>
    <ClCompile Include="src\tlTextDataParser.cpp">
      <Filter>src</Filter>
    </ClCompile>
    <ClCompile Include="src\tlTexture.cpp">
      <Filter>src</Filter>
    </ClCompile>
    <ClCompile Include="src\tlTextureAnim.cpp">
      <Filter>src</Filter>
    </ClCompile>
    <ClCompile Include="src\tlTranAnimKeys.cpp">
      <Filter>src</Filter>
    </ClCompile>
    <ClCompile Include="src\tlTriMesh.cpp">
      <Filter>src</Filter>
    </ClCompile>
    <ClCompile Include="src\tlTriMeshIntersect.cpp">
      <Filter>src</Filter>
    </ClCompile>
    <ClCompile Include="src\tlTriangle.cpp">
      <Filter>src</Filter>
    </ClCompile>
    <ClCompile Include="src\tlTriangleFactory.cpp">
      <Filter>src</Filter>
    </ClCompile>
    <ClCompile Include="src\tlTriangleIntersect.cpp">
      <Filter>src</Filter>
    </ClCompile>
    <ClCompile Include="src\tlTriangleIntersectFactory.cpp">
      <Filter>src</Filter>
    </ClCompile>
    <ClCompile Include="src\tlTsEdge.cpp">
      <Filter>src</Filter>
    </ClCompile>
    <ClCompile Include="src\tlTsTriangle.cpp">
      <Filter>src</Filter>
    </ClCompile>
    <ClCompile Include="src\tlTsTriangleToTriStripConverter.cpp">
      <Filter>src</Filter>
    </ClCompile>
    <ClCompile Include="src\tlTsVertexCache.cpp">
      <Filter>src</Filter>
    </ClCompile>
    <ClCompile Include="src\tlTsVertexConnectivity.cpp">
      <Filter>src</Filter>
    </ClCompile>
    <ClCompile Include="src\tlUV.cpp">
      <Filter>src</Filter>
    </ClCompile>
    <ClCompile Include="src\tlVertex.cpp">
      <Filter>src</Filter>
    </ClCompile>
    <ClCompile Include="src\tlVertexAnim.cpp">
      <Filter>src</Filter>
    </ClCompile>
    <ClCompile Include="src\tlVertexAnimKey.cpp">
      <Filter>src</Filter>
    </ClCompile>
    <ClCompile Include="src\tlVisAnim.cpp">
      <Filter>src</Filter>
    </ClCompile>
    <ClCompile Include="src\tlXBOXPrimBuffer.cpp">
      <Filter>src</Filter>
    </ClCompile>
    <ClCompile Include="chunks16\src\tlCameraAnimChunk16.cpp">
      <Filter>chunk16src</Filter>
    </ClCompile>
    <ClCompile Include="chunks16\src\tlCameraChunk16.cpp">
      <Filter>chunk16src</Filter>
    </ClCompile>
    <ClCompile Include="chunks16\src\tlCompositeDrawableChunk16.cpp">
      <Filter>chunk16src</Filter>
    </ClCompile>
    <ClCompile Include="chunks16\src\tlEntityChannelChunk16.cpp">
      <Filter>chunk16src</Filter>
    </ClCompile>
    <ClCompile Include="chunks16\src\tlExportInfoChunk16.cpp">
      <Filter>chunk16src</Filter>
    </ClCompile>
    <ClCompile Include="chunks16\src\tlExpressionAnimChunk16.cpp">
      <Filter>chunk16src</Filter>
    </ClCompile>
    <ClCompile Include="chunks16\src\tlFrameControllerChunk16.cpp">
      <Filter>chunk16src</Filter>
    </ClCompile>
    <ClCompile Include="chunks16\src\tlHistoryChunk16.cpp">
      <Filter>chunk16src</Filter>
    </ClCompile>
    <ClCompile Include="chunks16\src\tlLightAnimChunk16.cpp">
      <Filter>chunk16src</Filter>
    </ClCompile>
    <ClCompile Include="chunks16\src\tlLightGroupChunk16.cpp">
      <Filter>chunk16src</Filter>
    </ClCompile>
    <ClCompile Include="chunks16\src\tlMultiControllerChunk16.cpp">
      <Filter>chunk16src</Filter>
    </ClCompile>
    <ClCompile Include="chunks16\src\tlPoseAnimChunk16.cpp">
      <Filter>chunk16src</Filter>
    </ClCompile>
    <ClCompile Include="chunks16\src\tlScenegraphTransformAnimChunk16.cpp">
      <Filter>chunk16src</Filter>
    </ClCompile>
    <ClCompile Include="chunks16\src\tlSkeletonChunk16.cpp">
      <Filter>chunk16src</Filter>
    </ClCompile>
    <ClCompile Include="chunks16\src\tlTextureAnimChunk16.cpp">
      <Filter>chunk16src</Filter>
    </ClCompile>
    <ClCompile Include="chunks16\src\tlVertexAnimChunk16.cpp">
      <Filter>chunk16src</Filter>
    </ClCompile>
    <ClCompile Include="chunks16\src\tlVertexOffsetExpressionChunk16.cpp">
      <Filter>chunk16src</Filter>
    </ClCompile>
    <ClCompile Include="chunks16\src\tlVisibilityAnimChunk16.cpp">
      <Filter>chunk16src</Filter>
    </ClCompile>
    <ClCompile Include="chunks16\src\tlAnimCollDSGChunk.cpp">
      <Filter>chunk16src\chunksrc</Filter>
    </ClCompile>
    <ClCompile Include="chunks16\src\tlAnimDSGChunk.cpp">
      <Filter>chunk16src\chunksrc</Filter>
    </ClCompile>
    <ClCompile Include="chunks16\src\tlAnimDSGWrapper.cpp">
      <Filter>chunk16src\chunksrc</Filter>
    </ClCompile>
    <ClCompile Include="chunks16\src\tlAnimObjDSGWrapperChunk.cpp">
      <Filter>chunk16src\chunksrc</Filter>
    </ClCompile>
    <ClCompile Include="chunks16\src\tlAnimatedObjectChunk.cpp">
      <Filter>chunk16src\chunksrc</Filter>
    </ClCompile>
    <ClCompile Include="chunks16\src\tlAnimationChunk.cpp">
      <Filter>chunk16src\chunksrc</Filter>
    </ClCompile>
    <ClCompile Include="chunks16\src\tlAttributeTableChunk.cpp">
      <Filter>chunk16src\chunksrc</Filter>
    </ClCompile>
    <ClCompile Include="chunks16\src\tlBBoxChunk.cpp">
      <Filter>chunk16src\chunksrc</Filter>
    </ClCompile>
    <ClCompile Include="chunks16\src\tlBSphereChunk.cpp">
      <Filter>chunk16src\chunksrc</Filter>
    </ClCompile>
    <ClCompile Include="chunks16\src\tlBillboardObjectChunk.cpp">
      <Filter>chunk16src\chunksrc</Filter>
    </ClCompile>
    <ClCompile Include="chunks16\src\tlBreakableObjectChunk.cpp">
      <Filter>chunk16src\chunksrc</Filter>
    </ClCompile>
    <ClCompile Include="chunks16\src\tlChannelChunk.cpp">
      <Filter>chunk16src\chunksrc</Filter>
    </ClCompile>
    <ClCompile Include="chunks16\src\tlCollisionObjectChunk.cpp">
      <Filter>chunk16src\chunksrc</Filter>
    </ClCompile>
    <ClCompile Include="chunks16\src\tlDynaPhysDSGChunk.cpp">
      <Filter>chunk16src\chunksrc</Filter>
    </ClCompile>
    <ClCompile Include="chunks16\src\tlEntityDSGChunk.cpp">
      <Filter>chunk16src\chunksrc</Filter>
    </ClCompile>
    <ClCompile Include="chunks16\src\tlExpressionChunk.cpp">
      <Filter>chunk16src\chunksrc</Filter>
    </ClCompile>
    <ClCompile Include="chunks16\src\tlExtraMatrixChunk.cpp">
      <Filter>chunk16src\chunksrc</Filter>
    </ClCompile>
    <ClCompile Include="chunks16\src\tlFenceDSGChunk.cpp">
      <Filter>chunk16src\chunksrc</Filter>
    </ClCompile>
    <ClCompile Include="chunks16\src\tlFencelineChunk.cpp">
      <Filter>chunk16src\chunksrc</Filter>
    </ClCompile>
    <ClCompile Include="chunks16\src\tlFlexibleJointChunk.cpp">
      <Filter>chunk16src\chunksrc</Filter>
    </ClCompile>
    <ClCompile Include="chunks16\src\tlFlexibleObjectChunk.cpp">
      <Filter>chunk16src\chunksrc</Filter>
    </ClCompile>
    <ClCompile Include="chunks16\src\tlFollowCamDataChunk.cpp">
      <Filter>chunk16src\chunksrc</Filter>
    </ClCompile>
    <ClCompile Include="chunks16\src\tlFontChunk.cpp">
      <Filter>chunk16src\chunksrc</Filter>
    </ClCompile>
    <ClCompile Include="chunks16\src\tlFrameControllerChunk.cpp">
      <Filter>chunk16src\chunksrc</Filter>
    </ClCompile>
    <ClCompile Include="chunks16\src\tlGameAttrChunk.cpp">
      <Filter>chunk16src\chunksrc</Filter>
    </ClCompile>
    <ClCompile Include="chunks16\src\tlImageChunk.cpp">
      <Filter>chunk16src\chunksrc</Filter>
    </ClCompile>
    <ClCompile Include="chunks16\src\tlInstAnimDynaPhysDSGChunk.cpp">
      <Filter>chunk16src\chunksrc</Filter>
    </ClCompile>
    <ClCompile Include="chunks16\src\tlInstParticleSystemChunk.cpp">
      <Filter>chunk16src\chunksrc</Filter>
    </ClCompile>
    <ClCompile Include="chunks16\src\tlInstaEntityDSGChunk.cpp">
      <Filter>chunk16src\chunksrc</Filter>
    </ClCompile>
    <ClCompile Include="chunks16\src\tlInstaStaticPhysDSGChunk.cpp">
      <Filter>chunk16src\chunksrc</Filter>
    </ClCompile>
    <ClCompile Include="chunks16\src\tlInstancesChunk.cpp">
      <Filter>chunk16src\chunksrc</Filter>
    </ClCompile>
    <ClCompile Include="chunks16\src\tlIntersectDSGChunk.cpp">
      <Filter>chunk16src\chunksrc</Filter>
    </ClCompile>
    <ClCompile Include="chunks16\src\tlIntersectionChunk.cpp">
      <Filter>chunk16src\chunksrc</Filter>
    </ClCompile>
    <ClCompile Include="chunks16\src\tlLensFlareDSGChunk.cpp">
      <Filter>chunk16src\chunksrc</Filter>
    </ClCompile>
    <ClCompile Include="chunks16\src\tlLightChunk.cpp">
      <Filter>chunk16src\chunksrc</Filter>
    </ClCompile>
    <ClCompile Include="chunks16\src\tlLocatorChunk.cpp">
      <Filter>chunk16src\chunksrc</Filter>
    </ClCompile>
    <ClCompile Include="chunks16\src\tlMemorySectionChunk.cpp">
      <Filter>chunk16src\chunksrc</Filter>
    </ClCompile>
    <ClCompile Include="chunks16\src\tlMeshChunk.cpp">
      <Filter>chunk16src\chunksrc</Filter>
    </ClCompile>
    <ClCompile Include="chunks16\src\tlObjectAttributeChunk.cpp">
      <Filter>chunk16src\chunksrc</Filter>
    </ClCompile>
    <ClCompile Include="chunks16\src\tlOpticEffectChunk.cpp">
      <Filter>chunk16src\chunksrc</Filter>
    </ClCompile>
    <ClCompile Include="chunks16\src\tlParticleSystemChunk.cpp">
      <Filter>chunk16src\chunksrc</Filter>
    </ClCompile>
    <ClCompile Include="chunks16\src\tlPedpathChunk.cpp">
      <Filter>chunk16src\chunksrc</Filter>
    </ClCompile>
    <ClCompile Include="chunks16\src\tlPhotonMapChunk.cpp">
      <Filter>chunk16src\chunksrc</Filter>
    </ClCompile>
    <ClCompile Include="chunks16\src\tlPhysWrapperChunk.cpp">
      <Filter>chunk16src\chunksrc</Filter>
    </ClCompile>
    <ClCompile Include="chunks16\src\tlPhysicsObjectChunk.cpp">
      <Filter>chunk16src\chunksrc</Filter>
    </ClCompile>
    <ClCompile Include="chunks16\src\tlPrimGroupChunk.cpp">
      <Filter>chunk16src\chunksrc</Filter>
    </ClCompile>
    <ClCompile Include="chunks16\src\tlRoadChunk.cpp">
      <Filter>chunk16src\chunksrc</Filter>
    </ClCompile>
    <ClCompile Include="chunks16\src\tlRoadSegmentChunk.cpp">
      <Filter>chunk16src\chunksrc</Filter>
    </ClCompile>
    <ClCompile Include="chunks16\src\tlRoadSegmentDataChunk.cpp">
      <Filter>chunk16src\chunksrc</Filter>
    </ClCompile>
    <ClCompile Include="chunks16\src\tlScenegraphChunk.cpp">
      <Filter>chunk16src\chunksrc</Filter>
    </ClCompile>
    <ClCompile Include="chunks16\src\tlScroobyProjectChunk.cpp">
      <Filter>chunk16src\chunksrc</Filter>
    </ClCompile>
    <ClCompile Include="chunks16\src\tlSetChunk.cpp">
      <Filter>chunk16src\chunksrc</Filter>
    </ClCompile>
    <ClCompile Include="chunks16\src\tlShaderChunk.cpp">
      <Filter>chunk16src\chunksrc</Filter>
    </ClCompile>
    <ClCompile Include="chunks16\src\tlShadowSkinChunk.cpp">
      <Filter>chunk16src\chunksrc</Filter>
    </ClCompile>
    <ClCompile Include="chunks16\src\tlSkinChunk.cpp">
      <Filter>chunk16src\chunksrc</Filter>
    </ClCompile>
    <ClCompile Include="chunks16\src\tlSmartPropChunk.cpp">
      <Filter>chunk16src\chunksrc</Filter>
    </ClCompile>
    <ClCompile Include="chunks16\src\tlSpriteChunk.cpp">
      <Filter>chunk16src\chunksrc</Filter>
    </ClCompile>
    <ClCompile Include="chunks16\src\tlStatePropChunk.cpp">
      <Filter>chunk16src\chunksrc</Filter>
    </ClCompile>
    <ClCompile Include="chunks16\src\tlStaticPhysDSGChunk.cpp">
      <Filter>chunk16src\chunksrc</Filter>
    </ClCompile>
    <ClCompile Include="chunks16\src\tlTerrainTypeChunk.cpp">
      <Filter>chunk16src\chunksrc</Filter>
    </ClCompile>
    <ClCompile Include="chunks16\src\tlTextureChunk.cpp">
      <Filter>chunk16src\chunksrc</Filter>
    </ClCompile>
    <ClCompile Include="chunks16\src\tlTreeDSGChunk.cpp">
      <Filter>chunk16src\chunksrc</Filter>
    </ClCompile>
    <ClCompile Include="chunks16\src\tlWBLocatorChunk.cpp">
      <Filter>chunk16src\chunksrc</Filter>
    </ClCompile>
    <ClCompile Include="chunks16\src\tlWBRailCamChunk.cpp">
      <Filter>chunk16src\chunksrc</Filter>
    </ClCompile>
    <ClCompile Include="chunks16\src\tlWBSplineChunk.cpp">
      <Filter>chunk16src\chunksrc</Filter>
    </ClCompile>
    <ClCompile Include="chunks16\src\tlWBTriggerVolumeChunk.cpp">
      <Filter>chunk16src\chunksrc</Filter>
    </ClCompile>
    <ClCompile Include="chunks16\src\tlWalkerCamDataChunk.cpp">
      <Filter>chunk16src\chunksrc</Filter>
    </ClCompile>
    <ClCompile Include="chunks16\src\tlWallChunk.cpp">
      <Filter>chunk16src\chunksrc</Filter>
    </ClCompile>
    <ClCompile Include="chunks16\src\tlWorldSphereDSGChunk.cpp">
      <Filter>chunk16src\chunksrc</Filter>
    </ClCompile>
  </ItemGroup>
  <ItemGroup>
    <None Include="..\tools\commandline\ChunkFilesCreator\chunk_hpp_cpp.tpl" />
  </ItemGroup>
  <ItemGroup>
    <Library Include="..\lib\s3tc\Lib\s3tc.lib" />
  </ItemGroup>
  <ItemGroup>
    <CustomBuild Include="Schema16\tlCameraAnimChunk16.sc">
      <Filter>chunks16</Filter>
    </CustomBuild>
    <CustomBuild Include="Schema16\tlCameraChunk16.sc">
      <Filter>chunks16</Filter>
    </CustomBuild>
    <CustomBuild Include="Schema16\tlCompositeDrawableChunk16.sc">
      <Filter>chunks16</Filter>
    </CustomBuild>
    <CustomBuild Include="Schema16\tlEntityChannelChunk16.sc">
      <Filter>chunks16</Filter>
    </CustomBuild>
    <CustomBuild Include="Schema16\tlExportInfoChunk16.sc">
      <Filter>chunks16</Filter>
    </CustomBuild>
    <CustomBuild Include="Schema16\tlExpressionAnimChunk16.sc">
      <Filter>chunks16</Filter>
    </CustomBuild>
    <CustomBuild Include="Schema16\tlFrameControllerChunk16.sc">
      <Filter>chunks16</Filter>
    </CustomBuild>
    <CustomBuild Include="Schema16\tlHistoryChunk16.sc">
      <Filter>chunks16</Filter>
    </CustomBuild>
    <CustomBuild Include="Schema16\tlLightAnimChunk16.sc">
      <Filter>chunks16</Filter>
    </CustomBuild>
    <CustomBuild Include="Schema16\tlLightGroupChunk16.sc">
      <Filter>chunks16</Filter>
    </CustomBuild>
    <CustomBuild Include="Schema16\tlMultiControllerChunk16.sc">
      <Filter>chunks16</Filter>
    </CustomBuild>
    <CustomBuild Include="Schema16\tlPoseAnimChunk16.sc">
      <Filter>chunks16</Filter>
    </CustomBuild>
    <CustomBuild Include="Schema16\tlScenegraphTransformAnimChunk16.sc">
      <Filter>chunks16</Filter>
    </CustomBuild>
    <CustomBuild Include="Schema16\tlSkeletonChunk16.sc">
      <Filter>chunks16</Filter>
    </CustomBuild>
    <CustomBuild Include="Schema16\tlTextureAnimChunk16.sc">
      <Filter>chunks16</Filter>
    </CustomBuild>
    <CustomBuild Include="Schema16\tlVertexAnimChunk16.sc">
      <Filter>chunks16</Filter>
    </CustomBuild>
    <CustomBuild Include="Schema16\tlVertexOffsetExpressionChunk16.sc">
      <Filter>chunks16</Filter>
    </CustomBuild>
    <CustomBuild Include="Schema16\tlVisibilityAnimChunk16.sc">
      <Filter>chunks16</Filter>
    </CustomBuild>
    <CustomBuild Include="Schema16\tlAnimCollDSGChunk.sc">
      <Filter>chunks16\chunks</Filter>
    </CustomBuild>
    <CustomBuild Include="Schema16\tlAnimDSGChunk.sc">
      <Filter>chunks16\chunks</Filter>
    </CustomBuild>
    <CustomBuild Include="Schema16\tlAnimDSGWrapper.sc">
      <Filter>chunks16\chunks</Filter>
    </CustomBuild>
    <CustomBuild Include="Schema16\tlAnimObjDSGWrapperChunk.sc">
      <Filter>chunks16\chunks</Filter>
    </CustomBuild>
    <CustomBuild Include="Schema16\tlAnimatedObjectChunk.sc">
      <Filter>chunks16\chunks</Filter>
    </CustomBuild>
    <CustomBuild Include="Schema16\tlAnimationChunk.sc">
      <Filter>chunks16\chunks</Filter>
    </CustomBuild>
    <CustomBuild Include="Schema16\tlAttributeTableChunk.sc">
      <Filter>chunks16\chunks</Filter>
    </CustomBuild>
    <CustomBuild Include="Schema16\tlBBoxChunk.sc">
      <Filter>chunks16\chunks</Filter>
    </CustomBuild>
    <CustomBuild Include="Schema16\tlBSphereChunk.sc">
      <Filter>chunks16\chunks</Filter>
    </CustomBuild>
    <CustomBuild Include="Schema16\tlBillboardObjectChunk.sc">
      <Filter>chunks16\chunks</Filter>
    </CustomBuild>
    <CustomBuild Include="Schema16\tlBreakableObjectChunk.sc">
      <Filter>chunks16\chunks</Filter>
    </CustomBuild>
    <CustomBuild Include="Schema16\tlChannelChunk.sc">
      <Filter>chunks16\chunks</Filter>
    </CustomBuild>
    <CustomBuild Include="Schema16\tlCollisionObjectChunk.sc">
      <Filter>chunks16\chunks</Filter>
    </CustomBuild>
    <CustomBuild Include="Schema16\tlDynaPhysDSGChunk.sc">
      <Filter>chunks16\chunks</Filter>
    </CustomBuild>
    <CustomBuild Include="Schema16\tlEntityDSGChunk.sc">
      <Filter>chunks16\chunks</Filter>
    </CustomBuild>
    <CustomBuild Include="Schema16\tlExpressionChunk.sc">
      <Filter>chunks16\chunks</Filter>
    </CustomBuild>
    <CustomBuild Include="Schema16\tlExtraMatrixChunk.sc">
      <Filter>chunks16\chunks</Filter>
    </CustomBuild>
    <CustomBuild Include="Schema16\tlFenceDSGChunk.sc">
      <Filter>chunks16\chunks</Filter>
    </CustomBuild>
    <CustomBuild Include="Schema16\tlFencelineChunk.sc">
      <Filter>chunks16\chunks</Filter>
    </CustomBuild>
    <CustomBuild Include="Schema16\tlFlexibleJointChunk.sc">
      <Filter>chunks16\chunks</Filter>
    </CustomBuild>
    <CustomBuild Include="Schema16\tlFlexibleObjectChunk.sc">
      <Filter>chunks16\chunks</Filter>
    </CustomBuild>
    <CustomBuild Include="Schema16\tlFollowCamDataChunk.sc">
      <Filter>chunks16\chunks</Filter>
    </CustomBuild>
    <CustomBuild Include="Schema16\tlFontChunk.sc">
      <Filter>chunks16\chunks</Filter>
    </CustomBuild>
    <CustomBuild Include="Schema16\tlFrameControllerChunk.sc">
      <Filter>chunks16\chunks</Filter>
    </CustomBuild>
    <CustomBuild Include="Schema16\tlGameAttrChunk.sc">
      <Filter>chunks16\chunks</Filter>
    </CustomBuild>
    <CustomBuild Include="Schema16\tlImageChunk.sc">
      <Filter>chunks16\chunks</Filter>
    </CustomBuild>
    <CustomBuild Include="Schema16\tlInstAnimDynaPhysDSGChunk.sc">
      <Filter>chunks16\chunks</Filter>
    </CustomBuild>
    <CustomBuild Include="Schema16\tlInstParticleSystemChunk.sc">
      <Filter>chunks16\chunks</Filter>
    </CustomBuild>
    <CustomBuild Include="Schema16\tlInstaEntityDSGChunk.sc">
      <Filter>chunks16\chunks</Filter>
    </CustomBuild>
    <CustomBuild Include="Schema16\tlInstaStaticPhysDSGChunk.sc">
      <Filter>chunks16\chunks</Filter>
    </CustomBuild>
    <CustomBuild Include="Schema16\tlInstancesChunk.sc">
      <Filter>chunks16\chunks</Filter>
    </CustomBuild>
    <CustomBuild Include="Schema16\tlIntersectDSGChunk.sc">
      <Filter>chunks16\chunks</Filter>
    </CustomBuild>
    <CustomBuild Include="Schema16\tlIntersectionChunk.sc">
      <Filter>chunks16\chunks</Filter>
    </CustomBuild>
    <CustomBuild Include="Schema16\tlLensFlareDSGChunk.sc">
      <Filter>chunks16\chunks</Filter>
    </CustomBuild>
    <CustomBuild Include="Schema16\tlLightChunk.sc">
      <Filter>chunks16\chunks</Filter>
    </CustomBuild>
    <CustomBuild Include="Schema16\tlLocatorChunk.sc">
      <Filter>chunks16\chunks</Filter>
    </CustomBuild>
    <CustomBuild Include="Schema16\tlMemorySectionChunk.sc">
      <Filter>chunks16\chunks</Filter>
    </CustomBuild>
    <CustomBuild Include="Schema16\tlMeshChunk.sc">
      <Filter>chunks16\chunks</Filter>
    </CustomBuild>
    <CustomBuild Include="Schema16\tlObjectAttributeChunk.sc">
      <Filter>chunks16\chunks</Filter>
    </CustomBuild>
    <CustomBuild Include="Schema16\tlOpticEffectChunk.sc">
      <Filter>chunks16\chunks</Filter>
    </CustomBuild>
    <CustomBuild Include="Schema16\tlParticleSystemChunk.sc">
      <Filter>chunks16\chunks</Filter>
    </CustomBuild>
    <CustomBuild Include="Schema16\tlPedpathChunk.sc">
      <Filter>chunks16\chunks</Filter>
    </CustomBuild>
    <CustomBuild Include="Schema16\tlPhotonMapChunk.sc">
      <Filter>chunks16\chunks</Filter>
    </CustomBuild>
    <CustomBuild Include="Schema16\tlPhysWrapperChunk.sc">
      <Filter>chunks16\chunks</Filter>
    </CustomBuild>
    <CustomBuild Include="Schema16\tlPhysicsObjectChunk.sc">
      <Filter>chunks16\chunks</Filter>
    </CustomBuild>
    <CustomBuild Include="Schema16\tlPrimGroupChunk.sc">
      <Filter>chunks16\chunks</Filter>
    </CustomBuild>
    <CustomBuild Include="Schema16\tlRoadChunk.sc">
      <Filter>chunks16\chunks</Filter>
    </CustomBuild>
    <CustomBuild Include="Schema16\tlRoadSegmentChunk.sc">
      <Filter>chunks16\chunks</Filter>
    </CustomBuild>
    <CustomBuild Include="Schema16\tlRoadSegmentDataChunk.sc">
      <Filter>chunks16\chunks</Filter>
    </CustomBuild>
    <CustomBuild Include="Schema16\tlScenegraphChunk.sc">
      <Filter>chunks16\chunks</Filter>
    </CustomBuild>
    <CustomBuild Include="Schema16\tlScroobyProjectChunk.sc">
      <Filter>chunks16\chunks</Filter>
    </CustomBuild>
    <CustomBuild Include="Schema16\tlSetChunk.sc">
      <Filter>chunks16\chunks</Filter>
    </CustomBuild>
    <CustomBuild Include="Schema16\tlShaderChunk.sc">
      <Filter>chunks16\chunks</Filter>
    </CustomBuild>
    <CustomBuild Include="Schema16\tlShadowSkinChunk.sc">
      <Filter>chunks16\chunks</Filter>
    </CustomBuild>
    <CustomBuild Include="Schema16\tlSkinChunk.sc">
      <Filter>chunks16\chunks</Filter>
    </CustomBuild>
    <CustomBuild Include="Schema16\tlSmartPropChunk.sc">
      <Filter>chunks16\chunks</Filter>
    </CustomBuild>
    <CustomBuild Include="Schema16\tlSpriteChunk.sc">
      <Filter>chunks16\chunks</Filter>
    </CustomBuild>
    <CustomBuild Include="Schema16\tlStatePropChunk.sc">
      <Filter>chunks16\chunks</Filter>
    </CustomBuild>
    <CustomBuild Include="Schema16\tlStaticPhysDSGChunk.sc">
      <Filter>chunks16\chunks</Filter>
    </CustomBuild>
    <CustomBuild Include="Schema16\tlTerrainTypeChunk.sc">
      <Filter>chunks16\chunks</Filter>
    </CustomBuild>
    <CustomBuild Include="Schema16\tlTextureChunk.sc">
      <Filter>chunks16\chunks</Filter>
    </CustomBuild>
    <CustomBuild Include="Schema16\tlTreeDSGChunk.sc">
      <Filter>chunks16\chunks</Filter>
    </CustomBuild>
    <CustomBuild Include="Schema16\tlWBLocatorChunk.sc">
      <Filter>chunks16\chunks</Filter>
    </CustomBuild>
    <CustomBuild Include="Schema16\tlWBRailCamChunk.sc">
      <Filter>chunks16\chunks</Filter>
    </CustomBuild>
    <CustomBuild Include="Schema16\tlWBSplineChunk.sc">
      <Filter>chunks16\chunks</Filter>
    </CustomBuild>
    <CustomBuild Include="Schema16\tlWBTriggerVolumeChunk.sc">
      <Filter>chunks16\chunks</Filter>
    </CustomBuild>
    <CustomBuild Include="Schema16\tlWalkerCamDataChunk.sc">
      <Filter>chunks16\chunks</Filter>
    </CustomBuild>
    <CustomBuild Include="Schema16\tlWallChunk.sc">
      <Filter>chunks16\chunks</Filter>
    </CustomBuild>
    <CustomBuild Include="Schema16\tlWorldSphereDSGChunk.sc">
      <Filter>chunks16\chunks</Filter>
    </CustomBuild>
  </ItemGroup>
</Project>