Microsoft Visual Studio Solution File, Format Version 7.00
Project("{8BC9CEB8-8B4A-11D0-8D11-00A0C91BC942}") = "DebugConsoleServer", "DebugConsoleServer.vcproj", "{11017F46-1531-4969-B0E5-57EF0B6DA555}"
EndProject
Project("{8BC9CEB8-8B4A-11D0-8D11-00A0C91BC942}") = "radcore", "..\..\build\win32\radcore.vcproj", "{3A890E6F-1DFD-4FB0-B4FF-9F5882585784}"
EndProject
Global
	GlobalSection(SolutionConfiguration) = preSolution
		ConfigName.0 = Debug
		ConfigName.1 = Release
		ConfigName.2 = Tune
	EndGlobalSection
	GlobalSection(ProjectDependencies) = postSolution
		{11017F46-1531-4969-B0E5-57EF0B6DA555}.0 = {3A890E6F-1DFD-4FB0-B4FF-9F5882585784}
	EndGlobalSection
	GlobalSection(ProjectConfiguration) = postSolution
		{11017F46-1531-4969-B0E5-57EF0B6DA555}.Debug.ActiveCfg = Debug|Win32
		{11017F46-1531-4969-B0E5-57EF0B6DA555}.Debug.Build.0 = Debug|Win32
		{11017F46-1531-4969-B0E5-57EF0B6DA555}.Release.ActiveCfg = Release|Win32
		{11017F46-1531-4969-B0E5-57EF0B6DA555}.Release.Build.0 = Release|Win32
		{11017F46-1531-4969-B0E5-57EF0B6DA555}.Tune.ActiveCfg = Release|Win32
		{11017F46-1531-4969-B0E5-57EF0B6DA555}.Tune.Build.0 = Release|Win32
		{3A890E6F-1DFD-4FB0-B4FF-9F5882585784}.Debug.ActiveCfg = Debug|Win32
		{3A890E6F-1DFD-4FB0-B4FF-9F5882585784}.Debug.Build.0 = Debug|Win32
		{3A890E6F-1DFD-4FB0-B4FF-9F5882585784}.Release.ActiveCfg = Release|Win32
		{3A890E6F-1DFD-4FB0-B4FF-9F5882585784}.Release.Build.0 = Release|Win32
		{3A890E6F-1DFD-4FB0-B4FF-9F5882585784}.Tune.ActiveCfg = Tune|Win32
		{3A890E6F-1DFD-4FB0-B4FF-9F5882585784}.Tune.Build.0 = Tune|Win32
	EndGlobalSection
	GlobalSection(ExtensibilityGlobals) = postSolution
	EndGlobalSection
	GlobalSection(ExtensibilityAddIns) = postSolution
	EndGlobalSection
EndGlobal
