Microsoft Visual Studio Solution File, Format Version 7.00
Project("{8BC9CEB8-8B4A-11D0-8D11-00A0C91BC942}") = "radcore", "..\..\..\build\win32\radcore.vcproj", "{6DBDFF1B-20C5-493C-9AD6-99F6E8DD1D6A}"
EndProject
Project("{8BC9CEB8-8B4A-11D0-8D11-00A0C91BC942}") = "rcfEncoder", "..\rcfEncoder\build\win32\rcfEncoder.vcproj", "{059645B9-C075-44AC-B2E4-BEB6A3711F01}"
EndProject
Project("{8BC9CEB8-8B4A-11D0-8D11-00A0C91BC942}") = "wincementer", "wincementer.vcproj", "{87EA3226-13E1-440C-B553-6CC8A458C3CB}"
EndProject
Global
	GlobalSection(SolutionConfiguration) = preSolution
		ConfigName.0 = Debug
		ConfigName.1 = Release
		ConfigName.2 = Tune
	EndGlobalSection
	GlobalSection(ProjectDependencies) = postSolution
		{059645B9-C075-44AC-B2E4-BEB6A3711F01}.0 = {6DBDFF1B-20C5-493C-9AD6-99F6E8DD1D6A}
		{87EA3226-13E1-440C-B553-6CC8A458C3CB}.0 = {059645B9-C075-44AC-B2E4-BEB6A3711F01}
		{87EA3226-13E1-440C-B553-6CC8A458C3CB}.1 = {6DBDFF1B-20C5-493C-9AD6-99F6E8DD1D6A}
	EndGlobalSection
	GlobalSection(ProjectConfiguration) = postSolution
		{6DBDFF1B-20C5-493C-9AD6-99F6E8DD1D6A}.Debug.ActiveCfg = Debug|Win32
		{6DBDFF1B-20C5-493C-9AD6-99F6E8DD1D6A}.Debug.Build.0 = Debug|Win32
		{6DBDFF1B-20C5-493C-9AD6-99F6E8DD1D6A}.Release.ActiveCfg = Release|Win32
		{6DBDFF1B-20C5-493C-9AD6-99F6E8DD1D6A}.Release.Build.0 = Release|Win32
		{6DBDFF1B-20C5-493C-9AD6-99F6E8DD1D6A}.Tune.ActiveCfg = Tune|Win32
		{6DBDFF1B-20C5-493C-9AD6-99F6E8DD1D6A}.Tune.Build.0 = Tune|Win32
		{059645B9-C075-44AC-B2E4-BEB6A3711F01}.Debug.ActiveCfg = Debug|Win32
		{059645B9-C075-44AC-B2E4-BEB6A3711F01}.Debug.Build.0 = Debug|Win32
		{059645B9-C075-44AC-B2E4-BEB6A3711F01}.Release.ActiveCfg = Release|Win32
		{059645B9-C075-44AC-B2E4-BEB6A3711F01}.Release.Build.0 = Release|Win32
		{059645B9-C075-44AC-B2E4-BEB6A3711F01}.Tune.ActiveCfg = Tune|Win32
		{059645B9-C075-44AC-B2E4-BEB6A3711F01}.Tune.Build.0 = Tune|Win32
		{87EA3226-13E1-440C-B553-6CC8A458C3CB}.Debug.ActiveCfg = Debug|Win32
		{87EA3226-13E1-440C-B553-6CC8A458C3CB}.Debug.Build.0 = Debug|Win32
		{87EA3226-13E1-440C-B553-6CC8A458C3CB}.Release.ActiveCfg = Release|Win32
		{87EA3226-13E1-440C-B553-6CC8A458C3CB}.Release.Build.0 = Release|Win32
		{87EA3226-13E1-440C-B553-6CC8A458C3CB}.Tune.ActiveCfg = Debug|Win32
		{87EA3226-13E1-440C-B553-6CC8A458C3CB}.Tune.Build.0 = Debug|Win32
	EndGlobalSection
	GlobalSection(ExtensibilityGlobals) = postSolution
	EndGlobalSection
	GlobalSection(ExtensibilityAddIns) = postSolution
	EndGlobalSection
EndGlobal
