Microsoft Visual Studio Solution File, Format Version 7.00
Project("{8BC9CEB8-8B4A-11D0-8D11-00A0C91BC942}") = "DataFilesCreator", "commandline\ChunkFilesCreator\DataFilesCreator.vcproj", "{B9DA0128-D5AD-4347-9B8C-13280EBCB060}"
EndProject
Project("{8BC9CEB8-8B4A-11D0-8D11-00A0C91BC942}") = "ShaderFilesCreator", "commandline\ShaderFilesCreator\ShaderFilesCreator.vcproj", "{39CC8751-0CDA-4A94-B0B2-CD02D2898A3C}"
EndProject
Project("{8BC9CEB8-8B4A-11D0-8D11-00A0C91BC942}") = "ToolsParamCreator", "commandline\ToolsParamCreator\ToolsParamCreator.vcproj", "{5C193282-9943-4A6B-9FCE-F7B011ADFF0B}"
EndProject
Project("{8BC9CEB8-8B4A-11D0-8D11-00A0C91BC942}") = "coder", "commandline\coder\coder.vcproj", "{9A911956-CB56-4B2B-80E1-4FDE1A1C4E69}"
EndProject
Project("{8BC9CEB8-8B4A-11D0-8D11-00A0C91BC942}") = "convert2dxtn", "commandline\convert2dxtn\convert2dxtn.vcproj", "{C7FC820E-3FB0-4717-92FC-2B4DEC7D5BBE}"
EndProject
Project("{8BC9CEB8-8B4A-11D0-8D11-00A0C91BC942}") = "freetype", "..\lib\freetype\builds\win32\visualc\freetype.vcproj", "{D6343999-CDAE-46B9-ACAA-D360A7DEE1A7}"
EndProject
Project("{8BC9CEB8-8B4A-11D0-8D11-00A0C91BC942}") = "imgextract", "commandline\imgextract\imgextract.vcproj", "{C7994437-04EF-462B-B995-F744F49AE809}"
EndProject
Project("{8BC9CEB8-8B4A-11D0-8D11-00A0C91BC942}") = "imgrestore", "commandline\imgrestore\imgrestore.vcproj", "{1E656B04-BF88-4DCC-9E1F-8C8D66221D72}"
EndProject
Project("{8BC9CEB8-8B4A-11D0-8D11-00A0C91BC942}") = "libpng", "..\build\win32\libpng.vcproj", "{E153D44F-C846-4E6F-BA3F-694B323F4739}"
EndProject
Project("{8BC9CEB8-8B4A-11D0-8D11-00A0C91BC942}") = "log", "..\lib\log\log.vcproj", "{D1FB06CB-0811-4D9E-809E-951CD961DFEB}"
EndProject
Project("{8BC9CEB8-8B4A-11D0-8D11-00A0C91BC942}") = "mayaDagSelection4", "..\lib\maya\mayaDagSelection4.vcproj", "{B65EE5BE-C178-4514-BC51-EA3FDE1B8093}"
EndProject
Project("{8BC9CEB8-8B4A-11D0-8D11-00A0C91BC942}") = "mayaModifierStack4", "..\lib\maya\mayaModifierStack4.vcproj", "{8F3A36B8-77DE-44FB-A395-511FF226FD03}"
EndProject
Project("{8BC9CEB8-8B4A-11D0-8D11-00A0C91BC942}") = "mayaProgress4", "..\lib\maya\mayaProgress4.vcproj", "{0B8EC31F-14EA-4EEC-95B4-6102EECDDFF3}"
EndProject
Project("{8BC9CEB8-8B4A-11D0-8D11-00A0C91BC942}") = "mayaShadingGroup", "..\lib\maya\mayaShadingGroup.vcproj", "{FB0EB3DA-64E3-4091-8C83-27DC3B4A7DD3}"
EndProject
Project("{8BC9CEB8-8B4A-11D0-8D11-00A0C91BC942}") = "mayaWorkspace", "..\lib\maya\mayaWorkspace.vcproj", "{3CE32BC5-CF7D-4504-BA9D-B1E365604FF6}"
EndProject
Project("{8BC9CEB8-8B4A-11D0-8D11-00A0C91BC942}") = "memoryTrack", "..\lib\memoryTrack\memoryTrack.vcproj", "{7FA4EDCD-0E9C-4803-9C83-B49B322C82DA}"
EndProject
Project("{8BC9CEB8-8B4A-11D0-8D11-00A0C91BC942}") = "p3danim", "commandline\p3danim\p3danim.vcproj", "{DF8C889F-80FB-47D5-891C-31F045FDFD9C}"
EndProject
Project("{8BC9CEB8-8B4A-11D0-8D11-00A0C91BC942}") = "p3dcompress", "commandline\p3dcompress\p3dcompress.vcproj", "{A79CB317-BABA-4450-9EB8-3D2254D21253}"
EndProject
Project("{8BC9CEB8-8B4A-11D0-8D11-00A0C91BC942}") = "p3dconvert", "commandline\p3dconvert\p3dconvert.vcproj", "{461BF060-4B54-4D3C-B42C-E6CACDBBB10C}"
EndProject
Project("{8BC9CEB8-8B4A-11D0-8D11-00A0C91BC942}") = "p3dcopy", "commandline\p3dcopy\p3dcopy.vcproj", "{CAC52AB4-4963-4E22-A9E7-4E99D429F04B}"
EndProject
Project("{8BC9CEB8-8B4A-11D0-8D11-00A0C91BC942}") = "p3ddeindex", "commandline\p3ddeindex\p3ddeindex.vcproj", "{45B02CD7-E041-40D8-9520-59D621132497}"
EndProject
Project("{8BC9CEB8-8B4A-11D0-8D11-00A0C91BC942}") = "p3ddel", "commandline\p3ddel\p3ddel.vcproj", "{AE79CDDB-59B6-42AE-BA34-A65D6FFE06CE}"
EndProject
Project("{8BC9CEB8-8B4A-11D0-8D11-00A0C91BC942}") = "p3ddiff", "gui-win32\p3ddiff\p3ddiff.vcproj", "{1792B7B7-59B1-4EE7-B660-2EA479338C9E}"
EndProject
Project("{8BC9CEB8-8B4A-11D0-8D11-00A0C91BC942}") = "p3dexplorer", "gui-win32\p3dexplorer\p3dexplorer.vcproj", "{E0B553DA-FF98-476E-A711-71DA9C24C238}"
EndProject
Project("{8BC9CEB8-8B4A-11D0-8D11-00A0C91BC942}") = "p3dextract", "commandline\p3dextract\p3dextract.vcproj", "{7E29F277-2F73-4613-95B8-AA94B6B7A31C}"
EndProject
Project("{8BC9CEB8-8B4A-11D0-8D11-00A0C91BC942}") = "p3dgc", "commandline\p3dgc\p3dgc.vcproj", "{DDDBBBD1-3F9E-4103-B354-633FE90268B9}"
EndProject
Project("{8BC9CEB8-8B4A-11D0-8D11-00A0C91BC942}") = "p3dimage", "commandline\p3dimage\p3dimage.vcproj", "{CE00C2F1-2F1C-4E5E-B3E8-BBCA1F7B3990}"
EndProject
Project("{8BC9CEB8-8B4A-11D0-8D11-00A0C91BC942}") = "p3djoin", "commandline\p3djoin\p3djoin.vcproj", "{D6A46A8D-8DE8-465E-8CB2-532207C77311}"
EndProject
Project("{8BC9CEB8-8B4A-11D0-8D11-00A0C91BC942}") = "p3dlight", "commandline\p3dlight\p3dlight.vcproj", "{9E1AB5A7-CE25-4BBB-AA6B-4F3F192166E4}"
EndProject
Project("{8BC9CEB8-8B4A-11D0-8D11-00A0C91BC942}") = "p3dmakefont", "commandline\p3dmakefont\p3dmakefont.vcproj", "{BAA7376A-7A95-4D89-8E0E-27B8F1FF0E38}"
EndProject
Project("{8BC9CEB8-8B4A-11D0-8D11-00A0C91BC942}") = "p3dmayaexp4", "exporters\p3dmayaexp\p3dmayaexp40.vcproj", "{8D104C37-F7AA-43E0-A24E-95A90D99D07C}"
EndProject
Project("{8BC9CEB8-8B4A-11D0-8D11-00A0C91BC942}") = "p3dmemchunk", "commandline\p3dmemchunk\p3dmemchunk.vcproj", "{EF07EBF3-6C08-47EF-8E8E-80EF954F51A5}"
EndProject
Project("{8BC9CEB8-8B4A-11D0-8D11-00A0C91BC942}") = "p3dmergesg", "commandline\p3dmergesg\p3dmergesg.vcproj", "{501440F6-E442-4249-B7B3-5775C65B478E}"
EndProject
Project("{8BC9CEB8-8B4A-11D0-8D11-00A0C91BC942}") = "p3dmipmap", "commandline\p3dmipmap\p3dmipmap.vcproj", "{2F8FF850-120B-4D10-85FE-42D839E1D27F}"
EndProject
Project("{8BC9CEB8-8B4A-11D0-8D11-00A0C91BC942}") = "p3dmutate", "commandline\p3dmutate\p3dmutate.vcproj", "{B3F133BD-DBFC-44B4-B21C-36ACA9C673BA}"
EndProject
Project("{8BC9CEB8-8B4A-11D0-8D11-00A0C91BC942}") = "p3doffopt", "commandline\p3doffopt\p3doffopt.vcproj", "{04D8A7AB-61CD-441F-B1EF-9DD62EA58F36}"
EndProject
Project("{8BC9CEB8-8B4A-11D0-8D11-00A0C91BC942}") = "p3dpack", "commandline\p3dpack\p3dpack.vcproj", "{6D5BB40B-F4BD-4297-9690-012084EEA51A}"
EndProject
Project("{8BC9CEB8-8B4A-11D0-8D11-00A0C91BC942}") = "p3dphotonmap", "commandline\p3dphotonmap\p3dphotonmap.vcproj", "{8D248DFA-08AD-4C50-9EBD-6D4846A36D41}"
EndProject
Project("{8BC9CEB8-8B4A-11D0-8D11-00A0C91BC942}") = "p3dprimgroup", "commandline\p3dprimgroup\p3dprimgroup.vcproj", "{B146F984-5DD9-4CDB-BF81-6425429C9A2D}"
EndProject
Project("{8BC9CEB8-8B4A-11D0-8D11-00A0C91BC942}") = "p3dprint", "commandline\p3dprint\p3dprint.vcproj", "{C839D56B-8F69-4CDC-A859-2C175D35EF51}"
EndProject
Project("{8BC9CEB8-8B4A-11D0-8D11-00A0C91BC942}") = "p3dps2", "commandline\p3dps2\p3dps2.vcproj", "{4EACB4D4-6314-4538-B3C8-CFA3305682AB}"
EndProject
Project("{8BC9CEB8-8B4A-11D0-8D11-00A0C91BC942}") = "p3drule", "commandline\p3drule\p3drule.vcproj", "{E11B9464-10EE-4EAA-A3A9-ABABF6095FEE}"
EndProject
Project("{8BC9CEB8-8B4A-11D0-8D11-00A0C91BC942}") = "p3dscale", "commandline\p3dscale\p3dscale.vcproj", "{5EFF5296-BC3D-4F3B-8DB6-281B3533F039}"
EndProject
Project("{8BC9CEB8-8B4A-11D0-8D11-00A0C91BC942}") = "p3dshaderopt", "commandline\p3dshaderopt\p3dshaderopt.vcproj", "{01C42D74-DC90-4A98-A9E5-FCB02FA8371B}"
EndProject
Project("{8BC9CEB8-8B4A-11D0-8D11-00A0C91BC942}") = "p3dshadowvol", "commandline\p3dshadowvol\p3dshadowvol.vcproj", "{1C89FF88-42FF-4041-B176-1FABF8F1E0A4}"
EndProject
Project("{8BC9CEB8-8B4A-11D0-8D11-00A0C91BC942}") = "p3dskin", "commandline\p3dskin\p3dskin.vcproj", "{ECBD49BD-3B71-46A5-A1B1-73652FC3AA49}"
EndProject
Project("{8BC9CEB8-8B4A-11D0-8D11-00A0C91BC942}") = "p3dsubdivide", "commandline\p3dsubdivide\p3dsubdivide.vcproj", "{9852D690-171B-49EE-ABB5-CE50DBC47F64}"
EndProject
Project("{8BC9CEB8-8B4A-11D0-8D11-00A0C91BC942}") = "p3duid", "COMMANDLINE\p3duid\p3duid.vcproj", "{C37F6BA9-70CD-4098-B09D-6B08EAF9AB43}"
EndProject
Project("{8BC9CEB8-8B4A-11D0-8D11-00A0C91BC942}") = "p3dunishader", "commandline\p3dunishader\p3dunishader.vcproj", "{CFEE729C-E2CE-4FA9-8769-62748F6BEC92}"
EndProject
Project("{8BC9CEB8-8B4A-11D0-8D11-00A0C91BC942}") = "p3duv", "commandline\p3duv\p3duv.vcproj", "{3661387E-EBEB-489C-B77A-F6CF8CC5C697}"
EndProject
Project("{8BC9CEB8-8B4A-11D0-8D11-00A0C91BC942}") = "p3dvertex", "commandline\p3dvertex\p3dvertex.vcproj", "{C225239C-43FA-4625-A4F8-CAD5D2CAD6A0}"
EndProject
Project("{8BC9CEB8-8B4A-11D0-8D11-00A0C91BC942}") = "p3dvertexinfo", "commandline\p3dvertexinfo\p3dvertexinfo.vcproj", "{9D9AA79F-5A27-4F01-9254-56A532FDEF1B}"
EndProject
Project("{8BC9CEB8-8B4A-11D0-8D11-00A0C91BC942}") = "p3dworldspace", "commandline\p3dworldspace\p3dworldspace.vcproj", "{84160789-5273-454F-80F9-CA889B5751F2}"
EndProject
Project("{8BC9CEB8-8B4A-11D0-8D11-00A0C91BC942}") = "p3dxbox", "commandline\p3dxbox\p3dxbox.vcproj", "{622822EE-81BC-4CBA-AC16-2DC304BE6DCF}"
EndProject
Project("{8BC9CEB8-8B4A-11D0-8D11-00A0C91BC942}") = "radmath", "..\..\radmath\build\win32\radmath.vcproj", "{193860AF-2FF7-44CA-B716-03E5B46111A3}"
EndProject
Project("{8BC9CEB8-8B4A-11D0-8D11-00A0C91BC942}") = "regex", "..\lib\regex\regex.vcproj", "{F56859D4-9005-4612-AA23-6F7CB5369CA7}"
EndProject
Project("{8BC9CEB8-8B4A-11D0-8D11-00A0C91BC942}") = "rule", "..\lib\rule\rule.vcproj", "{D53664DF-B602-40AD-8067-9D0334FBB336}"
EndProject
Project("{8BC9CEB8-8B4A-11D0-8D11-00A0C91BC942}") = "simobj", "commandline\simobj\simobj.vcproj", "{35E020DC-1FA0-4C94-A3FA-26937B9BFA79}"
EndProject
Project("{8BC9CEB8-8B4A-11D0-8D11-00A0C91BC942}") = "token", "..\lib\tokenize\token.vcproj", "{9ADA6567-A315-4D03-814D-728E1BCEEB66}"
EndProject
Project("{8BC9CEB8-8B4A-11D0-8D11-00A0C91BC942}") = "toollib", "..\toollib\toollib.vcproj", "{678357DC-28B1-47AC-9E77-6F24878F9ADC}"
EndProject
Project("{8BC9CEB8-8B4A-11D0-8D11-00A0C91BC942}") = "toollib_extras", "..\toollib\toollib_extras.vcproj", "{69FD5FC2-2996-4BA6-B468-68FFA5EF6B3F}"
EndProject
Project("{8BC9CEB8-8B4A-11D0-8D11-00A0C91BC942}") = "tristrip", "commandline\tristrip\tristrip.vcproj", "{8210C86D-9664-4091-A392-AE6652AF6B45}"
EndProject
Project("{8BC9CEB8-8B4A-11D0-8D11-00A0C91BC942}") = "zlib", "..\build\win32\zlib.vcproj", "{0D527703-F7B0-45D0-919D-2D7866FAFE28}"
EndProject
Project("{8BC9CEB8-8B4A-11D0-8D11-00A0C91BC942}") = "p3dmulticbv", "commandline\p3dmulticbv\p3dmulticbv.vcproj", "{A94B2E20-817F-4C14-B1E1-4E2B06B6E07F}"
EndProject
Global
	GlobalSection(SolutionConfiguration) = preSolution
		ConfigName.0 = Debug
		ConfigName.1 = Release
		ConfigName.2 = Tools Debug
		ConfigName.3 = Tools Release
		ConfigName.4 = Tune
	EndGlobalSection
	GlobalSection(ProjectDependencies) = postSolution
		{C7FC820E-3FB0-4717-92FC-2B4DEC7D5BBE}.0 = {678357DC-28B1-47AC-9E77-6F24878F9ADC}
		{C7994437-04EF-462B-B995-F744F49AE809}.0 = {678357DC-28B1-47AC-9E77-6F24878F9ADC}
		{1E656B04-BF88-4DCC-9E1F-8C8D66221D72}.0 = {678357DC-28B1-47AC-9E77-6F24878F9ADC}
		{DF8C889F-80FB-47D5-891C-31F045FDFD9C}.0 = {678357DC-28B1-47AC-9E77-6F24878F9ADC}
		{A79CB317-BABA-4450-9EB8-3D2254D21253}.0 = {678357DC-28B1-47AC-9E77-6F24878F9ADC}
		{461BF060-4B54-4D3C-B42C-E6CACDBBB10C}.0 = {678357DC-28B1-47AC-9E77-6F24878F9ADC}
		{CAC52AB4-4963-4E22-A9E7-4E99D429F04B}.0 = {678357DC-28B1-47AC-9E77-6F24878F9ADC}
		{45B02CD7-E041-40D8-9520-59D621132497}.0 = {678357DC-28B1-47AC-9E77-6F24878F9ADC}
		{AE79CDDB-59B6-42AE-BA34-A65D6FFE06CE}.0 = {678357DC-28B1-47AC-9E77-6F24878F9ADC}
		{1792B7B7-59B1-4EE7-B660-2EA479338C9E}.0 = {678357DC-28B1-47AC-9E77-6F24878F9ADC}
		{E0B553DA-FF98-476E-A711-71DA9C24C238}.0 = {678357DC-28B1-47AC-9E77-6F24878F9ADC}
		{7E29F277-2F73-4613-95B8-AA94B6B7A31C}.0 = {678357DC-28B1-47AC-9E77-6F24878F9ADC}
		{DDDBBBD1-3F9E-4103-B354-633FE90268B9}.0 = {678357DC-28B1-47AC-9E77-6F24878F9ADC}
		{CE00C2F1-2F1C-4E5E-B3E8-BBCA1F7B3990}.0 = {678357DC-28B1-47AC-9E77-6F24878F9ADC}
		{D6A46A8D-8DE8-465E-8CB2-532207C77311}.0 = {678357DC-28B1-47AC-9E77-6F24878F9ADC}
		{9E1AB5A7-CE25-4BBB-AA6B-4F3F192166E4}.0 = {678357DC-28B1-47AC-9E77-6F24878F9ADC}
		{BAA7376A-7A95-4D89-8E0E-27B8F1FF0E38}.0 = {678357DC-28B1-47AC-9E77-6F24878F9ADC}
		{8D104C37-F7AA-43E0-A24E-95A90D99D07C}.0 = {678357DC-28B1-47AC-9E77-6F24878F9ADC}
		{8D104C37-F7AA-43E0-A24E-95A90D99D07C}.1 = {B65EE5BE-C178-4514-BC51-EA3FDE1B8093}
		{8D104C37-F7AA-43E0-A24E-95A90D99D07C}.2 = {0B8EC31F-14EA-4EEC-95B4-6102EECDDFF3}
		{8D104C37-F7AA-43E0-A24E-95A90D99D07C}.3 = {D53664DF-B602-40AD-8067-9D0334FBB336}
		{8D104C37-F7AA-43E0-A24E-95A90D99D07C}.4 = {D1FB06CB-0811-4D9E-809E-951CD961DFEB}
		{8D104C37-F7AA-43E0-A24E-95A90D99D07C}.5 = {3CE32BC5-CF7D-4504-BA9D-B1E365604FF6}
		{8D104C37-F7AA-43E0-A24E-95A90D99D07C}.6 = {7FA4EDCD-0E9C-4803-9C83-B49B322C82DA}
		{8D104C37-F7AA-43E0-A24E-95A90D99D07C}.7 = {E153D44F-C846-4E6F-BA3F-694B323F4739}
		{8D104C37-F7AA-43E0-A24E-95A90D99D07C}.8 = {F56859D4-9005-4612-AA23-6F7CB5369CA7}
		{8D104C37-F7AA-43E0-A24E-95A90D99D07C}.9 = {69FD5FC2-2996-4BA6-B468-68FFA5EF6B3F}
		{8D104C37-F7AA-43E0-A24E-95A90D99D07C}.10 = {0D527703-F7B0-45D0-919D-2D7866FAFE28}
		{8D104C37-F7AA-43E0-A24E-95A90D99D07C}.11 = {D6343999-CDAE-46B9-ACAA-D360A7DEE1A7}
		{8D104C37-F7AA-43E0-A24E-95A90D99D07C}.12 = {FB0EB3DA-64E3-4091-8C83-27DC3B4A7DD3}
		{EF07EBF3-6C08-47EF-8E8E-80EF954F51A5}.0 = {678357DC-28B1-47AC-9E77-6F24878F9ADC}
		{501440F6-E442-4249-B7B3-5775C65B478E}.0 = {678357DC-28B1-47AC-9E77-6F24878F9ADC}
		{2F8FF850-120B-4D10-85FE-42D839E1D27F}.0 = {678357DC-28B1-47AC-9E77-6F24878F9ADC}
		{B3F133BD-DBFC-44B4-B21C-36ACA9C673BA}.0 = {678357DC-28B1-47AC-9E77-6F24878F9ADC}
		{04D8A7AB-61CD-441F-B1EF-9DD62EA58F36}.0 = {678357DC-28B1-47AC-9E77-6F24878F9ADC}
		{6D5BB40B-F4BD-4297-9690-012084EEA51A}.0 = {678357DC-28B1-47AC-9E77-6F24878F9ADC}
		{8D248DFA-08AD-4C50-9EBD-6D4846A36D41}.0 = {678357DC-28B1-47AC-9E77-6F24878F9ADC}
		{B146F984-5DD9-4CDB-BF81-6425429C9A2D}.0 = {678357DC-28B1-47AC-9E77-6F24878F9ADC}
		{C839D56B-8F69-4CDC-A859-2C175D35EF51}.0 = {678357DC-28B1-47AC-9E77-6F24878F9ADC}
		{4EACB4D4-6314-4538-B3C8-CFA3305682AB}.0 = {678357DC-28B1-47AC-9E77-6F24878F9ADC}
		{E11B9464-10EE-4EAA-A3A9-ABABF6095FEE}.0 = {678357DC-28B1-47AC-9E77-6F24878F9ADC}
		{E11B9464-10EE-4EAA-A3A9-ABABF6095FEE}.1 = {D1FB06CB-0811-4D9E-809E-951CD961DFEB}
		{E11B9464-10EE-4EAA-A3A9-ABABF6095FEE}.2 = {F56859D4-9005-4612-AA23-6F7CB5369CA7}
		{E11B9464-10EE-4EAA-A3A9-ABABF6095FEE}.3 = {D53664DF-B602-40AD-8067-9D0334FBB336}
		{E11B9464-10EE-4EAA-A3A9-ABABF6095FEE}.4 = {9ADA6567-A315-4D03-814D-728E1BCEEB66}
		{E11B9464-10EE-4EAA-A3A9-ABABF6095FEE}.5 = {D6343999-CDAE-46B9-ACAA-D360A7DEE1A7}
		{E11B9464-10EE-4EAA-A3A9-ABABF6095FEE}.6 = {E153D44F-C846-4E6F-BA3F-694B323F4739}
		{E11B9464-10EE-4EAA-A3A9-ABABF6095FEE}.7 = {0D527703-F7B0-45D0-919D-2D7866FAFE28}
		{5EFF5296-BC3D-4F3B-8DB6-281B3533F039}.0 = {678357DC-28B1-47AC-9E77-6F24878F9ADC}
		{01C42D74-DC90-4A98-A9E5-FCB02FA8371B}.0 = {678357DC-28B1-47AC-9E77-6F24878F9ADC}
		{1C89FF88-42FF-4041-B176-1FABF8F1E0A4}.0 = {678357DC-28B1-47AC-9E77-6F24878F9ADC}
		{ECBD49BD-3B71-46A5-A1B1-73652FC3AA49}.0 = {678357DC-28B1-47AC-9E77-6F24878F9ADC}
		{9852D690-171B-49EE-ABB5-CE50DBC47F64}.0 = {678357DC-28B1-47AC-9E77-6F24878F9ADC}
		{C37F6BA9-70CD-4098-B09D-6B08EAF9AB43}.0 = {678357DC-28B1-47AC-9E77-6F24878F9ADC}
		{CFEE729C-E2CE-4FA9-8769-62748F6BEC92}.0 = {678357DC-28B1-47AC-9E77-6F24878F9ADC}
		{3661387E-EBEB-489C-B77A-F6CF8CC5C697}.0 = {678357DC-28B1-47AC-9E77-6F24878F9ADC}
		{C225239C-43FA-4625-A4F8-CAD5D2CAD6A0}.0 = {678357DC-28B1-47AC-9E77-6F24878F9ADC}
		{9D9AA79F-5A27-4F01-9254-56A532FDEF1B}.0 = {678357DC-28B1-47AC-9E77-6F24878F9ADC}
		{84160789-5273-454F-80F9-CA889B5751F2}.0 = {678357DC-28B1-47AC-9E77-6F24878F9ADC}
		{622822EE-81BC-4CBA-AC16-2DC304BE6DCF}.0 = {678357DC-28B1-47AC-9E77-6F24878F9ADC}
		{D53664DF-B602-40AD-8067-9D0334FBB336}.0 = {678357DC-28B1-47AC-9E77-6F24878F9ADC}
		{D53664DF-B602-40AD-8067-9D0334FBB336}.1 = {F56859D4-9005-4612-AA23-6F7CB5369CA7}
		{35E020DC-1FA0-4C94-A3FA-26937B9BFA79}.0 = {D6343999-CDAE-46B9-ACAA-D360A7DEE1A7}
		{35E020DC-1FA0-4C94-A3FA-26937B9BFA79}.1 = {E153D44F-C846-4E6F-BA3F-694B323F4739}
		{35E020DC-1FA0-4C94-A3FA-26937B9BFA79}.2 = {678357DC-28B1-47AC-9E77-6F24878F9ADC}
		{35E020DC-1FA0-4C94-A3FA-26937B9BFA79}.3 = {0D527703-F7B0-45D0-919D-2D7866FAFE28}
		{678357DC-28B1-47AC-9E77-6F24878F9ADC}.0 = {E153D44F-C846-4E6F-BA3F-694B323F4739}
		{678357DC-28B1-47AC-9E77-6F24878F9ADC}.1 = {0D527703-F7B0-45D0-919D-2D7866FAFE28}
		{678357DC-28B1-47AC-9E77-6F24878F9ADC}.2 = {D6343999-CDAE-46B9-ACAA-D360A7DEE1A7}
		{678357DC-28B1-47AC-9E77-6F24878F9ADC}.3 = {193860AF-2FF7-44CA-B716-03E5B46111A3}
		{678357DC-28B1-47AC-9E77-6F24878F9ADC}.4 = {69FD5FC2-2996-4BA6-B468-68FFA5EF6B3F}
		{8210C86D-9664-4091-A392-AE6652AF6B45}.0 = {678357DC-28B1-47AC-9E77-6F24878F9ADC}
		{A94B2E20-817F-4C14-B1E1-4E2B06B6E07F}.0 = {678357DC-28B1-47AC-9E77-6F24878F9ADC}
	EndGlobalSection
	GlobalSection(ProjectConfiguration) = postSolution
		{B9DA0128-D5AD-4347-9B8C-13280EBCB060}.Debug.ActiveCfg = Debug|Win32
		{B9DA0128-D5AD-4347-9B8C-13280EBCB060}.Debug.Build.0 = Debug|Win32
		{B9DA0128-D5AD-4347-9B8C-13280EBCB060}.Release.ActiveCfg = Release|Win32
		{B9DA0128-D5AD-4347-9B8C-13280EBCB060}.Release.Build.0 = Release|Win32
		{B9DA0128-D5AD-4347-9B8C-13280EBCB060}.Tools Debug.ActiveCfg = Debug|Win32
		{B9DA0128-D5AD-4347-9B8C-13280EBCB060}.Tools Debug.Build.0 = Debug|Win32
		{B9DA0128-D5AD-4347-9B8C-13280EBCB060}.Tools Release.ActiveCfg = Release|Win32
		{B9DA0128-D5AD-4347-9B8C-13280EBCB060}.Tools Release.Build.0 = Release|Win32
		{B9DA0128-D5AD-4347-9B8C-13280EBCB060}.Tune.ActiveCfg = Debug|Win32
		{B9DA0128-D5AD-4347-9B8C-13280EBCB060}.Tune.Build.0 = Debug|Win32
		{39CC8751-0CDA-4A94-B0B2-CD02D2898A3C}.Debug.ActiveCfg = Debug|Win32
		{39CC8751-0CDA-4A94-B0B2-CD02D2898A3C}.Debug.Build.0 = Debug|Win32
		{39CC8751-0CDA-4A94-B0B2-CD02D2898A3C}.Release.ActiveCfg = Release|Win32
		{39CC8751-0CDA-4A94-B0B2-CD02D2898A3C}.Release.Build.0 = Release|Win32
		{39CC8751-0CDA-4A94-B0B2-CD02D2898A3C}.Tools Debug.ActiveCfg = Debug|Win32
		{39CC8751-0CDA-4A94-B0B2-CD02D2898A3C}.Tools Debug.Build.0 = Debug|Win32
		{39CC8751-0CDA-4A94-B0B2-CD02D2898A3C}.Tools Release.ActiveCfg = Release|Win32
		{39CC8751-0CDA-4A94-B0B2-CD02D2898A3C}.Tools Release.Build.0 = Release|Win32
		{39CC8751-0CDA-4A94-B0B2-CD02D2898A3C}.Tune.ActiveCfg = Release|Win32
		{39CC8751-0CDA-4A94-B0B2-CD02D2898A3C}.Tune.Build.0 = Release|Win32
		{5C193282-9943-4A6B-9FCE-F7B011ADFF0B}.Debug.ActiveCfg = Debug|Win32
		{5C193282-9943-4A6B-9FCE-F7B011ADFF0B}.Debug.Build.0 = Debug|Win32
		{5C193282-9943-4A6B-9FCE-F7B011ADFF0B}.Release.ActiveCfg = Release|Win32
		{5C193282-9943-4A6B-9FCE-F7B011ADFF0B}.Release.Build.0 = Release|Win32
		{5C193282-9943-4A6B-9FCE-F7B011ADFF0B}.Tools Debug.ActiveCfg = Debug|Win32
		{5C193282-9943-4A6B-9FCE-F7B011ADFF0B}.Tools Debug.Build.0 = Debug|Win32
		{5C193282-9943-4A6B-9FCE-F7B011ADFF0B}.Tools Release.ActiveCfg = Release|Win32
		{5C193282-9943-4A6B-9FCE-F7B011ADFF0B}.Tools Release.Build.0 = Release|Win32
		{5C193282-9943-4A6B-9FCE-F7B011ADFF0B}.Tune.ActiveCfg = Debug|Win32
		{5C193282-9943-4A6B-9FCE-F7B011ADFF0B}.Tune.Build.0 = Debug|Win32
		{9A911956-CB56-4B2B-80E1-4FDE1A1C4E69}.Debug.ActiveCfg = Debug|Win32
		{9A911956-CB56-4B2B-80E1-4FDE1A1C4E69}.Debug.Build.0 = Debug|Win32
		{9A911956-CB56-4B2B-80E1-4FDE1A1C4E69}.Release.ActiveCfg = Release|Win32
		{9A911956-CB56-4B2B-80E1-4FDE1A1C4E69}.Release.Build.0 = Release|Win32
		{9A911956-CB56-4B2B-80E1-4FDE1A1C4E69}.Tools Debug.ActiveCfg = Debug|Win32
		{9A911956-CB56-4B2B-80E1-4FDE1A1C4E69}.Tools Debug.Build.0 = Debug|Win32
		{9A911956-CB56-4B2B-80E1-4FDE1A1C4E69}.Tools Release.ActiveCfg = Release|Win32
		{9A911956-CB56-4B2B-80E1-4FDE1A1C4E69}.Tools Release.Build.0 = Release|Win32
		{9A911956-CB56-4B2B-80E1-4FDE1A1C4E69}.Tune.ActiveCfg = Debug|Win32
		{9A911956-CB56-4B2B-80E1-4FDE1A1C4E69}.Tune.Build.0 = Debug|Win32
		{C7FC820E-3FB0-4717-92FC-2B4DEC7D5BBE}.Debug.ActiveCfg = Debug|Win32
		{C7FC820E-3FB0-4717-92FC-2B4DEC7D5BBE}.Debug.Build.0 = Debug|Win32
		{C7FC820E-3FB0-4717-92FC-2B4DEC7D5BBE}.Release.ActiveCfg = Release|Win32
		{C7FC820E-3FB0-4717-92FC-2B4DEC7D5BBE}.Release.Build.0 = Release|Win32
		{C7FC820E-3FB0-4717-92FC-2B4DEC7D5BBE}.Tools Debug.ActiveCfg = Debug|Win32
		{C7FC820E-3FB0-4717-92FC-2B4DEC7D5BBE}.Tools Debug.Build.0 = Debug|Win32
		{C7FC820E-3FB0-4717-92FC-2B4DEC7D5BBE}.Tools Release.ActiveCfg = Release|Win32
		{C7FC820E-3FB0-4717-92FC-2B4DEC7D5BBE}.Tools Release.Build.0 = Release|Win32
		{C7FC820E-3FB0-4717-92FC-2B4DEC7D5BBE}.Tune.ActiveCfg = Debug|Win32
		{C7FC820E-3FB0-4717-92FC-2B4DEC7D5BBE}.Tune.Build.0 = Debug|Win32
		{D6343999-CDAE-46B9-ACAA-D360A7DEE1A7}.Debug.ActiveCfg = Debug|Win32
		{D6343999-CDAE-46B9-ACAA-D360A7DEE1A7}.Debug.Build.0 = Debug|Win32
		{D6343999-CDAE-46B9-ACAA-D360A7DEE1A7}.Release.ActiveCfg = Release|Win32
		{D6343999-CDAE-46B9-ACAA-D360A7DEE1A7}.Release.Build.0 = Release|Win32
		{D6343999-CDAE-46B9-ACAA-D360A7DEE1A7}.Tools Debug.ActiveCfg = Tools Debug|Win32
		{D6343999-CDAE-46B9-ACAA-D360A7DEE1A7}.Tools Debug.Build.0 = Tools Debug|Win32
		{D6343999-CDAE-46B9-ACAA-D360A7DEE1A7}.Tools Release.ActiveCfg = Tools Release|Win32
		{D6343999-CDAE-46B9-ACAA-D360A7DEE1A7}.Tools Release.Build.0 = Tools Release|Win32
		{D6343999-CDAE-46B9-ACAA-D360A7DEE1A7}.Tune.ActiveCfg = Tools Release|Win32
		{D6343999-CDAE-46B9-ACAA-D360A7DEE1A7}.Tune.Build.0 = Tools Release|Win32
		{C7994437-04EF-462B-B995-F744F49AE809}.Debug.ActiveCfg = Debug|Win32
		{C7994437-04EF-462B-B995-F744F49AE809}.Debug.Build.0 = Debug|Win32
		{C7994437-04EF-462B-B995-F744F49AE809}.Release.ActiveCfg = Release|Win32
		{C7994437-04EF-462B-B995-F744F49AE809}.Release.Build.0 = Release|Win32
		{C7994437-04EF-462B-B995-F744F49AE809}.Tools Debug.ActiveCfg = Debug|Win32
		{C7994437-04EF-462B-B995-F744F49AE809}.Tools Debug.Build.0 = Debug|Win32
		{C7994437-04EF-462B-B995-F744F49AE809}.Tools Release.ActiveCfg = Release|Win32
		{C7994437-04EF-462B-B995-F744F49AE809}.Tools Release.Build.0 = Release|Win32
		{C7994437-04EF-462B-B995-F744F49AE809}.Tune.ActiveCfg = Debug|Win32
		{C7994437-04EF-462B-B995-F744F49AE809}.Tune.Build.0 = Debug|Win32
		{1E656B04-BF88-4DCC-9E1F-8C8D66221D72}.Debug.ActiveCfg = Debug|Win32
		{1E656B04-BF88-4DCC-9E1F-8C8D66221D72}.Debug.Build.0 = Debug|Win32
		{1E656B04-BF88-4DCC-9E1F-8C8D66221D72}.Release.ActiveCfg = Release|Win32
		{1E656B04-BF88-4DCC-9E1F-8C8D66221D72}.Release.Build.0 = Release|Win32
		{1E656B04-BF88-4DCC-9E1F-8C8D66221D72}.Tools Debug.ActiveCfg = Debug|Win32
		{1E656B04-BF88-4DCC-9E1F-8C8D66221D72}.Tools Debug.Build.0 = Debug|Win32
		{1E656B04-BF88-4DCC-9E1F-8C8D66221D72}.Tools Release.ActiveCfg = Release|Win32
		{1E656B04-BF88-4DCC-9E1F-8C8D66221D72}.Tools Release.Build.0 = Release|Win32
		{1E656B04-BF88-4DCC-9E1F-8C8D66221D72}.Tune.ActiveCfg = Debug|Win32
		{1E656B04-BF88-4DCC-9E1F-8C8D66221D72}.Tune.Build.0 = Debug|Win32
		{E153D44F-C846-4E6F-BA3F-694B323F4739}.Debug.ActiveCfg = Debug|Win32
		{E153D44F-C846-4E6F-BA3F-694B323F4739}.Debug.Build.0 = Debug|Win32
		{E153D44F-C846-4E6F-BA3F-694B323F4739}.Release.ActiveCfg = Release|Win32
		{E153D44F-C846-4E6F-BA3F-694B323F4739}.Release.Build.0 = Release|Win32
		{E153D44F-C846-4E6F-BA3F-694B323F4739}.Tools Debug.ActiveCfg = Tools Debug|Win32
		{E153D44F-C846-4E6F-BA3F-694B323F4739}.Tools Debug.Build.0 = Tools Debug|Win32
		{E153D44F-C846-4E6F-BA3F-694B323F4739}.Tools Release.ActiveCfg = Tools Release|Win32
		{E153D44F-C846-4E6F-BA3F-694B323F4739}.Tools Release.Build.0 = Tools Release|Win32
		{E153D44F-C846-4E6F-BA3F-694B323F4739}.Tune.ActiveCfg = Tune|Win32
		{E153D44F-C846-4E6F-BA3F-694B323F4739}.Tune.Build.0 = Tune|Win32
		{D1FB06CB-0811-4D9E-809E-951CD961DFEB}.Debug.ActiveCfg = Debug|Win32
		{D1FB06CB-0811-4D9E-809E-951CD961DFEB}.Debug.Build.0 = Debug|Win32
		{D1FB06CB-0811-4D9E-809E-951CD961DFEB}.Release.ActiveCfg = Release|Win32
		{D1FB06CB-0811-4D9E-809E-951CD961DFEB}.Release.Build.0 = Release|Win32
		{D1FB06CB-0811-4D9E-809E-951CD961DFEB}.Tools Debug.ActiveCfg = Tools Debug|Win32
		{D1FB06CB-0811-4D9E-809E-951CD961DFEB}.Tools Debug.Build.0 = Tools Debug|Win32
		{D1FB06CB-0811-4D9E-809E-951CD961DFEB}.Tools Release.ActiveCfg = Tools Release|Win32
		{D1FB06CB-0811-4D9E-809E-951CD961DFEB}.Tools Release.Build.0 = Tools Release|Win32
		{D1FB06CB-0811-4D9E-809E-951CD961DFEB}.Tune.ActiveCfg = Tools Debug|Win32
		{D1FB06CB-0811-4D9E-809E-951CD961DFEB}.Tune.Build.0 = Tools Debug|Win32
		{B65EE5BE-C178-4514-BC51-EA3FDE1B8093}.Debug.ActiveCfg = Tools Debug|Win32
		{B65EE5BE-C178-4514-BC51-EA3FDE1B8093}.Debug.Build.0 = Tools Debug|Win32
		{B65EE5BE-C178-4514-BC51-EA3FDE1B8093}.Release.ActiveCfg = Tools Release|Win32
		{B65EE5BE-C178-4514-BC51-EA3FDE1B8093}.Release.Build.0 = Tools Release|Win32
		{B65EE5BE-C178-4514-BC51-EA3FDE1B8093}.Tools Debug.ActiveCfg = Tools Debug|Win32
		{B65EE5BE-C178-4514-BC51-EA3FDE1B8093}.Tools Debug.Build.0 = Tools Debug|Win32
		{B65EE5BE-C178-4514-BC51-EA3FDE1B8093}.Tools Release.ActiveCfg = Tools Release|Win32
		{B65EE5BE-C178-4514-BC51-EA3FDE1B8093}.Tools Release.Build.0 = Tools Release|Win32
		{B65EE5BE-C178-4514-BC51-EA3FDE1B8093}.Tune.ActiveCfg = Tools Debug|Win32
		{B65EE5BE-C178-4514-BC51-EA3FDE1B8093}.Tune.Build.0 = Tools Debug|Win32
		{8F3A36B8-77DE-44FB-A395-511FF226FD03}.Debug.ActiveCfg = Tools Debug|Win32
		{8F3A36B8-77DE-44FB-A395-511FF226FD03}.Debug.Build.0 = Tools Debug|Win32
		{8F3A36B8-77DE-44FB-A395-511FF226FD03}.Release.ActiveCfg = Tools Release|Win32
		{8F3A36B8-77DE-44FB-A395-511FF226FD03}.Release.Build.0 = Tools Release|Win32
		{8F3A36B8-77DE-44FB-A395-511FF226FD03}.Tools Debug.ActiveCfg = Tools Debug|Win32
		{8F3A36B8-77DE-44FB-A395-511FF226FD03}.Tools Debug.Build.0 = Tools Debug|Win32
		{8F3A36B8-77DE-44FB-A395-511FF226FD03}.Tools Release.ActiveCfg = Tools Release|Win32
		{8F3A36B8-77DE-44FB-A395-511FF226FD03}.Tools Release.Build.0 = Tools Release|Win32
		{8F3A36B8-77DE-44FB-A395-511FF226FD03}.Tune.ActiveCfg = Tools Release|Win32
		{8F3A36B8-77DE-44FB-A395-511FF226FD03}.Tune.Build.0 = Tools Release|Win32
		{0B8EC31F-14EA-4EEC-95B4-6102EECDDFF3}.Debug.ActiveCfg = Tools Debug|Win32
		{0B8EC31F-14EA-4EEC-95B4-6102EECDDFF3}.Debug.Build.0 = Tools Debug|Win32
		{0B8EC31F-14EA-4EEC-95B4-6102EECDDFF3}.Release.ActiveCfg = Tools Release|Win32
		{0B8EC31F-14EA-4EEC-95B4-6102EECDDFF3}.Release.Build.0 = Tools Release|Win32
		{0B8EC31F-14EA-4EEC-95B4-6102EECDDFF3}.Tools Debug.ActiveCfg = Tools Debug|Win32
		{0B8EC31F-14EA-4EEC-95B4-6102EECDDFF3}.Tools Debug.Build.0 = Tools Debug|Win32
		{0B8EC31F-14EA-4EEC-95B4-6102EECDDFF3}.Tools Release.ActiveCfg = Tools Release|Win32
		{0B8EC31F-14EA-4EEC-95B4-6102EECDDFF3}.Tools Release.Build.0 = Tools Release|Win32
		{0B8EC31F-14EA-4EEC-95B4-6102EECDDFF3}.Tune.ActiveCfg = Tools Debug|Win32
		{0B8EC31F-14EA-4EEC-95B4-6102EECDDFF3}.Tune.Build.0 = Tools Debug|Win32
		{FB0EB3DA-64E3-4091-8C83-27DC3B4A7DD3}.Debug.ActiveCfg = Tools Debug|Win32
		{FB0EB3DA-64E3-4091-8C83-27DC3B4A7DD3}.Debug.Build.0 = Tools Debug|Win32
		{FB0EB3DA-64E3-4091-8C83-27DC3B4A7DD3}.Release.ActiveCfg = Tools Release|Win32
		{FB0EB3DA-64E3-4091-8C83-27DC3B4A7DD3}.Release.Build.0 = Tools Release|Win32
		{FB0EB3DA-64E3-4091-8C83-27DC3B4A7DD3}.Tools Debug.ActiveCfg = Tools Debug|Win32
		{FB0EB3DA-64E3-4091-8C83-27DC3B4A7DD3}.Tools Debug.Build.0 = Tools Debug|Win32
		{FB0EB3DA-64E3-4091-8C83-27DC3B4A7DD3}.Tools Release.ActiveCfg = Tools Release|Win32
		{FB0EB3DA-64E3-4091-8C83-27DC3B4A7DD3}.Tools Release.Build.0 = Tools Release|Win32
		{FB0EB3DA-64E3-4091-8C83-27DC3B4A7DD3}.Tune.ActiveCfg = Tools Release|Win32
		{FB0EB3DA-64E3-4091-8C83-27DC3B4A7DD3}.Tune.Build.0 = Tools Release|Win32
		{3CE32BC5-CF7D-4504-BA9D-B1E365604FF6}.Debug.ActiveCfg = Tools Debug|Win32
		{3CE32BC5-CF7D-4504-BA9D-B1E365604FF6}.Debug.Build.0 = Tools Debug|Win32
		{3CE32BC5-CF7D-4504-BA9D-B1E365604FF6}.Release.ActiveCfg = Tools Release|Win32
		{3CE32BC5-CF7D-4504-BA9D-B1E365604FF6}.Release.Build.0 = Tools Release|Win32
		{3CE32BC5-CF7D-4504-BA9D-B1E365604FF6}.Tools Debug.ActiveCfg = Tools Debug|Win32
		{3CE32BC5-CF7D-4504-BA9D-B1E365604FF6}.Tools Debug.Build.0 = Tools Debug|Win32
		{3CE32BC5-CF7D-4504-BA9D-B1E365604FF6}.Tools Release.ActiveCfg = Tools Release|Win32
		{3CE32BC5-CF7D-4504-BA9D-B1E365604FF6}.Tools Release.Build.0 = Tools Release|Win32
		{3CE32BC5-CF7D-4504-BA9D-B1E365604FF6}.Tune.ActiveCfg = Tools Debug|Win32
		{3CE32BC5-CF7D-4504-BA9D-B1E365604FF6}.Tune.Build.0 = Tools Debug|Win32
		{7FA4EDCD-0E9C-4803-9C83-B49B322C82DA}.Debug.ActiveCfg = Debug|Win32
		{7FA4EDCD-0E9C-4803-9C83-B49B322C82DA}.Debug.Build.0 = Debug|Win32
		{7FA4EDCD-0E9C-4803-9C83-B49B322C82DA}.Release.ActiveCfg = Release|Win32
		{7FA4EDCD-0E9C-4803-9C83-B49B322C82DA}.Release.Build.0 = Release|Win32
		{7FA4EDCD-0E9C-4803-9C83-B49B322C82DA}.Tools Debug.ActiveCfg = Tools Debug|Win32
		{7FA4EDCD-0E9C-4803-9C83-B49B322C82DA}.Tools Debug.Build.0 = Tools Debug|Win32
		{7FA4EDCD-0E9C-4803-9C83-B49B322C82DA}.Tools Release.ActiveCfg = Tools Release|Win32
		{7FA4EDCD-0E9C-4803-9C83-B49B322C82DA}.Tools Release.Build.0 = Tools Release|Win32
		{7FA4EDCD-0E9C-4803-9C83-B49B322C82DA}.Tune.ActiveCfg = Tools Debug|Win32
		{7FA4EDCD-0E9C-4803-9C83-B49B322C82DA}.Tune.Build.0 = Tools Debug|Win32
		{DF8C889F-80FB-47D5-891C-31F045FDFD9C}.Debug.ActiveCfg = Debug|Win32
		{DF8C889F-80FB-47D5-891C-31F045FDFD9C}.Debug.Build.0 = Debug|Win32
		{DF8C889F-80FB-47D5-891C-31F045FDFD9C}.Release.ActiveCfg = Release|Win32
		{DF8C889F-80FB-47D5-891C-31F045FDFD9C}.Release.Build.0 = Release|Win32
		{DF8C889F-80FB-47D5-891C-31F045FDFD9C}.Tools Debug.ActiveCfg = Debug|Win32
		{DF8C889F-80FB-47D5-891C-31F045FDFD9C}.Tools Debug.Build.0 = Debug|Win32
		{DF8C889F-80FB-47D5-891C-31F045FDFD9C}.Tools Release.ActiveCfg = Release|Win32
		{DF8C889F-80FB-47D5-891C-31F045FDFD9C}.Tools Release.Build.0 = Release|Win32
		{DF8C889F-80FB-47D5-891C-31F045FDFD9C}.Tune.ActiveCfg = Debug|Win32
		{DF8C889F-80FB-47D5-891C-31F045FDFD9C}.Tune.Build.0 = Debug|Win32
		{A79CB317-BABA-4450-9EB8-3D2254D21253}.Debug.ActiveCfg = Debug|Win32
		{A79CB317-BABA-4450-9EB8-3D2254D21253}.Debug.Build.0 = Debug|Win32
		{A79CB317-BABA-4450-9EB8-3D2254D21253}.Release.ActiveCfg = Release|Win32
		{A79CB317-BABA-4450-9EB8-3D2254D21253}.Release.Build.0 = Release|Win32
		{A79CB317-BABA-4450-9EB8-3D2254D21253}.Tools Debug.ActiveCfg = Debug|Win32
		{A79CB317-BABA-4450-9EB8-3D2254D21253}.Tools Debug.Build.0 = Debug|Win32
		{A79CB317-BABA-4450-9EB8-3D2254D21253}.Tools Release.ActiveCfg = Release|Win32
		{A79CB317-BABA-4450-9EB8-3D2254D21253}.Tools Release.Build.0 = Release|Win32
		{A79CB317-BABA-4450-9EB8-3D2254D21253}.Tune.ActiveCfg = Debug|Win32
		{A79CB317-BABA-4450-9EB8-3D2254D21253}.Tune.Build.0 = Debug|Win32
		{461BF060-4B54-4D3C-B42C-E6CACDBBB10C}.Debug.ActiveCfg = Debug|Win32
		{461BF060-4B54-4D3C-B42C-E6CACDBBB10C}.Debug.Build.0 = Debug|Win32
		{461BF060-4B54-4D3C-B42C-E6CACDBBB10C}.Release.ActiveCfg = Release|Win32
		{461BF060-4B54-4D3C-B42C-E6CACDBBB10C}.Release.Build.0 = Release|Win32
		{461BF060-4B54-4D3C-B42C-E6CACDBBB10C}.Tools Debug.ActiveCfg = Debug|Win32
		{461BF060-4B54-4D3C-B42C-E6CACDBBB10C}.Tools Debug.Build.0 = Debug|Win32
		{461BF060-4B54-4D3C-B42C-E6CACDBBB10C}.Tools Release.ActiveCfg = Release|Win32
		{461BF060-4B54-4D3C-B42C-E6CACDBBB10C}.Tools Release.Build.0 = Release|Win32
		{461BF060-4B54-4D3C-B42C-E6CACDBBB10C}.Tune.ActiveCfg = Release|Win32
		{461BF060-4B54-4D3C-B42C-E6CACDBBB10C}.Tune.Build.0 = Release|Win32
		{CAC52AB4-4963-4E22-A9E7-4E99D429F04B}.Debug.ActiveCfg = Debug|Win32
		{CAC52AB4-4963-4E22-A9E7-4E99D429F04B}.Debug.Build.0 = Debug|Win32
		{CAC52AB4-4963-4E22-A9E7-4E99D429F04B}.Release.ActiveCfg = Release|Win32
		{CAC52AB4-4963-4E22-A9E7-4E99D429F04B}.Release.Build.0 = Release|Win32
		{CAC52AB4-4963-4E22-A9E7-4E99D429F04B}.Tools Debug.ActiveCfg = Debug|Win32
		{CAC52AB4-4963-4E22-A9E7-4E99D429F04B}.Tools Debug.Build.0 = Debug|Win32
		{CAC52AB4-4963-4E22-A9E7-4E99D429F04B}.Tools Release.ActiveCfg = Release|Win32
		{CAC52AB4-4963-4E22-A9E7-4E99D429F04B}.Tools Release.Build.0 = Release|Win32
		{CAC52AB4-4963-4E22-A9E7-4E99D429F04B}.Tune.ActiveCfg = Release|Win32
		{CAC52AB4-4963-4E22-A9E7-4E99D429F04B}.Tune.Build.0 = Release|Win32
		{45B02CD7-E041-40D8-9520-59D621132497}.Debug.ActiveCfg = Debug|Win32
		{45B02CD7-E041-40D8-9520-59D621132497}.Debug.Build.0 = Debug|Win32
		{45B02CD7-E041-40D8-9520-59D621132497}.Release.ActiveCfg = Release|Win32
		{45B02CD7-E041-40D8-9520-59D621132497}.Release.Build.0 = Release|Win32
		{45B02CD7-E041-40D8-9520-59D621132497}.Tools Debug.ActiveCfg = Debug|Win32
		{45B02CD7-E041-40D8-9520-59D621132497}.Tools Debug.Build.0 = Debug|Win32
		{45B02CD7-E041-40D8-9520-59D621132497}.Tools Release.ActiveCfg = Release|Win32
		{45B02CD7-E041-40D8-9520-59D621132497}.Tools Release.Build.0 = Release|Win32
		{45B02CD7-E041-40D8-9520-59D621132497}.Tune.ActiveCfg = Debug|Win32
		{45B02CD7-E041-40D8-9520-59D621132497}.Tune.Build.0 = Debug|Win32
		{AE79CDDB-59B6-42AE-BA34-A65D6FFE06CE}.Debug.ActiveCfg = Debug|Win32
		{AE79CDDB-59B6-42AE-BA34-A65D6FFE06CE}.Debug.Build.0 = Debug|Win32
		{AE79CDDB-59B6-42AE-BA34-A65D6FFE06CE}.Release.ActiveCfg = Release|Win32
		{AE79CDDB-59B6-42AE-BA34-A65D6FFE06CE}.Release.Build.0 = Release|Win32
		{AE79CDDB-59B6-42AE-BA34-A65D6FFE06CE}.Tools Debug.ActiveCfg = Debug|Win32
		{AE79CDDB-59B6-42AE-BA34-A65D6FFE06CE}.Tools Debug.Build.0 = Debug|Win32
		{AE79CDDB-59B6-42AE-BA34-A65D6FFE06CE}.Tools Release.ActiveCfg = Release|Win32
		{AE79CDDB-59B6-42AE-BA34-A65D6FFE06CE}.Tools Release.Build.0 = Release|Win32
		{AE79CDDB-59B6-42AE-BA34-A65D6FFE06CE}.Tune.ActiveCfg = Release|Win32
		{AE79CDDB-59B6-42AE-BA34-A65D6FFE06CE}.Tune.Build.0 = Release|Win32
		{1792B7B7-59B1-4EE7-B660-2EA479338C9E}.Debug.ActiveCfg = Debug|Win32
		{1792B7B7-59B1-4EE7-B660-2EA479338C9E}.Debug.Build.0 = Debug|Win32
		{1792B7B7-59B1-4EE7-B660-2EA479338C9E}.Release.ActiveCfg = Release|Win32
		{1792B7B7-59B1-4EE7-B660-2EA479338C9E}.Release.Build.0 = Release|Win32
		{1792B7B7-59B1-4EE7-B660-2EA479338C9E}.Tools Debug.ActiveCfg = Debug|Win32
		{1792B7B7-59B1-4EE7-B660-2EA479338C9E}.Tools Debug.Build.0 = Debug|Win32
		{1792B7B7-59B1-4EE7-B660-2EA479338C9E}.Tools Release.ActiveCfg = Release|Win32
		{1792B7B7-59B1-4EE7-B660-2EA479338C9E}.Tools Release.Build.0 = Release|Win32
		{1792B7B7-59B1-4EE7-B660-2EA479338C9E}.Tune.ActiveCfg = Debug|Win32
		{1792B7B7-59B1-4EE7-B660-2EA479338C9E}.Tune.Build.0 = Debug|Win32
		{E0B553DA-FF98-476E-A711-71DA9C24C238}.Debug.ActiveCfg = Debug|Win32
		{E0B553DA-FF98-476E-A711-71DA9C24C238}.Debug.Build.0 = Debug|Win32
		{E0B553DA-FF98-476E-A711-71DA9C24C238}.Release.ActiveCfg = Release|Win32
		{E0B553DA-FF98-476E-A711-71DA9C24C238}.Release.Build.0 = Release|Win32
		{E0B553DA-FF98-476E-A711-71DA9C24C238}.Tools Debug.ActiveCfg = Debug|Win32
		{E0B553DA-FF98-476E-A711-71DA9C24C238}.Tools Debug.Build.0 = Debug|Win32
		{E0B553DA-FF98-476E-A711-71DA9C24C238}.Tools Release.ActiveCfg = Release|Win32
		{E0B553DA-FF98-476E-A711-71DA9C24C238}.Tools Release.Build.0 = Release|Win32
		{E0B553DA-FF98-476E-A711-71DA9C24C238}.Tune.ActiveCfg = Release|Win32
		{E0B553DA-FF98-476E-A711-71DA9C24C238}.Tune.Build.0 = Release|Win32
		{7E29F277-2F73-4613-95B8-AA94B6B7A31C}.Debug.ActiveCfg = Debug|Win32
		{7E29F277-2F73-4613-95B8-AA94B6B7A31C}.Debug.Build.0 = Debug|Win32
		{7E29F277-2F73-4613-95B8-AA94B6B7A31C}.Release.ActiveCfg = Release|Win32
		{7E29F277-2F73-4613-95B8-AA94B6B7A31C}.Release.Build.0 = Release|Win32
		{7E29F277-2F73-4613-95B8-AA94B6B7A31C}.Tools Debug.ActiveCfg = Debug|Win32
		{7E29F277-2F73-4613-95B8-AA94B6B7A31C}.Tools Debug.Build.0 = Debug|Win32
		{7E29F277-2F73-4613-95B8-AA94B6B7A31C}.Tools Release.ActiveCfg = Release|Win32
		{7E29F277-2F73-4613-95B8-AA94B6B7A31C}.Tools Release.Build.0 = Release|Win32
		{7E29F277-2F73-4613-95B8-AA94B6B7A31C}.Tune.ActiveCfg = Debug|Win32
		{7E29F277-2F73-4613-95B8-AA94B6B7A31C}.Tune.Build.0 = Debug|Win32
		{DDDBBBD1-3F9E-4103-B354-633FE90268B9}.Debug.ActiveCfg = Debug|Win32
		{DDDBBBD1-3F9E-4103-B354-633FE90268B9}.Debug.Build.0 = Debug|Win32
		{DDDBBBD1-3F9E-4103-B354-633FE90268B9}.Release.ActiveCfg = Release|Win32
		{DDDBBBD1-3F9E-4103-B354-633FE90268B9}.Release.Build.0 = Release|Win32
		{DDDBBBD1-3F9E-4103-B354-633FE90268B9}.Tools Debug.ActiveCfg = Debug|Win32
		{DDDBBBD1-3F9E-4103-B354-633FE90268B9}.Tools Debug.Build.0 = Debug|Win32
		{DDDBBBD1-3F9E-4103-B354-633FE90268B9}.Tools Release.ActiveCfg = Release|Win32
		{DDDBBBD1-3F9E-4103-B354-633FE90268B9}.Tools Release.Build.0 = Release|Win32
		{DDDBBBD1-3F9E-4103-B354-633FE90268B9}.Tune.ActiveCfg = Release|Win32
		{DDDBBBD1-3F9E-4103-B354-633FE90268B9}.Tune.Build.0 = Release|Win32
		{CE00C2F1-2F1C-4E5E-B3E8-BBCA1F7B3990}.Debug.ActiveCfg = Debug|Win32
		{CE00C2F1-2F1C-4E5E-B3E8-BBCA1F7B3990}.Debug.Build.0 = Debug|Win32
		{CE00C2F1-2F1C-4E5E-B3E8-BBCA1F7B3990}.Release.ActiveCfg = Release|Win32
		{CE00C2F1-2F1C-4E5E-B3E8-BBCA1F7B3990}.Release.Build.0 = Release|Win32
		{CE00C2F1-2F1C-4E5E-B3E8-BBCA1F7B3990}.Tools Debug.ActiveCfg = Debug|Win32
		{CE00C2F1-2F1C-4E5E-B3E8-BBCA1F7B3990}.Tools Debug.Build.0 = Debug|Win32
		{CE00C2F1-2F1C-4E5E-B3E8-BBCA1F7B3990}.Tools Release.ActiveCfg = Release|Win32
		{CE00C2F1-2F1C-4E5E-B3E8-BBCA1F7B3990}.Tools Release.Build.0 = Release|Win32
		{CE00C2F1-2F1C-4E5E-B3E8-BBCA1F7B3990}.Tune.ActiveCfg = Debug|Win32
		{CE00C2F1-2F1C-4E5E-B3E8-BBCA1F7B3990}.Tune.Build.0 = Debug|Win32
		{D6A46A8D-8DE8-465E-8CB2-532207C77311}.Debug.ActiveCfg = Debug|Win32
		{D6A46A8D-8DE8-465E-8CB2-532207C77311}.Debug.Build.0 = Debug|Win32
		{D6A46A8D-8DE8-465E-8CB2-532207C77311}.Release.ActiveCfg = Release|Win32
		{D6A46A8D-8DE8-465E-8CB2-532207C77311}.Release.Build.0 = Release|Win32
		{D6A46A8D-8DE8-465E-8CB2-532207C77311}.Tools Debug.ActiveCfg = Debug|Win32
		{D6A46A8D-8DE8-465E-8CB2-532207C77311}.Tools Debug.Build.0 = Debug|Win32
		{D6A46A8D-8DE8-465E-8CB2-532207C77311}.Tools Release.ActiveCfg = Release|Win32
		{D6A46A8D-8DE8-465E-8CB2-532207C77311}.Tools Release.Build.0 = Release|Win32
		{D6A46A8D-8DE8-465E-8CB2-532207C77311}.Tune.ActiveCfg = Release|Win32
		{D6A46A8D-8DE8-465E-8CB2-532207C77311}.Tune.Build.0 = Release|Win32
		{9E1AB5A7-CE25-4BBB-AA6B-4F3F192166E4}.Debug.ActiveCfg = Debug|Win32
		{9E1AB5A7-CE25-4BBB-AA6B-4F3F192166E4}.Debug.Build.0 = Debug|Win32
		{9E1AB5A7-CE25-4BBB-AA6B-4F3F192166E4}.Release.ActiveCfg = Release|Win32
		{9E1AB5A7-CE25-4BBB-AA6B-4F3F192166E4}.Release.Build.0 = Release|Win32
		{9E1AB5A7-CE25-4BBB-AA6B-4F3F192166E4}.Tools Debug.ActiveCfg = Debug|Win32
		{9E1AB5A7-CE25-4BBB-AA6B-4F3F192166E4}.Tools Debug.Build.0 = Debug|Win32
		{9E1AB5A7-CE25-4BBB-AA6B-4F3F192166E4}.Tools Release.ActiveCfg = Release|Win32
		{9E1AB5A7-CE25-4BBB-AA6B-4F3F192166E4}.Tools Release.Build.0 = Release|Win32
		{9E1AB5A7-CE25-4BBB-AA6B-4F3F192166E4}.Tune.ActiveCfg = Release|Win32
		{9E1AB5A7-CE25-4BBB-AA6B-4F3F192166E4}.Tune.Build.0 = Release|Win32
		{BAA7376A-7A95-4D89-8E0E-27B8F1FF0E38}.Debug.ActiveCfg = Debug|Win32
		{BAA7376A-7A95-4D89-8E0E-27B8F1FF0E38}.Debug.Build.0 = Debug|Win32
		{BAA7376A-7A95-4D89-8E0E-27B8F1FF0E38}.Release.ActiveCfg = Release|Win32
		{BAA7376A-7A95-4D89-8E0E-27B8F1FF0E38}.Release.Build.0 = Release|Win32
		{BAA7376A-7A95-4D89-8E0E-27B8F1FF0E38}.Tools Debug.ActiveCfg = Debug|Win32
		{BAA7376A-7A95-4D89-8E0E-27B8F1FF0E38}.Tools Debug.Build.0 = Debug|Win32
		{BAA7376A-7A95-4D89-8E0E-27B8F1FF0E38}.Tools Release.ActiveCfg = Release|Win32
		{BAA7376A-7A95-4D89-8E0E-27B8F1FF0E38}.Tools Release.Build.0 = Release|Win32
		{BAA7376A-7A95-4D89-8E0E-27B8F1FF0E38}.Tune.ActiveCfg = Debug|Win32
		{BAA7376A-7A95-4D89-8E0E-27B8F1FF0E38}.Tune.Build.0 = Debug|Win32
		{8D104C37-F7AA-43E0-A24E-95A90D99D07C}.Debug.ActiveCfg = Tools Debug|Win32
		{8D104C37-F7AA-43E0-A24E-95A90D99D07C}.Debug.Build.0 = Tools Debug|Win32
		{8D104C37-F7AA-43E0-A24E-95A90D99D07C}.Release.ActiveCfg = Tools Release|Win32
		{8D104C37-F7AA-43E0-A24E-95A90D99D07C}.Release.Build.0 = Tools Release|Win32
		{8D104C37-F7AA-43E0-A24E-95A90D99D07C}.Tools Debug.ActiveCfg = Tools Debug|Win32
		{8D104C37-F7AA-43E0-A24E-95A90D99D07C}.Tools Debug.Build.0 = Tools Debug|Win32
		{8D104C37-F7AA-43E0-A24E-95A90D99D07C}.Tools Release.ActiveCfg = Tools Release|Win32
		{8D104C37-F7AA-43E0-A24E-95A90D99D07C}.Tools Release.Build.0 = Tools Release|Win32
		{8D104C37-F7AA-43E0-A24E-95A90D99D07C}.Tune.ActiveCfg = Tools Debug|Win32
		{8D104C37-F7AA-43E0-A24E-95A90D99D07C}.Tune.Build.0 = Tools Debug|Win32
		{EF07EBF3-6C08-47EF-8E8E-80EF954F51A5}.Debug.ActiveCfg = Debug|Win32
		{EF07EBF3-6C08-47EF-8E8E-80EF954F51A5}.Debug.Build.0 = Debug|Win32
		{EF07EBF3-6C08-47EF-8E8E-80EF954F51A5}.Release.ActiveCfg = Release|Win32
		{EF07EBF3-6C08-47EF-8E8E-80EF954F51A5}.Release.Build.0 = Release|Win32
		{EF07EBF3-6C08-47EF-8E8E-80EF954F51A5}.Tools Debug.ActiveCfg = Debug|Win32
		{EF07EBF3-6C08-47EF-8E8E-80EF954F51A5}.Tools Debug.Build.0 = Debug|Win32
		{EF07EBF3-6C08-47EF-8E8E-80EF954F51A5}.Tools Release.ActiveCfg = Release|Win32
		{EF07EBF3-6C08-47EF-8E8E-80EF954F51A5}.Tools Release.Build.0 = Release|Win32
		{EF07EBF3-6C08-47EF-8E8E-80EF954F51A5}.Tune.ActiveCfg = Release|Win32
		{EF07EBF3-6C08-47EF-8E8E-80EF954F51A5}.Tune.Build.0 = Release|Win32
		{501440F6-E442-4249-B7B3-5775C65B478E}.Debug.ActiveCfg = Debug|Win32
		{501440F6-E442-4249-B7B3-5775C65B478E}.Debug.Build.0 = Debug|Win32
		{501440F6-E442-4249-B7B3-5775C65B478E}.Release.ActiveCfg = Release|Win32
		{501440F6-E442-4249-B7B3-5775C65B478E}.Release.Build.0 = Release|Win32
		{501440F6-E442-4249-B7B3-5775C65B478E}.Tools Debug.ActiveCfg = Debug|Win32
		{501440F6-E442-4249-B7B3-5775C65B478E}.Tools Debug.Build.0 = Debug|Win32
		{501440F6-E442-4249-B7B3-5775C65B478E}.Tools Release.ActiveCfg = Release|Win32
		{501440F6-E442-4249-B7B3-5775C65B478E}.Tools Release.Build.0 = Release|Win32
		{501440F6-E442-4249-B7B3-5775C65B478E}.Tune.ActiveCfg = Debug|Win32
		{501440F6-E442-4249-B7B3-5775C65B478E}.Tune.Build.0 = Debug|Win32
		{2F8FF850-120B-4D10-85FE-42D839E1D27F}.Debug.ActiveCfg = Debug|Win32
		{2F8FF850-120B-4D10-85FE-42D839E1D27F}.Debug.Build.0 = Debug|Win32
		{2F8FF850-120B-4D10-85FE-42D839E1D27F}.Release.ActiveCfg = Release|Win32
		{2F8FF850-120B-4D10-85FE-42D839E1D27F}.Release.Build.0 = Release|Win32
		{2F8FF850-120B-4D10-85FE-42D839E1D27F}.Tools Debug.ActiveCfg = Debug|Win32
		{2F8FF850-120B-4D10-85FE-42D839E1D27F}.Tools Debug.Build.0 = Debug|Win32
		{2F8FF850-120B-4D10-85FE-42D839E1D27F}.Tools Release.ActiveCfg = Release|Win32
		{2F8FF850-120B-4D10-85FE-42D839E1D27F}.Tools Release.Build.0 = Release|Win32
		{2F8FF850-120B-4D10-85FE-42D839E1D27F}.Tune.ActiveCfg = Debug|Win32
		{2F8FF850-120B-4D10-85FE-42D839E1D27F}.Tune.Build.0 = Debug|Win32
		{B3F133BD-DBFC-44B4-B21C-36ACA9C673BA}.Debug.ActiveCfg = Debug|Win32
		{B3F133BD-DBFC-44B4-B21C-36ACA9C673BA}.Debug.Build.0 = Debug|Win32
		{B3F133BD-DBFC-44B4-B21C-36ACA9C673BA}.Release.ActiveCfg = Release|Win32
		{B3F133BD-DBFC-44B4-B21C-36ACA9C673BA}.Release.Build.0 = Release|Win32
		{B3F133BD-DBFC-44B4-B21C-36ACA9C673BA}.Tools Debug.ActiveCfg = Debug|Win32
		{B3F133BD-DBFC-44B4-B21C-36ACA9C673BA}.Tools Debug.Build.0 = Debug|Win32
		{B3F133BD-DBFC-44B4-B21C-36ACA9C673BA}.Tools Release.ActiveCfg = Release|Win32
		{B3F133BD-DBFC-44B4-B21C-36ACA9C673BA}.Tools Release.Build.0 = Release|Win32
		{B3F133BD-DBFC-44B4-B21C-36ACA9C673BA}.Tune.ActiveCfg = Debug|Win32
		{B3F133BD-DBFC-44B4-B21C-36ACA9C673BA}.Tune.Build.0 = Debug|Win32
		{04D8A7AB-61CD-441F-B1EF-9DD62EA58F36}.Debug.ActiveCfg = Debug|Win32
		{04D8A7AB-61CD-441F-B1EF-9DD62EA58F36}.Debug.Build.0 = Debug|Win32
		{04D8A7AB-61CD-441F-B1EF-9DD62EA58F36}.Release.ActiveCfg = Release|Win32
		{04D8A7AB-61CD-441F-B1EF-9DD62EA58F36}.Release.Build.0 = Release|Win32
		{04D8A7AB-61CD-441F-B1EF-9DD62EA58F36}.Tools Debug.ActiveCfg = Debug|Win32
		{04D8A7AB-61CD-441F-B1EF-9DD62EA58F36}.Tools Debug.Build.0 = Debug|Win32
		{04D8A7AB-61CD-441F-B1EF-9DD62EA58F36}.Tools Release.ActiveCfg = Release|Win32
		{04D8A7AB-61CD-441F-B1EF-9DD62EA58F36}.Tools Release.Build.0 = Release|Win32
		{04D8A7AB-61CD-441F-B1EF-9DD62EA58F36}.Tune.ActiveCfg = Release|Win32
		{04D8A7AB-61CD-441F-B1EF-9DD62EA58F36}.Tune.Build.0 = Release|Win32
		{6D5BB40B-F4BD-4297-9690-012084EEA51A}.Debug.ActiveCfg = Debug|Win32
		{6D5BB40B-F4BD-4297-9690-012084EEA51A}.Debug.Build.0 = Debug|Win32
		{6D5BB40B-F4BD-4297-9690-012084EEA51A}.Release.ActiveCfg = Release|Win32
		{6D5BB40B-F4BD-4297-9690-012084EEA51A}.Release.Build.0 = Release|Win32
		{6D5BB40B-F4BD-4297-9690-012084EEA51A}.Tools Debug.ActiveCfg = Debug|Win32
		{6D5BB40B-F4BD-4297-9690-012084EEA51A}.Tools Debug.Build.0 = Debug|Win32
		{6D5BB40B-F4BD-4297-9690-012084EEA51A}.Tools Release.ActiveCfg = Release|Win32
		{6D5BB40B-F4BD-4297-9690-012084EEA51A}.Tools Release.Build.0 = Release|Win32
		{6D5BB40B-F4BD-4297-9690-012084EEA51A}.Tune.ActiveCfg = Debug|Win32
		{6D5BB40B-F4BD-4297-9690-012084EEA51A}.Tune.Build.0 = Debug|Win32
		{8D248DFA-08AD-4C50-9EBD-6D4846A36D41}.Debug.ActiveCfg = Debug|Win32
		{8D248DFA-08AD-4C50-9EBD-6D4846A36D41}.Debug.Build.0 = Debug|Win32
		{8D248DFA-08AD-4C50-9EBD-6D4846A36D41}.Release.ActiveCfg = Release|Win32
		{8D248DFA-08AD-4C50-9EBD-6D4846A36D41}.Release.Build.0 = Release|Win32
		{8D248DFA-08AD-4C50-9EBD-6D4846A36D41}.Tools Debug.ActiveCfg = Debug|Win32
		{8D248DFA-08AD-4C50-9EBD-6D4846A36D41}.Tools Debug.Build.0 = Debug|Win32
		{8D248DFA-08AD-4C50-9EBD-6D4846A36D41}.Tools Release.ActiveCfg = Release|Win32
		{8D248DFA-08AD-4C50-9EBD-6D4846A36D41}.Tools Release.Build.0 = Release|Win32
		{8D248DFA-08AD-4C50-9EBD-6D4846A36D41}.Tune.ActiveCfg = Release|Win32
		{8D248DFA-08AD-4C50-9EBD-6D4846A36D41}.Tune.Build.0 = Release|Win32
		{B146F984-5DD9-4CDB-BF81-6425429C9A2D}.Debug.ActiveCfg = Debug|Win32
		{B146F984-5DD9-4CDB-BF81-6425429C9A2D}.Debug.Build.0 = Debug|Win32
		{B146F984-5DD9-4CDB-BF81-6425429C9A2D}.Release.ActiveCfg = Release|Win32
		{B146F984-5DD9-4CDB-BF81-6425429C9A2D}.Release.Build.0 = Release|Win32
		{B146F984-5DD9-4CDB-BF81-6425429C9A2D}.Tools Debug.ActiveCfg = Debug|Win32
		{B146F984-5DD9-4CDB-BF81-6425429C9A2D}.Tools Debug.Build.0 = Debug|Win32
		{B146F984-5DD9-4CDB-BF81-6425429C9A2D}.Tools Release.ActiveCfg = Release|Win32
		{B146F984-5DD9-4CDB-BF81-6425429C9A2D}.Tools Release.Build.0 = Release|Win32
		{B146F984-5DD9-4CDB-BF81-6425429C9A2D}.Tune.ActiveCfg = Debug|Win32
		{B146F984-5DD9-4CDB-BF81-6425429C9A2D}.Tune.Build.0 = Debug|Win32
		{C839D56B-8F69-4CDC-A859-2C175D35EF51}.Debug.ActiveCfg = Debug|Win32
		{C839D56B-8F69-4CDC-A859-2C175D35EF51}.Debug.Build.0 = Debug|Win32
		{C839D56B-8F69-4CDC-A859-2C175D35EF51}.Release.ActiveCfg = Release|Win32
		{C839D56B-8F69-4CDC-A859-2C175D35EF51}.Release.Build.0 = Release|Win32
		{C839D56B-8F69-4CDC-A859-2C175D35EF51}.Tools Debug.ActiveCfg = Debug|Win32
		{C839D56B-8F69-4CDC-A859-2C175D35EF51}.Tools Debug.Build.0 = Debug|Win32
		{C839D56B-8F69-4CDC-A859-2C175D35EF51}.Tools Release.ActiveCfg = Release|Win32
		{C839D56B-8F69-4CDC-A859-2C175D35EF51}.Tools Release.Build.0 = Release|Win32
		{C839D56B-8F69-4CDC-A859-2C175D35EF51}.Tune.ActiveCfg = Debug|Win32
		{C839D56B-8F69-4CDC-A859-2C175D35EF51}.Tune.Build.0 = Debug|Win32
		{4EACB4D4-6314-4538-B3C8-CFA3305682AB}.Debug.ActiveCfg = Debug|Win32
		{4EACB4D4-6314-4538-B3C8-CFA3305682AB}.Debug.Build.0 = Debug|Win32
		{4EACB4D4-6314-4538-B3C8-CFA3305682AB}.Release.ActiveCfg = Release|Win32
		{4EACB4D4-6314-4538-B3C8-CFA3305682AB}.Release.Build.0 = Release|Win32
		{4EACB4D4-6314-4538-B3C8-CFA3305682AB}.Tools Debug.ActiveCfg = Debug|Win32
		{4EACB4D4-6314-4538-B3C8-CFA3305682AB}.Tools Debug.Build.0 = Debug|Win32
		{4EACB4D4-6314-4538-B3C8-CFA3305682AB}.Tools Release.ActiveCfg = Release|Win32
		{4EACB4D4-6314-4538-B3C8-CFA3305682AB}.Tools Release.Build.0 = Release|Win32
		{4EACB4D4-6314-4538-B3C8-CFA3305682AB}.Tune.ActiveCfg = Debug|Win32
		{4EACB4D4-6314-4538-B3C8-CFA3305682AB}.Tune.Build.0 = Debug|Win32
		{E11B9464-10EE-4EAA-A3A9-ABABF6095FEE}.Debug.ActiveCfg = Debug|Win32
		{E11B9464-10EE-4EAA-A3A9-ABABF6095FEE}.Debug.Build.0 = Debug|Win32
		{E11B9464-10EE-4EAA-A3A9-ABABF6095FEE}.Release.ActiveCfg = Release|Win32
		{E11B9464-10EE-4EAA-A3A9-ABABF6095FEE}.Release.Build.0 = Release|Win32
		{E11B9464-10EE-4EAA-A3A9-ABABF6095FEE}.Tools Debug.ActiveCfg = Debug|Win32
		{E11B9464-10EE-4EAA-A3A9-ABABF6095FEE}.Tools Debug.Build.0 = Debug|Win32
		{E11B9464-10EE-4EAA-A3A9-ABABF6095FEE}.Tools Release.ActiveCfg = Release|Win32
		{E11B9464-10EE-4EAA-A3A9-ABABF6095FEE}.Tools Release.Build.0 = Release|Win32
		{E11B9464-10EE-4EAA-A3A9-ABABF6095FEE}.Tune.ActiveCfg = Debug|Win32
		{E11B9464-10EE-4EAA-A3A9-ABABF6095FEE}.Tune.Build.0 = Debug|Win32
		{5EFF5296-BC3D-4F3B-8DB6-281B3533F039}.Debug.ActiveCfg = Debug|Win32
		{5EFF5296-BC3D-4F3B-8DB6-281B3533F039}.Debug.Build.0 = Debug|Win32
		{5EFF5296-BC3D-4F3B-8DB6-281B3533F039}.Release.ActiveCfg = Release|Win32
		{5EFF5296-BC3D-4F3B-8DB6-281B3533F039}.Release.Build.0 = Release|Win32
		{5EFF5296-BC3D-4F3B-8DB6-281B3533F039}.Tools Debug.ActiveCfg = Debug|Win32
		{5EFF5296-BC3D-4F3B-8DB6-281B3533F039}.Tools Debug.Build.0 = Debug|Win32
		{5EFF5296-BC3D-4F3B-8DB6-281B3533F039}.Tools Release.ActiveCfg = Release|Win32
		{5EFF5296-BC3D-4F3B-8DB6-281B3533F039}.Tools Release.Build.0 = Release|Win32
		{5EFF5296-BC3D-4F3B-8DB6-281B3533F039}.Tune.ActiveCfg = Debug|Win32
		{5EFF5296-BC3D-4F3B-8DB6-281B3533F039}.Tune.Build.0 = Debug|Win32
		{01C42D74-DC90-4A98-A9E5-FCB02FA8371B}.Debug.ActiveCfg = Debug|Win32
		{01C42D74-DC90-4A98-A9E5-FCB02FA8371B}.Debug.Build.0 = Debug|Win32
		{01C42D74-DC90-4A98-A9E5-FCB02FA8371B}.Release.ActiveCfg = Release|Win32
		{01C42D74-DC90-4A98-A9E5-FCB02FA8371B}.Release.Build.0 = Release|Win32
		{01C42D74-DC90-4A98-A9E5-FCB02FA8371B}.Tools Debug.ActiveCfg = Debug|Win32
		{01C42D74-DC90-4A98-A9E5-FCB02FA8371B}.Tools Debug.Build.0 = Debug|Win32
		{01C42D74-DC90-4A98-A9E5-FCB02FA8371B}.Tools Release.ActiveCfg = Release|Win32
		{01C42D74-DC90-4A98-A9E5-FCB02FA8371B}.Tools Release.Build.0 = Release|Win32
		{01C42D74-DC90-4A98-A9E5-FCB02FA8371B}.Tune.ActiveCfg = Release|Win32
		{01C42D74-DC90-4A98-A9E5-FCB02FA8371B}.Tune.Build.0 = Release|Win32
		{1C89FF88-42FF-4041-B176-1FABF8F1E0A4}.Debug.ActiveCfg = Debug|Win32
		{1C89FF88-42FF-4041-B176-1FABF8F1E0A4}.Debug.Build.0 = Debug|Win32
		{1C89FF88-42FF-4041-B176-1FABF8F1E0A4}.Release.ActiveCfg = Release|Win32
		{1C89FF88-42FF-4041-B176-1FABF8F1E0A4}.Release.Build.0 = Release|Win32
		{1C89FF88-42FF-4041-B176-1FABF8F1E0A4}.Tools Debug.ActiveCfg = Debug|Win32
		{1C89FF88-42FF-4041-B176-1FABF8F1E0A4}.Tools Debug.Build.0 = Debug|Win32
		{1C89FF88-42FF-4041-B176-1FABF8F1E0A4}.Tools Release.ActiveCfg = Release|Win32
		{1C89FF88-42FF-4041-B176-1FABF8F1E0A4}.Tools Release.Build.0 = Release|Win32
		{1C89FF88-42FF-4041-B176-1FABF8F1E0A4}.Tune.ActiveCfg = Release|Win32
		{1C89FF88-42FF-4041-B176-1FABF8F1E0A4}.Tune.Build.0 = Release|Win32
		{ECBD49BD-3B71-46A5-A1B1-73652FC3AA49}.Debug.ActiveCfg = Debug|Win32
		{ECBD49BD-3B71-46A5-A1B1-73652FC3AA49}.Debug.Build.0 = Debug|Win32
		{ECBD49BD-3B71-46A5-A1B1-73652FC3AA49}.Release.ActiveCfg = Release|Win32
		{ECBD49BD-3B71-46A5-A1B1-73652FC3AA49}.Release.Build.0 = Release|Win32
		{ECBD49BD-3B71-46A5-A1B1-73652FC3AA49}.Tools Debug.ActiveCfg = Debug|Win32
		{ECBD49BD-3B71-46A5-A1B1-73652FC3AA49}.Tools Debug.Build.0 = Debug|Win32
		{ECBD49BD-3B71-46A5-A1B1-73652FC3AA49}.Tools Release.ActiveCfg = Release|Win32
		{ECBD49BD-3B71-46A5-A1B1-73652FC3AA49}.Tools Release.Build.0 = Release|Win32
		{ECBD49BD-3B71-46A5-A1B1-73652FC3AA49}.Tune.ActiveCfg = Release|Win32
		{ECBD49BD-3B71-46A5-A1B1-73652FC3AA49}.Tune.Build.0 = Release|Win32
		{9852D690-171B-49EE-ABB5-CE50DBC47F64}.Debug.ActiveCfg = Debug|Win32
		{9852D690-171B-49EE-ABB5-CE50DBC47F64}.Debug.Build.0 = Debug|Win32
		{9852D690-171B-49EE-ABB5-CE50DBC47F64}.Release.ActiveCfg = Release|Win32
		{9852D690-171B-49EE-ABB5-CE50DBC47F64}.Release.Build.0 = Release|Win32
		{9852D690-171B-49EE-ABB5-CE50DBC47F64}.Tools Debug.ActiveCfg = Debug|Win32
		{9852D690-171B-49EE-ABB5-CE50DBC47F64}.Tools Debug.Build.0 = Debug|Win32
		{9852D690-171B-49EE-ABB5-CE50DBC47F64}.Tools Release.ActiveCfg = Release|Win32
		{9852D690-171B-49EE-ABB5-CE50DBC47F64}.Tools Release.Build.0 = Release|Win32
		{9852D690-171B-49EE-ABB5-CE50DBC47F64}.Tune.ActiveCfg = Release|Win32
		{9852D690-171B-49EE-ABB5-CE50DBC47F64}.Tune.Build.0 = Release|Win32
		{C37F6BA9-70CD-4098-B09D-6B08EAF9AB43}.Debug.ActiveCfg = Debug|Win32
		{C37F6BA9-70CD-4098-B09D-6B08EAF9AB43}.Debug.Build.0 = Debug|Win32
		{C37F6BA9-70CD-4098-B09D-6B08EAF9AB43}.Release.ActiveCfg = Release|Win32
		{C37F6BA9-70CD-4098-B09D-6B08EAF9AB43}.Release.Build.0 = Release|Win32
		{C37F6BA9-70CD-4098-B09D-6B08EAF9AB43}.Tools Debug.ActiveCfg = Debug|Win32
		{C37F6BA9-70CD-4098-B09D-6B08EAF9AB43}.Tools Debug.Build.0 = Debug|Win32
		{C37F6BA9-70CD-4098-B09D-6B08EAF9AB43}.Tools Release.ActiveCfg = Release|Win32
		{C37F6BA9-70CD-4098-B09D-6B08EAF9AB43}.Tools Release.Build.0 = Release|Win32
		{C37F6BA9-70CD-4098-B09D-6B08EAF9AB43}.Tune.ActiveCfg = Debug|Win32
		{C37F6BA9-70CD-4098-B09D-6B08EAF9AB43}.Tune.Build.0 = Debug|Win32
		{CFEE729C-E2CE-4FA9-8769-62748F6BEC92}.Debug.ActiveCfg = Debug|Win32
		{CFEE729C-E2CE-4FA9-8769-62748F6BEC92}.Debug.Build.0 = Debug|Win32
		{CFEE729C-E2CE-4FA9-8769-62748F6BEC92}.Release.ActiveCfg = Release|Win32
		{CFEE729C-E2CE-4FA9-8769-62748F6BEC92}.Release.Build.0 = Release|Win32
		{CFEE729C-E2CE-4FA9-8769-62748F6BEC92}.Tools Debug.ActiveCfg = Debug|Win32
		{CFEE729C-E2CE-4FA9-8769-62748F6BEC92}.Tools Debug.Build.0 = Debug|Win32
		{CFEE729C-E2CE-4FA9-8769-62748F6BEC92}.Tools Release.ActiveCfg = Release|Win32
		{CFEE729C-E2CE-4FA9-8769-62748F6BEC92}.Tools Release.Build.0 = Release|Win32
		{CFEE729C-E2CE-4FA9-8769-62748F6BEC92}.Tune.ActiveCfg = Release|Win32
		{CFEE729C-E2CE-4FA9-8769-62748F6BEC92}.Tune.Build.0 = Release|Win32
		{3661387E-EBEB-489C-B77A-F6CF8CC5C697}.Debug.ActiveCfg = Debug|Win32
		{3661387E-EBEB-489C-B77A-F6CF8CC5C697}.Debug.Build.0 = Debug|Win32
		{3661387E-EBEB-489C-B77A-F6CF8CC5C697}.Release.ActiveCfg = Release|Win32
		{3661387E-EBEB-489C-B77A-F6CF8CC5C697}.Release.Build.0 = Release|Win32
		{3661387E-EBEB-489C-B77A-F6CF8CC5C697}.Tools Debug.ActiveCfg = Debug|Win32
		{3661387E-EBEB-489C-B77A-F6CF8CC5C697}.Tools Debug.Build.0 = Debug|Win32
		{3661387E-EBEB-489C-B77A-F6CF8CC5C697}.Tools Release.ActiveCfg = Release|Win32
		{3661387E-EBEB-489C-B77A-F6CF8CC5C697}.Tools Release.Build.0 = Release|Win32
		{3661387E-EBEB-489C-B77A-F6CF8CC5C697}.Tune.ActiveCfg = Release|Win32
		{3661387E-EBEB-489C-B77A-F6CF8CC5C697}.Tune.Build.0 = Release|Win32
		{C225239C-43FA-4625-A4F8-CAD5D2CAD6A0}.Debug.ActiveCfg = Debug|Win32
		{C225239C-43FA-4625-A4F8-CAD5D2CAD6A0}.Debug.Build.0 = Debug|Win32
		{C225239C-43FA-4625-A4F8-CAD5D2CAD6A0}.Release.ActiveCfg = Release|Win32
		{C225239C-43FA-4625-A4F8-CAD5D2CAD6A0}.Release.Build.0 = Release|Win32
		{C225239C-43FA-4625-A4F8-CAD5D2CAD6A0}.Tools Debug.ActiveCfg = Debug|Win32
		{C225239C-43FA-4625-A4F8-CAD5D2CAD6A0}.Tools Debug.Build.0 = Debug|Win32
		{C225239C-43FA-4625-A4F8-CAD5D2CAD6A0}.Tools Release.ActiveCfg = Release|Win32
		{C225239C-43FA-4625-A4F8-CAD5D2CAD6A0}.Tools Release.Build.0 = Release|Win32
		{C225239C-43FA-4625-A4F8-CAD5D2CAD6A0}.Tune.ActiveCfg = Debug|Win32
		{C225239C-43FA-4625-A4F8-CAD5D2CAD6A0}.Tune.Build.0 = Debug|Win32
		{9D9AA79F-5A27-4F01-9254-56A532FDEF1B}.Debug.ActiveCfg = Debug|Win32
		{9D9AA79F-5A27-4F01-9254-56A532FDEF1B}.Debug.Build.0 = Debug|Win32
		{9D9AA79F-5A27-4F01-9254-56A532FDEF1B}.Release.ActiveCfg = Release|Win32
		{9D9AA79F-5A27-4F01-9254-56A532FDEF1B}.Release.Build.0 = Release|Win32
		{9D9AA79F-5A27-4F01-9254-56A532FDEF1B}.Tools Debug.ActiveCfg = Debug|Win32
		{9D9AA79F-5A27-4F01-9254-56A532FDEF1B}.Tools Debug.Build.0 = Debug|Win32
		{9D9AA79F-5A27-4F01-9254-56A532FDEF1B}.Tools Release.ActiveCfg = Release|Win32
		{9D9AA79F-5A27-4F01-9254-56A532FDEF1B}.Tools Release.Build.0 = Release|Win32
		{9D9AA79F-5A27-4F01-9254-56A532FDEF1B}.Tune.ActiveCfg = Release|Win32
		{9D9AA79F-5A27-4F01-9254-56A532FDEF1B}.Tune.Build.0 = Release|Win32
		{84160789-5273-454F-80F9-CA889B5751F2}.Debug.ActiveCfg = Debug|Win32
		{84160789-5273-454F-80F9-CA889B5751F2}.Debug.Build.0 = Debug|Win32
		{84160789-5273-454F-80F9-CA889B5751F2}.Release.ActiveCfg = Release|Win32
		{84160789-5273-454F-80F9-CA889B5751F2}.Release.Build.0 = Release|Win32
		{84160789-5273-454F-80F9-CA889B5751F2}.Tools Debug.ActiveCfg = Debug|Win32
		{84160789-5273-454F-80F9-CA889B5751F2}.Tools Debug.Build.0 = Debug|Win32
		{84160789-5273-454F-80F9-CA889B5751F2}.Tools Release.ActiveCfg = Release|Win32
		{84160789-5273-454F-80F9-CA889B5751F2}.Tools Release.Build.0 = Release|Win32
		{84160789-5273-454F-80F9-CA889B5751F2}.Tune.ActiveCfg = Release|Win32
		{84160789-5273-454F-80F9-CA889B5751F2}.Tune.Build.0 = Release|Win32
		{622822EE-81BC-4CBA-AC16-2DC304BE6DCF}.Debug.ActiveCfg = Debug|Win32
		{622822EE-81BC-4CBA-AC16-2DC304BE6DCF}.Debug.Build.0 = Debug|Win32
		{622822EE-81BC-4CBA-AC16-2DC304BE6DCF}.Release.ActiveCfg = Release|Win32
		{622822EE-81BC-4CBA-AC16-2DC304BE6DCF}.Release.Build.0 = Release|Win32
		{622822EE-81BC-4CBA-AC16-2DC304BE6DCF}.Tools Debug.ActiveCfg = Debug|Win32
		{622822EE-81BC-4CBA-AC16-2DC304BE6DCF}.Tools Debug.Build.0 = Debug|Win32
		{622822EE-81BC-4CBA-AC16-2DC304BE6DCF}.Tools Release.ActiveCfg = Release|Win32
		{622822EE-81BC-4CBA-AC16-2DC304BE6DCF}.Tools Release.Build.0 = Release|Win32
		{622822EE-81BC-4CBA-AC16-2DC304BE6DCF}.Tune.ActiveCfg = Debug|Win32
		{622822EE-81BC-4CBA-AC16-2DC304BE6DCF}.Tune.Build.0 = Debug|Win32
		{193860AF-2FF7-44CA-B716-03E5B46111A3}.Debug.ActiveCfg = Debug|Win32
		{193860AF-2FF7-44CA-B716-03E5B46111A3}.Debug.Build.0 = Debug|Win32
		{193860AF-2FF7-44CA-B716-03E5B46111A3}.Release.ActiveCfg = Release|Win32
		{193860AF-2FF7-44CA-B716-03E5B46111A3}.Release.Build.0 = Release|Win32
		{193860AF-2FF7-44CA-B716-03E5B46111A3}.Tools Debug.ActiveCfg = Tools Debug|Win32
		{193860AF-2FF7-44CA-B716-03E5B46111A3}.Tools Debug.Build.0 = Tools Debug|Win32
		{193860AF-2FF7-44CA-B716-03E5B46111A3}.Tools Release.ActiveCfg = Tools Release|Win32
		{193860AF-2FF7-44CA-B716-03E5B46111A3}.Tools Release.Build.0 = Tools Release|Win32
		{193860AF-2FF7-44CA-B716-03E5B46111A3}.Tune.ActiveCfg = Tune|Win32
		{193860AF-2FF7-44CA-B716-03E5B46111A3}.Tune.Build.0 = Tune|Win32
		{F56859D4-9005-4612-AA23-6F7CB5369CA7}.Debug.ActiveCfg = Debug|Win32
		{F56859D4-9005-4612-AA23-6F7CB5369CA7}.Debug.Build.0 = Debug|Win32
		{F56859D4-9005-4612-AA23-6F7CB5369CA7}.Release.ActiveCfg = Release|Win32
		{F56859D4-9005-4612-AA23-6F7CB5369CA7}.Release.Build.0 = Release|Win32
		{F56859D4-9005-4612-AA23-6F7CB5369CA7}.Tools Debug.ActiveCfg = Tools Debug|Win32
		{F56859D4-9005-4612-AA23-6F7CB5369CA7}.Tools Debug.Build.0 = Tools Debug|Win32
		{F56859D4-9005-4612-AA23-6F7CB5369CA7}.Tools Release.ActiveCfg = Tools Release|Win32
		{F56859D4-9005-4612-AA23-6F7CB5369CA7}.Tools Release.Build.0 = Tools Release|Win32
		{F56859D4-9005-4612-AA23-6F7CB5369CA7}.Tune.ActiveCfg = Tools Release|Win32
		{F56859D4-9005-4612-AA23-6F7CB5369CA7}.Tune.Build.0 = Tools Release|Win32
		{D53664DF-B602-40AD-8067-9D0334FBB336}.Debug.ActiveCfg = Debug|Win32
		{D53664DF-B602-40AD-8067-9D0334FBB336}.Debug.Build.0 = Debug|Win32
		{D53664DF-B602-40AD-8067-9D0334FBB336}.Release.ActiveCfg = Release|Win32
		{D53664DF-B602-40AD-8067-9D0334FBB336}.Release.Build.0 = Release|Win32
		{D53664DF-B602-40AD-8067-9D0334FBB336}.Tools Debug.ActiveCfg = Tools Debug|Win32
		{D53664DF-B602-40AD-8067-9D0334FBB336}.Tools Debug.Build.0 = Tools Debug|Win32
		{D53664DF-B602-40AD-8067-9D0334FBB336}.Tools Release.ActiveCfg = Tools Release|Win32
		{D53664DF-B602-40AD-8067-9D0334FBB336}.Tools Release.Build.0 = Tools Release|Win32
		{D53664DF-B602-40AD-8067-9D0334FBB336}.Tune.ActiveCfg = Tools Release|Win32
		{D53664DF-B602-40AD-8067-9D0334FBB336}.Tune.Build.0 = Tools Release|Win32
		{35E020DC-1FA0-4C94-A3FA-26937B9BFA79}.Debug.ActiveCfg = Debug|Win32
		{35E020DC-1FA0-4C94-A3FA-26937B9BFA79}.Debug.Build.0 = Debug|Win32
		{35E020DC-1FA0-4C94-A3FA-26937B9BFA79}.Release.ActiveCfg = Release|Win32
		{35E020DC-1FA0-4C94-A3FA-26937B9BFA79}.Release.Build.0 = Release|Win32
		{35E020DC-1FA0-4C94-A3FA-26937B9BFA79}.Tools Debug.ActiveCfg = Debug|Win32
		{35E020DC-1FA0-4C94-A3FA-26937B9BFA79}.Tools Debug.Build.0 = Debug|Win32
		{35E020DC-1FA0-4C94-A3FA-26937B9BFA79}.Tools Release.ActiveCfg = Release|Win32
		{35E020DC-1FA0-4C94-A3FA-26937B9BFA79}.Tools Release.Build.0 = Release|Win32
		{35E020DC-1FA0-4C94-A3FA-26937B9BFA79}.Tune.ActiveCfg = Debug|Win32
		{35E020DC-1FA0-4C94-A3FA-26937B9BFA79}.Tune.Build.0 = Debug|Win32
		{9ADA6567-A315-4D03-814D-728E1BCEEB66}.Debug.ActiveCfg = Debug|Win32
		{9ADA6567-A315-4D03-814D-728E1BCEEB66}.Debug.Build.0 = Debug|Win32
		{9ADA6567-A315-4D03-814D-728E1BCEEB66}.Release.ActiveCfg = Release|Win32
		{9ADA6567-A315-4D03-814D-728E1BCEEB66}.Release.Build.0 = Release|Win32
		{9ADA6567-A315-4D03-814D-728E1BCEEB66}.Tools Debug.ActiveCfg = Tools Debug|Win32
		{9ADA6567-A315-4D03-814D-728E1BCEEB66}.Tools Debug.Build.0 = Tools Debug|Win32
		{9ADA6567-A315-4D03-814D-728E1BCEEB66}.Tools Release.ActiveCfg = Tools Release|Win32
		{9ADA6567-A315-4D03-814D-728E1BCEEB66}.Tools Release.Build.0 = Tools Release|Win32
		{9ADA6567-A315-4D03-814D-728E1BCEEB66}.Tune.ActiveCfg = Tools Release|Win32
		{9ADA6567-A315-4D03-814D-728E1BCEEB66}.Tune.Build.0 = Tools Release|Win32
		{678357DC-28B1-47AC-9E77-6F24878F9ADC}.Debug.ActiveCfg = Debug|Win32
		{678357DC-28B1-47AC-9E77-6F24878F9ADC}.Debug.Build.0 = Debug|Win32
		{678357DC-28B1-47AC-9E77-6F24878F9ADC}.Release.ActiveCfg = Release|Win32
		{678357DC-28B1-47AC-9E77-6F24878F9ADC}.Release.Build.0 = Release|Win32
		{678357DC-28B1-47AC-9E77-6F24878F9ADC}.Tools Debug.ActiveCfg = Tools Debug|Win32
		{678357DC-28B1-47AC-9E77-6F24878F9ADC}.Tools Debug.Build.0 = Tools Debug|Win32
		{678357DC-28B1-47AC-9E77-6F24878F9ADC}.Tools Release.ActiveCfg = Tools Release|Win32
		{678357DC-28B1-47AC-9E77-6F24878F9ADC}.Tools Release.Build.0 = Tools Release|Win32
		{678357DC-28B1-47AC-9E77-6F24878F9ADC}.Tune.ActiveCfg = Tools Release|Win32
		{678357DC-28B1-47AC-9E77-6F24878F9ADC}.Tune.Build.0 = Tools Release|Win32
		{69FD5FC2-2996-4BA6-B468-68FFA5EF6B3F}.Debug.ActiveCfg = Debug|Win32
		{69FD5FC2-2996-4BA6-B468-68FFA5EF6B3F}.Debug.Build.0 = Debug|Win32
		{69FD5FC2-2996-4BA6-B468-68FFA5EF6B3F}.Release.ActiveCfg = Release|Win32
		{69FD5FC2-2996-4BA6-B468-68FFA5EF6B3F}.Release.Build.0 = Release|Win32
		{69FD5FC2-2996-4BA6-B468-68FFA5EF6B3F}.Tools Debug.ActiveCfg = Tools Debug|Win32
		{69FD5FC2-2996-4BA6-B468-68FFA5EF6B3F}.Tools Debug.Build.0 = Tools Debug|Win32
		{69FD5FC2-2996-4BA6-B468-68FFA5EF6B3F}.Tools Release.ActiveCfg = Tools Release|Win32
		{69FD5FC2-2996-4BA6-B468-68FFA5EF6B3F}.Tools Release.Build.0 = Tools Release|Win32
		{69FD5FC2-2996-4BA6-B468-68FFA5EF6B3F}.Tune.ActiveCfg = Tune|Win32
		{69FD5FC2-2996-4BA6-B468-68FFA5EF6B3F}.Tune.Build.0 = Tune|Win32
		{8210C86D-9664-4091-A392-AE6652AF6B45}.Debug.ActiveCfg = Debug|Win32
		{8210C86D-9664-4091-A392-AE6652AF6B45}.Debug.Build.0 = Debug|Win32
		{8210C86D-9664-4091-A392-AE6652AF6B45}.Release.ActiveCfg = Release|Win32
		{8210C86D-9664-4091-A392-AE6652AF6B45}.Release.Build.0 = Release|Win32
		{8210C86D-9664-4091-A392-AE6652AF6B45}.Tools Debug.ActiveCfg = Debug|Win32
		{8210C86D-9664-4091-A392-AE6652AF6B45}.Tools Debug.Build.0 = Debug|Win32
		{8210C86D-9664-4091-A392-AE6652AF6B45}.Tools Release.ActiveCfg = Release|Win32
		{8210C86D-9664-4091-A392-AE6652AF6B45}.Tools Release.Build.0 = Release|Win32
		{8210C86D-9664-4091-A392-AE6652AF6B45}.Tune.ActiveCfg = Debug|Win32
		{8210C86D-9664-4091-A392-AE6652AF6B45}.Tune.Build.0 = Debug|Win32
		{0D527703-F7B0-45D0-919D-2D7866FAFE28}.Debug.ActiveCfg = Debug|Win32
		{0D527703-F7B0-45D0-919D-2D7866FAFE28}.Debug.Build.0 = Debug|Win32
		{0D527703-F7B0-45D0-919D-2D7866FAFE28}.Release.ActiveCfg = Release|Win32
		{0D527703-F7B0-45D0-919D-2D7866FAFE28}.Release.Build.0 = Release|Win32
		{0D527703-F7B0-45D0-919D-2D7866FAFE28}.Tools Debug.ActiveCfg = Tools Debug|Win32
		{0D527703-F7B0-45D0-919D-2D7866FAFE28}.Tools Debug.Build.0 = Tools Debug|Win32
		{0D527703-F7B0-45D0-919D-2D7866FAFE28}.Tools Release.ActiveCfg = Tools Release|Win32
		{0D527703-F7B0-45D0-919D-2D7866FAFE28}.Tools Release.Build.0 = Tools Release|Win32
		{0D527703-F7B0-45D0-919D-2D7866FAFE28}.Tune.ActiveCfg = Tune|Win32
		{0D527703-F7B0-45D0-919D-2D7866FAFE28}.Tune.Build.0 = Tune|Win32
		{A94B2E20-817F-4C14-B1E1-4E2B06B6E07F}.Debug.ActiveCfg = Debug|Win32
		{A94B2E20-817F-4C14-B1E1-4E2B06B6E07F}.Debug.Build.0 = Debug|Win32
		{A94B2E20-817F-4C14-B1E1-4E2B06B6E07F}.Release.ActiveCfg = Release|Win32
		{A94B2E20-817F-4C14-B1E1-4E2B06B6E07F}.Release.Build.0 = Release|Win32
		{A94B2E20-817F-4C14-B1E1-4E2B06B6E07F}.Tools Debug.ActiveCfg = Debug|Win32
		{A94B2E20-817F-4C14-B1E1-4E2B06B6E07F}.Tools Debug.Build.0 = Debug|Win32
		{A94B2E20-817F-4C14-B1E1-4E2B06B6E07F}.Tools Release.ActiveCfg = Release|Win32
		{A94B2E20-817F-4C14-B1E1-4E2B06B6E07F}.Tools Release.Build.0 = Release|Win32
		{A94B2E20-817F-4C14-B1E1-4E2B06B6E07F}.Tune.ActiveCfg = Debug|Win32
		{A94B2E20-817F-4C14-B1E1-4E2B06B6E07F}.Tune.Build.0 = Debug|Win32
	EndGlobalSection
	GlobalSection(ExtensibilityGlobals) = postSolution
	EndGlobalSection
	GlobalSection(ExtensibilityAddIns) = postSolution
	EndGlobalSection
EndGlobal
