Microsoft Visual Studio Solution File, Format Version 7.00
Project("{8BC9CEB8-8B4A-11D0-8D11-00A0C91BC942}") = "RIDL", "RIDL.vcproj", "{5D0D3DE0-CC12-4B03-8490-9EFBB27E4EFA}"
EndProject
Global
	GlobalSection(SolutionConfiguration) = preSolution
		ConfigName.0 = Debug
		ConfigName.1 = Release
	EndGlobalSection
	GlobalSection(ProjectDependencies) = postSolution
	EndGlobalSection
	GlobalSection(ProjectConfiguration) = postSolution
		{5D0D3DE0-CC12-4B03-8490-9EFBB27E4EFA}.Debug.ActiveCfg = Debug|Win32
		{5D0D3DE0-CC12-4B03-8490-9EFBB27E4EFA}.Debug.Build.0 = Debug|Win32
		{5D0D3DE0-CC12-4B03-8490-9EFBB27E4EFA}.Release.ActiveCfg = Release|Win32
		{5D0D3DE0-CC12-4B03-8490-9EFBB27E4EFA}.Release.Build.0 = Release|Win32
	EndGlobalSection
	GlobalSection(ExtensibilityGlobals) = postSolution
	EndGlobalSection
	GlobalSection(ExtensibilityAddIns) = postSolution
	EndGlobalSection
EndGlobal
