Microsoft Visual Studio Solution File, Format Version 7.00
Project("{8BC9CEB8-8B4A-11D0-8D11-00A0C91BC942}") = "MemMonitor", "MemMonitor.vcproj", "{B9B20CAF-BF08-4C17-B326-3BBB6DF1B001}"
EndProject
Project("{8BC9CEB8-8B4A-11D0-8D11-00A0C91BC942}") = "PEAddr2LineLib", "..\PEAddr2Line\lib\PEAddr2LineLib.vcproj", "{CB2D2784-EF9A-4385-83C3-3807185D35C8}"
EndProject
Project("{8BC9CEB8-8B4A-11D0-8D11-00A0C91BC942}") = "radcore", "..\..\build\win32\radcore.vcproj", "{227456DC-A8C1-4ACD-BA8A-7584F9640A82}"
EndProject
Global
	GlobalSection(SourceCodeControl) = preSolution
		SccNumberOfProjects = 3
		SccProjectUniqueName0 = MemMonitor.vcproj
		SccProjectName0 = MemMonitor
		SccLocalPath0 = ..\\..\\..
		SccProvider0 = MSSCCI:Perforce\u0020SCM
		CanCheckoutShared = true
		SccProjectFilePathRelativizedFromConnection0 = radcore\\tools\\MemMonitor\\
		SccProjectUniqueName1 = ..\\PEAddr2Line\\lib\\PEAddr2LineLib.vcproj
		SccProjectName1 = PEAddr2LineLib
		SccLocalPath1 = ..\\PEAddr2Line\\lib
		SccProvider1 = MSSCCI:Perforce\u0020SCM
		CanCheckoutShared = true
		SccProjectUniqueName2 = ..\\..\\build\\win32\\radcore.vcproj
		SccProjectName2 = radcore
		SccLocalPath2 = ..\\..
		SccProvider2 = MSSCCI:Perforce\u0020SCM
		CanCheckoutShared = true
		SccProjectFilePathRelativizedFromConnection2 = build\\win32\\
	EndGlobalSection
	GlobalSection(SolutionConfiguration) = preSolution
		ConfigName.0 = Debug
		ConfigName.1 = Debug MFC Shared
		ConfigName.2 = Release
		ConfigName.3 = Release MFC Shared
		ConfigName.4 = Tune
		ConfigName.5 = Unicode Debug
		ConfigName.6 = Unicode Debug MFC Shared
		ConfigName.7 = Unicode Release
		ConfigName.8 = Unicode Release MFC Shared
	EndGlobalSection
	GlobalSection(ProjectDependencies) = postSolution
		{B9B20CAF-BF08-4C17-B326-3BBB6DF1B001}.0 = {227456DC-A8C1-4ACD-BA8A-7584F9640A82}
		{B9B20CAF-BF08-4C17-B326-3BBB6DF1B001}.1 = {CB2D2784-EF9A-4385-83C3-3807185D35C8}
	EndGlobalSection
	GlobalSection(ProjectConfiguration) = postSolution
		{B9B20CAF-BF08-4C17-B326-3BBB6DF1B001}.Debug.ActiveCfg = Debug|Win32
		{B9B20CAF-BF08-4C17-B326-3BBB6DF1B001}.Debug.Build.0 = Debug|Win32
		{B9B20CAF-BF08-4C17-B326-3BBB6DF1B001}.Debug MFC Shared.ActiveCfg = Debug|Win32
		{B9B20CAF-BF08-4C17-B326-3BBB6DF1B001}.Debug MFC Shared.Build.0 = Debug|Win32
		{B9B20CAF-BF08-4C17-B326-3BBB6DF1B001}.Release.ActiveCfg = Release|Win32
		{B9B20CAF-BF08-4C17-B326-3BBB6DF1B001}.Release.Build.0 = Release|Win32
		{B9B20CAF-BF08-4C17-B326-3BBB6DF1B001}.Release MFC Shared.ActiveCfg = Release|Win32
		{B9B20CAF-BF08-4C17-B326-3BBB6DF1B001}.Release MFC Shared.Build.0 = Release|Win32
		{B9B20CAF-BF08-4C17-B326-3BBB6DF1B001}.Tune.ActiveCfg = Tune|Win32
		{B9B20CAF-BF08-4C17-B326-3BBB6DF1B001}.Tune.Build.0 = Tune|Win32
		{B9B20CAF-BF08-4C17-B326-3BBB6DF1B001}.Unicode Debug.ActiveCfg = Debug|Win32
		{B9B20CAF-BF08-4C17-B326-3BBB6DF1B001}.Unicode Debug.Build.0 = Debug|Win32
		{B9B20CAF-BF08-4C17-B326-3BBB6DF1B001}.Unicode Debug MFC Shared.ActiveCfg = Debug|Win32
		{B9B20CAF-BF08-4C17-B326-3BBB6DF1B001}.Unicode Debug MFC Shared.Build.0 = Debug|Win32
		{B9B20CAF-BF08-4C17-B326-3BBB6DF1B001}.Unicode Release.ActiveCfg = Release|Win32
		{B9B20CAF-BF08-4C17-B326-3BBB6DF1B001}.Unicode Release.Build.0 = Release|Win32
		{B9B20CAF-BF08-4C17-B326-3BBB6DF1B001}.Unicode Release MFC Shared.ActiveCfg = Release|Win32
		{B9B20CAF-BF08-4C17-B326-3BBB6DF1B001}.Unicode Release MFC Shared.Build.0 = Release|Win32
		{CB2D2784-EF9A-4385-83C3-3807185D35C8}.Debug.ActiveCfg = Debug|Win32
		{CB2D2784-EF9A-4385-83C3-3807185D35C8}.Debug.Build.0 = Debug|Win32
		{CB2D2784-EF9A-4385-83C3-3807185D35C8}.Debug MFC Shared.ActiveCfg = Debug|Win32
		{CB2D2784-EF9A-4385-83C3-3807185D35C8}.Debug MFC Shared.Build.0 = Debug|Win32
		{CB2D2784-EF9A-4385-83C3-3807185D35C8}.Release.ActiveCfg = Release|Win32
		{CB2D2784-EF9A-4385-83C3-3807185D35C8}.Release.Build.0 = Release|Win32
		{CB2D2784-EF9A-4385-83C3-3807185D35C8}.Release MFC Shared.ActiveCfg = Release|Win32
		{CB2D2784-EF9A-4385-83C3-3807185D35C8}.Release MFC Shared.Build.0 = Release|Win32
		{CB2D2784-EF9A-4385-83C3-3807185D35C8}.Tune.ActiveCfg = Tune|Win32
		{CB2D2784-EF9A-4385-83C3-3807185D35C8}.Tune.Build.0 = Tune|Win32
		{CB2D2784-EF9A-4385-83C3-3807185D35C8}.Unicode Debug.ActiveCfg = Debug|Win32
		{CB2D2784-EF9A-4385-83C3-3807185D35C8}.Unicode Debug.Build.0 = Debug|Win32
		{CB2D2784-EF9A-4385-83C3-3807185D35C8}.Unicode Debug MFC Shared.ActiveCfg = Debug|Win32
		{CB2D2784-EF9A-4385-83C3-3807185D35C8}.Unicode Debug MFC Shared.Build.0 = Debug|Win32
		{CB2D2784-EF9A-4385-83C3-3807185D35C8}.Unicode Release.ActiveCfg = Release|Win32
		{CB2D2784-EF9A-4385-83C3-3807185D35C8}.Unicode Release.Build.0 = Release|Win32
		{CB2D2784-EF9A-4385-83C3-3807185D35C8}.Unicode Release MFC Shared.ActiveCfg = Release|Win32
		{CB2D2784-EF9A-4385-83C3-3807185D35C8}.Unicode Release MFC Shared.Build.0 = Release|Win32
		{227456DC-A8C1-4ACD-BA8A-7584F9640A82}.Debug.ActiveCfg = Debug|Win32
		{227456DC-A8C1-4ACD-BA8A-7584F9640A82}.Debug.Build.0 = Debug|Win32
		{227456DC-A8C1-4ACD-BA8A-7584F9640A82}.Debug MFC Shared.ActiveCfg = Debug|Win32
		{227456DC-A8C1-4ACD-BA8A-7584F9640A82}.Debug MFC Shared.Build.0 = Debug|Win32
		{227456DC-A8C1-4ACD-BA8A-7584F9640A82}.Release.ActiveCfg = Release|Win32
		{227456DC-A8C1-4ACD-BA8A-7584F9640A82}.Release.Build.0 = Release|Win32
		{227456DC-A8C1-4ACD-BA8A-7584F9640A82}.Release MFC Shared.ActiveCfg = Release|Win32
		{227456DC-A8C1-4ACD-BA8A-7584F9640A82}.Release MFC Shared.Build.0 = Release|Win32
		{227456DC-A8C1-4ACD-BA8A-7584F9640A82}.Tune.ActiveCfg = Tune|Win32
		{227456DC-A8C1-4ACD-BA8A-7584F9640A82}.Tune.Build.0 = Tune|Win32
		{227456DC-A8C1-4ACD-BA8A-7584F9640A82}.Unicode Debug.ActiveCfg = Debug|Win32
		{227456DC-A8C1-4ACD-BA8A-7584F9640A82}.Unicode Debug.Build.0 = Debug|Win32
		{227456DC-A8C1-4ACD-BA8A-7584F9640A82}.Unicode Debug MFC Shared.ActiveCfg = Debug|Win32
		{227456DC-A8C1-4ACD-BA8A-7584F9640A82}.Unicode Debug MFC Shared.Build.0 = Debug|Win32
		{227456DC-A8C1-4ACD-BA8A-7584F9640A82}.Unicode Release.ActiveCfg = Release|Win32
		{227456DC-A8C1-4ACD-BA8A-7584F9640A82}.Unicode Release.Build.0 = Release|Win32
		{227456DC-A8C1-4ACD-BA8A-7584F9640A82}.Unicode Release MFC Shared.ActiveCfg = Release|Win32
		{227456DC-A8C1-4ACD-BA8A-7584F9640A82}.Unicode Release MFC Shared.Build.0 = Release|Win32
	EndGlobalSection
	GlobalSection(ExtensibilityGlobals) = postSolution
	EndGlobalSection
	GlobalSection(ExtensibilityAddIns) = postSolution
	EndGlobalSection
EndGlobal
