Microsoft Visual Studio Solution File, Format Version 7.00
Project("{8BC9CEB8-8B4A-11D0-8D11-00A0C91BC942}") = "radcoreapi", "radcoreapi.vcproj", "{83583D86-9060-4387-BE99-631C52909EE3}"
EndProject
Project("{8BC9CEB8-8B4A-11D0-8D11-00A0C91BC942}") = "radcore", "..\..\build\win32\radcore.vcproj", "{FC6CD23E-B1CC-4191-90FC-2CFBC0629805}"
EndProject
Global
	GlobalSection(SourceCodeControl) = preSolution
		SccNumberOfProjects = 1
		SccProjectUniqueName0 = ..\\..\\build\\win32\\radcore.vcproj
		SccProjectName0 = radcore
		SccLocalPath0 = ..\\..
		SccProvider0 = MSSCCI:Perforce\u0020SCM
		CanCheckoutShared = true
		SccProjectFilePathRelativizedFromConnection0 = build\\win32\\
	EndGlobalSection
	GlobalSection(SolutionConfiguration) = preSolution
		ConfigName.0 = Debug
		ConfigName.1 = Release
		ConfigName.2 = Tune
	EndGlobalSection
	GlobalSection(ProjectDependencies) = postSolution
		{83583D86-9060-4387-BE99-631C52909EE3}.0 = {FC6CD23E-B1CC-4191-90FC-2CFBC0629805}
	EndGlobalSection
	GlobalSection(ProjectConfiguration) = postSolution
		{83583D86-9060-4387-BE99-631C52909EE3}.Debug.ActiveCfg = Debug|Win32
		{83583D86-9060-4387-BE99-631C52909EE3}.Debug.Build.0 = Debug|Win32
		{83583D86-9060-4387-BE99-631C52909EE3}.Release.ActiveCfg = Release|Win32
		{83583D86-9060-4387-BE99-631C52909EE3}.Release.Build.0 = Release|Win32
		{83583D86-9060-4387-BE99-631C52909EE3}.Tune.ActiveCfg = Tune|Win32
		{83583D86-9060-4387-BE99-631C52909EE3}.Tune.Build.0 = Tune|Win32
		{FC6CD23E-B1CC-4191-90FC-2CFBC0629805}.Debug.ActiveCfg = Debug|Win32
		{FC6CD23E-B1CC-4191-90FC-2CFBC0629805}.Debug.Build.0 = Debug|Win32
		{FC6CD23E-B1CC-4191-90FC-2CFBC0629805}.Release.ActiveCfg = Release|Win32
		{FC6CD23E-B1CC-4191-90FC-2CFBC0629805}.Release.Build.0 = Release|Win32
		{FC6CD23E-B1CC-4191-90FC-2CFBC0629805}.Tune.ActiveCfg = Tune|Win32
		{FC6CD23E-B1CC-4191-90FC-2CFBC0629805}.Tune.Build.0 = Tune|Win32
	EndGlobalSection
	GlobalSection(ExtensibilityGlobals) = postSolution
	EndGlobalSection
	GlobalSection(ExtensibilityAddIns) = postSolution
	EndGlobalSection
EndGlobal
