Microsoft Visual Studio Solution File, Format Version 7.00
Project("{8BC9CEB8-8B4A-11D0-8D11-00A0C91BC942}") = "TargetEditor", "TargetEditor.vcproj", "{67EEA6B0-5A88-479F-BC38-C398E5D62065}"
EndProject
Project("{8BC9CEB8-8B4A-11D0-8D11-00A0C91BC942}") = "radcore", "..\..\build\win32\radcore.vcproj", "{BA79D371-6C00-42B2-8DA1-D002C2500843}"
EndProject
Global
	GlobalSection(SolutionConfiguration) = preSolution
		ConfigName.0 = Debug
		ConfigName.1 = Release
		ConfigName.2 = Tune
	EndGlobalSection
	GlobalSection(ProjectDependencies) = postSolution
		{67EEA6B0-5A88-479F-BC38-C398E5D62065}.0 = {BA79D371-6C00-42B2-8DA1-D002C2500843}
	EndGlobalSection
	GlobalSection(ProjectConfiguration) = postSolution
		{67EEA6B0-5A88-479F-BC38-C398E5D62065}.Debug.ActiveCfg = Debug|Win32
		{67EEA6B0-5A88-479F-BC38-C398E5D62065}.Debug.Build.0 = Debug|Win32
		{67EEA6B0-5A88-479F-BC38-C398E5D62065}.Release.ActiveCfg = Release|Win32
		{67EEA6B0-5A88-479F-BC38-C398E5D62065}.Release.Build.0 = Release|Win32
		{67EEA6B0-5A88-479F-BC38-C398E5D62065}.Tune.ActiveCfg = Release|Win32
		{67EEA6B0-5A88-479F-BC38-C398E5D62065}.Tune.Build.0 = Release|Win32
		{BA79D371-6C00-42B2-8DA1-D002C2500843}.Debug.ActiveCfg = Debug|Win32
		{BA79D371-6C00-42B2-8DA1-D002C2500843}.Debug.Build.0 = Debug|Win32
		{BA79D371-6C00-42B2-8DA1-D002C2500843}.Release.ActiveCfg = Release|Win32
		{BA79D371-6C00-42B2-8DA1-D002C2500843}.Release.Build.0 = Release|Win32
		{BA79D371-6C00-42B2-8DA1-D002C2500843}.Tune.ActiveCfg = Tune|Win32
		{BA79D371-6C00-42B2-8DA1-D002C2500843}.Tune.Build.0 = Tune|Win32
	EndGlobalSection
	GlobalSection(ExtensibilityGlobals) = postSolution
	EndGlobalSection
	GlobalSection(ExtensibilityAddIns) = postSolution
	EndGlobalSection
EndGlobal
