<?xml version="1.0" encoding="utf-8"?>
<Project ToolsVersion="4.0" xmlns="http://schemas.microsoft.com/developer/msbuild/2003">
  <ItemGroup>
    <Filter Include="Source">
      <UniqueIdentifier>{2a7affbb-c8cf-4064-bf61-4c86fd745720}</UniqueIdentifier>
      <Extensions>*.cpp, *.c</Extensions>
    </Filter>
    <Filter Include="Include">
      <UniqueIdentifier>{b6f26369-02d3-4e6c-8054-801c0c5e94ea}</UniqueIdentifier>
      <Extensions>*.hpp, *.h</Extensions>
    </Filter>
  </ItemGroup>
  <ItemGroup>
    <ClCompile Include="Param.cpp">
      <Filter>Source</Filter>
    </ClCompile>
    <ClCompile Include="main.cpp">
      <Filter>Source</Filter>
    </ClCompile>
    <ClCompile Include="version.cpp">
      <Filter>Source</Filter>
    </ClCompile>
  </ItemGroup>
  <ItemGroup>
    <ClInclude Include="Param.hpp">
      <Filter>Include</Filter>
    </ClInclude>
    <ClInclude Include="version.hpp">
      <Filter>Include</Filter>
    </ClInclude>
  </ItemGroup>
  <ItemGroup>
    <CustomBuild Include="p3dimage.sc" />
  </ItemGroup>
</Project>